
Microsoft Visual Studio Solution File, Format Version 12.00
# Visual Studio 14
VisualStudioVersion = 14.0.25420.1
MinimumVisualStudioVersion = 10.0.40219.1
Project("{FAE04EC0-301F-11D3-BF4B-00C04F79EFBC}") = "HandBrake.ApplicationServices", "HandBrake.ApplicationServices\HandBrake.ApplicationServices.csproj", "{087A2BA8-BAC2-4577-A46F-07FF9D420016}"
EndProject
Project("{FAE04EC0-301F-11D3-BF4B-00C04F79EFBC}") = "HandBrakeWPF", "HandBrakeWPF\HandBrakeWPF.csproj", "{DADE66CB-0E12-4959-ADE5-0ACD31D27C59}"
EndProject
Project("{2150E333-8FDC-42A3-9474-1A3956D46DE8}") = "Solution Items", "Solution Items", "{5CB7BC74-449C-4E95-98AB-E1E4387E514B}"
	ProjectSection(SolutionItems) = preProject
		build.xml = build.xml
		portable.ini = portable.ini
	EndProjectSection
EndProject
Project("{FAE04EC0-301F-11D3-BF4B-00C04F79EFBC}") = "HandBrakeTools", "HandBrakeTools\HandBrakeTools.csproj", "{3BAEBAC7-9042-4863-876F-C550ADCA66DC}"
EndProject
Global
	GlobalSection(SolutionConfigurationPlatforms) = preSolution
		Debug|Any CPU = Debug|Any CPU
		Debug|ARM = Debug|ARM
		Debug|x64 = Debug|x64
		Debug|x86 = Debug|x86
		Release|Any CPU = Release|Any CPU
		Release|ARM = Release|ARM
		Release|x64 = Release|x64
		Release|x86 = Release|x86
	EndGlobalSection
	GlobalSection(ProjectConfigurationPlatforms) = postSolution
		{087A2BA8-BAC2-4577-A46F-07FF9D420016}.Debug|Any CPU.ActiveCfg = Debug|x86
		{087A2BA8-BAC2-4577-A46F-07FF9D420016}.Debug|ARM.ActiveCfg = Debug|x86
		{087A2BA8-BAC2-4577-A46F-07FF9D420016}.Debug|x64.ActiveCfg = Debug|x64
		{087A2BA8-BAC2-4577-A46F-07FF9D420016}.Debug|x64.Build.0 = Debug|x64
		{087A2BA8-BAC2-4577-A46F-07FF9D420016}.Debug|x86.ActiveCfg = Debug|x86
		{087A2BA8-BAC2-4577-A46F-07FF9D420016}.Debug|x86.Build.0 = Debug|x86
		{087A2BA8-BAC2-4577-A46F-07FF9D420016}.Release|Any CPU.ActiveCfg = Release|x86
		{087A2BA8-BAC2-4577-A46F-07FF9D420016}.Release|ARM.ActiveCfg = Release|x86
		{087A2BA8-BAC2-4577-A46F-07FF9D420016}.Release|x64.ActiveCfg = Release|x64
		{087A2BA8-BAC2-4577-A46F-07FF9D420016}.Release|x64.Build.0 = Release|x64
		{087A2BA8-BAC2-4577-A46F-07FF9D420016}.Release|x86.ActiveCfg = Release|x86
		{087A2BA8-BAC2-4577-A46F-07FF9D420016}.Release|x86.Build.0 = Release|x86
		{DADE66CB-0E12-4959-ADE5-0ACD31D27C59}.Debug|Any CPU.ActiveCfg = Debug|x86
		{DADE66CB-0E12-4959-ADE5-0ACD31D27C59}.Debug|ARM.ActiveCfg = Debug|x86
		{DADE66CB-0E12-4959-ADE5-0ACD31D27C59}.Debug|x64.ActiveCfg = Debug|x64
		{DADE66CB-0E12-4959-ADE5-0ACD31D27C59}.Debug|x64.Build.0 = Debug|x64
		{DADE66CB-0E12-4959-ADE5-0ACD31D27C59}.Debug|x86.ActiveCfg = Debug|x86
		{DADE66CB-0E12-4959-ADE5-0ACD31D27C59}.Debug|x86.Build.0 = Debug|x86
		{DADE66CB-0E12-4959-ADE5-0ACD31D27C59}.Release|Any CPU.ActiveCfg = Release|x86
		{DADE66CB-0E12-4959-ADE5-0ACD31D27C59}.Release|ARM.ActiveCfg = Release|x86
		{DADE66CB-0E12-4959-ADE5-0ACD31D27C59}.Release|x64.ActiveCfg = Release|x64
		{DADE66CB-0E12-4959-ADE5-0ACD31D27C59}.Release|x64.Build.0 = Release|x64
		{DADE66CB-0E12-4959-ADE5-0ACD31D27C59}.Release|x86.ActiveCfg = Release|x86
		{DADE66CB-0E12-4959-ADE5-0ACD31D27C59}.Release|x86.Build.0 = Release|x86
		{3BAEBAC7-9042-4863-876F-C550ADCA66DC}.Debug|Any CPU.ActiveCfg = Debug|Any CPU
		{3BAEBAC7-9042-4863-876F-C550ADCA66DC}.Debug|Any CPU.Build.0 = Debug|Any CPU
		{3BAEBAC7-9042-4863-876F-C550ADCA66DC}.Debug|ARM.ActiveCfg = Debug|Any CPU
		{3BAEBAC7-9042-4863-876F-C550ADCA66DC}.Debug|ARM.Build.0 = Debug|Any CPU
		{3BAEBAC7-9042-4863-876F-C550ADCA66DC}.Debug|x64.ActiveCfg = Debug|Any CPU
		{3BAEBAC7-9042-4863-876F-C550ADCA66DC}.Debug|x64.Build.0 = Debug|Any CPU
		{3BAEBAC7-9042-4863-876F-C550ADCA66DC}.Debug|x86.ActiveCfg = Debug|Any CPU
		{3BAEBAC7-9042-4863-876F-C550ADCA66DC}.Debug|x86.Build.0 = Debug|Any CPU
		{3BAEBAC7-9042-4863-876F-C550ADCA66DC}.Release|Any CPU.ActiveCfg = Release|Any CPU
		{3BAEBAC7-9042-4863-876F-C550ADCA66DC}.Release|Any CPU.Build.0 = Release|Any CPU
		{3BAEBAC7-9042-4863-876F-C550ADCA66DC}.Release|ARM.ActiveCfg = Release|Any CPU
		{3BAEBAC7-9042-4863-876F-C550ADCA66DC}.Release|ARM.Build.0 = Release|Any CPU
		{3BAEBAC7-9042-4863-876F-C550ADCA66DC}.Release|x64.ActiveCfg = Release|Any CPU
		{3BAEBAC7-9042-4863-876F-C550ADCA66DC}.Release|x64.Build.0 = Release|Any CPU
		{3BAEBAC7-9042-4863-876F-C550ADCA66DC}.Release|x86.ActiveCfg = Release|Any CPU
		{3BAEBAC7-9042-4863-876F-C550ADCA66DC}.Release|x86.Build.0 = Release|Any CPU
	EndGlobalSection
	GlobalSection(SolutionProperties) = preSolution
		HideSolutionNode = FALSE
	EndGlobalSection
EndGlobal
