
Microsoft Visual Studio Solution File, Format Version 12.00
# Visual Studio Version 16
VisualStudioVersion = 16.0.28803.352
MinimumVisualStudioVersion = 10.0.40219.1
Project("{2150E333-8FDC-42A3-9474-1A3956D46DE8}") = "Solution Items", "Solution Items", "{5CB7BC74-449C-4E95-98AB-E1E4387E514B}"
	ProjectSection(SolutionItems) = preProject
		.editorconfig = .editorconfig
		build.xml = build.xml
	EndProjectSection
EndProject
Project("{FAE04EC0-301F-11D3-BF4B-00C04F79EFBC}") = "HandBrakeTools", "HandBrakeTools\HandBrakeTools.csproj", "{3BAEBAC7-9042-4863-876F-C550ADCA66DC}"
EndProject
Project("{FAE04EC0-301F-11D3-BF4B-00C04F79EFBC}") = "HandBrake.Worker", "HandBrake.Worker\HandBrake.Worker.csproj", "{F8370F37-B226-4830-AEE7-6D7AE403E3D2}"
EndProject
Project("{9A19103F-16F7-4668-BE54-9A1E7A4F7556}") = "HandBrake.Interop", "HandBrake.Interop\HandBrake.Interop.csproj", "{ED5C8D53-0988-4CEB-934A-6B1D840C6335}"
EndProject
Project("{9A19103F-16F7-4668-BE54-9A1E7A4F7556}") = "HandBrakeWPF", "HandBrakeWPF\HandBrakeWPF.csproj", "{C3A8A5D8-2793-42FD-ADC5-9A296F1C4335}"
EndProject
Global
	GlobalSection(SolutionConfigurationPlatforms) = preSolution
		Debug|x64 = Debug|x64
		Release|x64 = Release|x64
	EndGlobalSection
	GlobalSection(ProjectConfigurationPlatforms) = postSolution
		{3BAEBAC7-9042-4863-876F-C550ADCA66DC}.Debug|x64.ActiveCfg = Debug|Any CPU
		{3BAEBAC7-9042-4863-876F-C550ADCA66DC}.Release|x64.ActiveCfg = Release|Any CPU
		{F8370F37-B226-4830-AEE7-6D7AE403E3D2}.Debug|x64.ActiveCfg = Debug|x64
		{F8370F37-B226-4830-AEE7-6D7AE403E3D2}.Release|x64.ActiveCfg = Release|x64
		{ED5C8D53-0988-4CEB-934A-6B1D840C6335}.Debug|x64.ActiveCfg = Debug|x64
		{ED5C8D53-0988-4CEB-934A-6B1D840C6335}.Debug|x64.Build.0 = Debug|x64
		{ED5C8D53-0988-4CEB-934A-6B1D840C6335}.Release|x64.ActiveCfg = Release|x64
		{ED5C8D53-0988-4CEB-934A-6B1D840C6335}.Release|x64.Build.0 = Release|x64
		{C3A8A5D8-2793-42FD-ADC5-9A296F1C4335}.Debug|x64.ActiveCfg = Debug|x64
		{C3A8A5D8-2793-42FD-ADC5-9A296F1C4335}.Debug|x64.Build.0 = Debug|x64
		{C3A8A5D8-2793-42FD-ADC5-9A296F1C4335}.Release|x64.ActiveCfg = Release|x64
		{C3A8A5D8-2793-42FD-ADC5-9A296F1C4335}.Release|x64.Build.0 = Release|x64
	EndGlobalSection
	GlobalSection(SolutionProperties) = preSolution
		HideSolutionNode = FALSE
	EndGlobalSection
	GlobalSection(ExtensibilityGlobals) = postSolution
		SolutionGuid = {F2A9851D-E91D-41D4-9C3C-636A61503FCB}
	EndGlobalSection
EndGlobal
