{
  "originHash" : "06b28d3c146785d8a568d023d94ecf24b972ddb0e4f636eeb5114a9b0850b95a",
  "pins" : [
    {
      "identity" : "sparkle",
      "kind" : "remoteSourceControl",
      "location" : "https://github.com/HandBrake/Sparkle",
      "state" : {
        "revision" : "ace964d9baf9333179d44977de4f75adf003b5d4",
        "version" : "2.7.1-handbrake"
      }
    }
  ],
  "version" : 3
}
