{
  "object": {
    "pins": [
      {
        "package": "Sparkle",
        "repositoryURL": "https://github.com/sparkle-project/Sparkle",
        "state": {
          "branch": null,
          "revision": "286edd1fa22505a9e54d170e9fd07d775ea233f2",
          "version": "2.1.0"
        }
      }
    ]
  },
  "version": 1
}
