{
  "pins" : [
    {
      "identity" : "sparkle",
      "kind" : "remoteSourceControl",
      "location" : "https://github.com/HandBrake/Sparkle",
      "state" : {
        "revision" : "051133b6b234eb03f7e3e89718befa80b2b8bb9c",
        "version" : "2.6.1-handbrake"
      }
    }
  ],
  "version" : 2
}
