
Microsoft Visual Studio Solution File, Format Version 11.00
# Visual Studio 2010
Project("{FAE04EC0-301F-11D3-BF4B-00C04F79EFBC}") = "HandBrakeCS", "HandBrakeCS.csproj", "{A2923D42-C38B-4B12-8CBA-B8D93D6B13A3}"
EndProject
Project("{FAE04EC0-301F-11D3-BF4B-00C04F79EFBC}") = "HandBrake.ApplicationServices", "HandBrake.ApplicationServices\HandBrake.ApplicationServices.csproj", "{087A2BA8-BAC2-4577-A46F-07FF9D420016}"
EndProject
Project("{FAE04EC0-301F-11D3-BF4B-00C04F79EFBC}") = "HandBrakeWPF", "HandBrakeWPF\HandBrakeWPF.csproj", "{DADE66CB-0E12-4959-ADE5-0ACD31D27C59}"
EndProject
Project("{FAE04EC0-301F-11D3-BF4B-00C04F79EFBC}") = "HandBrakeInterop", "HandBrake.Interop\HandBrakeInterop\HandBrakeInterop.csproj", "{F0A61F62-2C3B-4A87-AFF4-0C4256253DA1}"
EndProject
Project("{2150E333-8FDC-42A3-9474-1A3956D46DE8}") = "Solution Items", "Solution Items", "{5CB7BC74-449C-4E95-98AB-E1E4387E514B}"
	ProjectSection(SolutionItems) = preProject
		build.xml = build.xml
	EndProjectSection
EndProject
Global
	GlobalSection(SolutionConfigurationPlatforms) = preSolution
		Debug|Any CPU = Debug|Any CPU
		Debug|Mixed Platforms = Debug|Mixed Platforms
		Debug|x64 = Debug|x64
		Debug|x86 = Debug|x86
		Install|Any CPU = Install|Any CPU
		Install|Mixed Platforms = Install|Mixed Platforms
		Install|x64 = Install|x64
		Install|x86 = Install|x86
		NightlyBuild|Any CPU = NightlyBuild|Any CPU
		NightlyBuild|Mixed Platforms = NightlyBuild|Mixed Platforms
		NightlyBuild|x64 = NightlyBuild|x64
		NightlyBuild|x86 = NightlyBuild|x86
		Release|Any CPU = Release|Any CPU
		Release|Mixed Platforms = Release|Mixed Platforms
		Release|x64 = Release|x64
		Release|x86 = Release|x86
	EndGlobalSection
	GlobalSection(ProjectConfigurationPlatforms) = postSolution
		{A2923D42-C38B-4B12-8CBA-B8D93D6B13A3}.Debug|Any CPU.ActiveCfg = Debug|x86
		{A2923D42-C38B-4B12-8CBA-B8D93D6B13A3}.Debug|Any CPU.Build.0 = Debug|x86
		{A2923D42-C38B-4B12-8CBA-B8D93D6B13A3}.Debug|Mixed Platforms.ActiveCfg = Debug|x86
		{A2923D42-C38B-4B12-8CBA-B8D93D6B13A3}.Debug|Mixed Platforms.Build.0 = Debug|x86
		{A2923D42-C38B-4B12-8CBA-B8D93D6B13A3}.Debug|x64.ActiveCfg = Debug|x86
		{A2923D42-C38B-4B12-8CBA-B8D93D6B13A3}.Debug|x86.ActiveCfg = Debug|x86
		{A2923D42-C38B-4B12-8CBA-B8D93D6B13A3}.Debug|x86.Build.0 = Debug|x86
		{A2923D42-C38B-4B12-8CBA-B8D93D6B13A3}.Install|Any CPU.ActiveCfg = Install|x64
		{A2923D42-C38B-4B12-8CBA-B8D93D6B13A3}.Install|Mixed Platforms.ActiveCfg = Install|x86
		{A2923D42-C38B-4B12-8CBA-B8D93D6B13A3}.Install|Mixed Platforms.Build.0 = Install|x86
		{A2923D42-C38B-4B12-8CBA-B8D93D6B13A3}.Install|x64.ActiveCfg = Install|x86
		{A2923D42-C38B-4B12-8CBA-B8D93D6B13A3}.Install|x86.ActiveCfg = Install|x86
		{A2923D42-C38B-4B12-8CBA-B8D93D6B13A3}.Install|x86.Build.0 = Install|x86
		{A2923D42-C38B-4B12-8CBA-B8D93D6B13A3}.NightlyBuild|Any CPU.ActiveCfg = NightlyBuild|x64
		{A2923D42-C38B-4B12-8CBA-B8D93D6B13A3}.NightlyBuild|Mixed Platforms.ActiveCfg = NightlyBuild|x86
		{A2923D42-C38B-4B12-8CBA-B8D93D6B13A3}.NightlyBuild|Mixed Platforms.Build.0 = NightlyBuild|x86
		{A2923D42-C38B-4B12-8CBA-B8D93D6B13A3}.NightlyBuild|x64.ActiveCfg = NightlyBuild|x86
		{A2923D42-C38B-4B12-8CBA-B8D93D6B13A3}.NightlyBuild|x86.ActiveCfg = NightlyBuild|x86
		{A2923D42-C38B-4B12-8CBA-B8D93D6B13A3}.NightlyBuild|x86.Build.0 = NightlyBuild|x86
		{A2923D42-C38B-4B12-8CBA-B8D93D6B13A3}.Release|Any CPU.ActiveCfg = Release|x64
		{A2923D42-C38B-4B12-8CBA-B8D93D6B13A3}.Release|Mixed Platforms.ActiveCfg = Release|x86
		{A2923D42-C38B-4B12-8CBA-B8D93D6B13A3}.Release|Mixed Platforms.Build.0 = Release|x86
		{A2923D42-C38B-4B12-8CBA-B8D93D6B13A3}.Release|x64.ActiveCfg = Release|x86
		{A2923D42-C38B-4B12-8CBA-B8D93D6B13A3}.Release|x86.ActiveCfg = Release|x86
		{A2923D42-C38B-4B12-8CBA-B8D93D6B13A3}.Release|x86.Build.0 = Release|x86
		{087A2BA8-BAC2-4577-A46F-07FF9D420016}.Debug|Any CPU.ActiveCfg = Debug|x64
		{087A2BA8-BAC2-4577-A46F-07FF9D420016}.Debug|Mixed Platforms.ActiveCfg = Debug|x86
		{087A2BA8-BAC2-4577-A46F-07FF9D420016}.Debug|Mixed Platforms.Build.0 = Debug|x86
		{087A2BA8-BAC2-4577-A46F-07FF9D420016}.Debug|x64.ActiveCfg = Debug|x64
		{087A2BA8-BAC2-4577-A46F-07FF9D420016}.Debug|x64.Build.0 = Debug|x64
		{087A2BA8-BAC2-4577-A46F-07FF9D420016}.Debug|x86.ActiveCfg = Debug|x86
		{087A2BA8-BAC2-4577-A46F-07FF9D420016}.Debug|x86.Build.0 = Debug|x86
		{087A2BA8-BAC2-4577-A46F-07FF9D420016}.Install|Any CPU.ActiveCfg = NightlyBuild|x64
		{087A2BA8-BAC2-4577-A46F-07FF9D420016}.Install|Mixed Platforms.ActiveCfg = NightlyBuild|x86
		{087A2BA8-BAC2-4577-A46F-07FF9D420016}.Install|Mixed Platforms.Build.0 = NightlyBuild|x86
		{087A2BA8-BAC2-4577-A46F-07FF9D420016}.Install|x64.ActiveCfg = NightlyBuild|x64
		{087A2BA8-BAC2-4577-A46F-07FF9D420016}.Install|x64.Build.0 = NightlyBuild|x64
		{087A2BA8-BAC2-4577-A46F-07FF9D420016}.Install|x86.ActiveCfg = Release|x64
		{087A2BA8-BAC2-4577-A46F-07FF9D420016}.NightlyBuild|Any CPU.ActiveCfg = NightlyBuild|x64
		{087A2BA8-BAC2-4577-A46F-07FF9D420016}.NightlyBuild|Mixed Platforms.ActiveCfg = NightlyBuild|x86
		{087A2BA8-BAC2-4577-A46F-07FF9D420016}.NightlyBuild|Mixed Platforms.Build.0 = NightlyBuild|x86
		{087A2BA8-BAC2-4577-A46F-07FF9D420016}.NightlyBuild|x64.ActiveCfg = NightlyBuild|x64
		{087A2BA8-BAC2-4577-A46F-07FF9D420016}.NightlyBuild|x64.Build.0 = NightlyBuild|x64
		{087A2BA8-BAC2-4577-A46F-07FF9D420016}.NightlyBuild|x86.ActiveCfg = NightlyBuild|x86
		{087A2BA8-BAC2-4577-A46F-07FF9D420016}.NightlyBuild|x86.Build.0 = NightlyBuild|x86
		{087A2BA8-BAC2-4577-A46F-07FF9D420016}.Release|Any CPU.ActiveCfg = Release|x64
		{087A2BA8-BAC2-4577-A46F-07FF9D420016}.Release|Mixed Platforms.ActiveCfg = Release|x86
		{087A2BA8-BAC2-4577-A46F-07FF9D420016}.Release|Mixed Platforms.Build.0 = Release|x86
		{087A2BA8-BAC2-4577-A46F-07FF9D420016}.Release|x64.ActiveCfg = Release|x64
		{087A2BA8-BAC2-4577-A46F-07FF9D420016}.Release|x64.Build.0 = Release|x64
		{087A2BA8-BAC2-4577-A46F-07FF9D420016}.Release|x86.ActiveCfg = Release|x86
		{087A2BA8-BAC2-4577-A46F-07FF9D420016}.Release|x86.Build.0 = Release|x86
		{DADE66CB-0E12-4959-ADE5-0ACD31D27C59}.Debug|Any CPU.ActiveCfg = Debug|x86
		{DADE66CB-0E12-4959-ADE5-0ACD31D27C59}.Debug|Mixed Platforms.ActiveCfg = Debug|x86
		{DADE66CB-0E12-4959-ADE5-0ACD31D27C59}.Debug|Mixed Platforms.Build.0 = Debug|x86
		{DADE66CB-0E12-4959-ADE5-0ACD31D27C59}.Debug|x64.ActiveCfg = Debug|x86
		{DADE66CB-0E12-4959-ADE5-0ACD31D27C59}.Debug|x86.ActiveCfg = Debug|x86
		{DADE66CB-0E12-4959-ADE5-0ACD31D27C59}.Debug|x86.Build.0 = Debug|x86
		{DADE66CB-0E12-4959-ADE5-0ACD31D27C59}.Install|Any CPU.ActiveCfg = Release|x86
		{DADE66CB-0E12-4959-ADE5-0ACD31D27C59}.Install|Mixed Platforms.ActiveCfg = Release|x86
		{DADE66CB-0E12-4959-ADE5-0ACD31D27C59}.Install|Mixed Platforms.Build.0 = Release|x86
		{DADE66CB-0E12-4959-ADE5-0ACD31D27C59}.Install|x64.ActiveCfg = Release|x86
		{DADE66CB-0E12-4959-ADE5-0ACD31D27C59}.Install|x86.ActiveCfg = Release|x86
		{DADE66CB-0E12-4959-ADE5-0ACD31D27C59}.Install|x86.Build.0 = Release|x86
		{DADE66CB-0E12-4959-ADE5-0ACD31D27C59}.NightlyBuild|Any CPU.ActiveCfg = Release|x86
		{DADE66CB-0E12-4959-ADE5-0ACD31D27C59}.NightlyBuild|Mixed Platforms.ActiveCfg = Release|x86
		{DADE66CB-0E12-4959-ADE5-0ACD31D27C59}.NightlyBuild|Mixed Platforms.Build.0 = Release|x86
		{DADE66CB-0E12-4959-ADE5-0ACD31D27C59}.NightlyBuild|x64.ActiveCfg = Release|x86
		{DADE66CB-0E12-4959-ADE5-0ACD31D27C59}.NightlyBuild|x86.ActiveCfg = Release|x86
		{DADE66CB-0E12-4959-ADE5-0ACD31D27C59}.NightlyBuild|x86.Build.0 = Release|x86
		{DADE66CB-0E12-4959-ADE5-0ACD31D27C59}.Release|Any CPU.ActiveCfg = Release|x86
		{DADE66CB-0E12-4959-ADE5-0ACD31D27C59}.Release|Mixed Platforms.ActiveCfg = Release|x86
		{DADE66CB-0E12-4959-ADE5-0ACD31D27C59}.Release|Mixed Platforms.Build.0 = Release|x86
		{DADE66CB-0E12-4959-ADE5-0ACD31D27C59}.Release|x64.ActiveCfg = Release|x86
		{DADE66CB-0E12-4959-ADE5-0ACD31D27C59}.Release|x86.ActiveCfg = Release|x86
		{DADE66CB-0E12-4959-ADE5-0ACD31D27C59}.Release|x86.Build.0 = Release|x86
		{F0A61F62-2C3B-4A87-AFF4-0C4256253DA1}.Debug|Any CPU.ActiveCfg = Debug|x86
		{F0A61F62-2C3B-4A87-AFF4-0C4256253DA1}.Debug|Mixed Platforms.ActiveCfg = Debug|x86
		{F0A61F62-2C3B-4A87-AFF4-0C4256253DA1}.Debug|Mixed Platforms.Build.0 = Debug|x86
		{F0A61F62-2C3B-4A87-AFF4-0C4256253DA1}.Debug|x64.ActiveCfg = Debug|x64
		{F0A61F62-2C3B-4A87-AFF4-0C4256253DA1}.Debug|x64.Build.0 = Debug|x64
		{F0A61F62-2C3B-4A87-AFF4-0C4256253DA1}.Debug|x86.ActiveCfg = Debug|x86
		{F0A61F62-2C3B-4A87-AFF4-0C4256253DA1}.Debug|x86.Build.0 = Debug|x86
		{F0A61F62-2C3B-4A87-AFF4-0C4256253DA1}.Install|Any CPU.ActiveCfg = Release|x86
		{F0A61F62-2C3B-4A87-AFF4-0C4256253DA1}.Install|Mixed Platforms.ActiveCfg = Release|x86
		{F0A61F62-2C3B-4A87-AFF4-0C4256253DA1}.Install|Mixed Platforms.Build.0 = Release|x86
		{F0A61F62-2C3B-4A87-AFF4-0C4256253DA1}.Install|x64.ActiveCfg = Release|x86
		{F0A61F62-2C3B-4A87-AFF4-0C4256253DA1}.Install|x86.ActiveCfg = Release|x86
		{F0A61F62-2C3B-4A87-AFF4-0C4256253DA1}.Install|x86.Build.0 = Release|x86
		{F0A61F62-2C3B-4A87-AFF4-0C4256253DA1}.NightlyBuild|Any CPU.ActiveCfg = Release|x86
		{F0A61F62-2C3B-4A87-AFF4-0C4256253DA1}.NightlyBuild|Mixed Platforms.ActiveCfg = NightlyBuild|x86
		{F0A61F62-2C3B-4A87-AFF4-0C4256253DA1}.NightlyBuild|Mixed Platforms.Build.0 = NightlyBuild|x86
		{F0A61F62-2C3B-4A87-AFF4-0C4256253DA1}.NightlyBuild|x64.ActiveCfg = Release|x86
		{F0A61F62-2C3B-4A87-AFF4-0C4256253DA1}.NightlyBuild|x86.ActiveCfg = NightlyBuild|x86
		{F0A61F62-2C3B-4A87-AFF4-0C4256253DA1}.NightlyBuild|x86.Build.0 = NightlyBuild|x86
		{F0A61F62-2C3B-4A87-AFF4-0C4256253DA1}.Release|Any CPU.ActiveCfg = Release|x86
		{F0A61F62-2C3B-4A87-AFF4-0C4256253DA1}.Release|Mixed Platforms.ActiveCfg = Release|x86
		{F0A61F62-2C3B-4A87-AFF4-0C4256253DA1}.Release|Mixed Platforms.Build.0 = Release|x86
		{F0A61F62-2C3B-4A87-AFF4-0C4256253DA1}.Release|x64.ActiveCfg = Release|x64
		{F0A61F62-2C3B-4A87-AFF4-0C4256253DA1}.Release|x64.Build.0 = Release|x64
		{F0A61F62-2C3B-4A87-AFF4-0C4256253DA1}.Release|x86.ActiveCfg = Release|x86
		{F0A61F62-2C3B-4A87-AFF4-0C4256253DA1}.Release|x86.Build.0 = Release|x86
	EndGlobalSection
	GlobalSection(SolutionProperties) = preSolution
		HideSolutionNode = FALSE
	EndGlobalSection
EndGlobal
