// !$*UTF8*$!
{
	archiveVersion = 1;
	classes = {
	};
	objectVersion = 42;
	objects = {

/* Begin PBXBuildFile section */
		0D096E010B707D3400A845D4 /* common.c in Sources */ = {isa = PBXBuildFile; fileRef = 526FBC9B0B4CAB100064E04C /* common.c */; };
		0D096E020B707D3400A845D4 /* deca52.c in Sources */ = {isa = PBXBuildFile; fileRef = 526FBC9D0B4CAB100064E04C /* deca52.c */; };
		0D096E030B707D3400A845D4 /* decavcodec.c in Sources */ = {isa = PBXBuildFile; fileRef = 526FBC9E0B4CAB100064E04C /* decavcodec.c */; };
		0D096E040B707D3400A845D4 /* declpcm.c in Sources */ = {isa = PBXBuildFile; fileRef = 526FBC9F0B4CAB100064E04C /* declpcm.c */; };
		0D096E050B707D3400A845D4 /* decmpeg2.c in Sources */ = {isa = PBXBuildFile; fileRef = 526FBCA00B4CAB100064E04C /* decmpeg2.c */; };
		0D096E060B707D3400A845D4 /* decsub.c in Sources */ = {isa = PBXBuildFile; fileRef = 526FBCA10B4CAB100064E04C /* decsub.c */; };
		0D096E070B707D3400A845D4 /* demuxmpeg.c in Sources */ = {isa = PBXBuildFile; fileRef = 526FBCA20B4CAB100064E04C /* demuxmpeg.c */; };
		0D096E080B707D3400A845D4 /* dvd.c in Sources */ = {isa = PBXBuildFile; fileRef = 526FBCA30B4CAB100064E04C /* dvd.c */; };
		0D096E090B707D3400A845D4 /* encavcodec.c in Sources */ = {isa = PBXBuildFile; fileRef = 526FBCA40B4CAB100064E04C /* encavcodec.c */; };
		0D096E0A0B707D3400A845D4 /* encfaac.c in Sources */ = {isa = PBXBuildFile; fileRef = 526FBCA50B4CAB100064E04C /* encfaac.c */; };
		0D096E0B0B707D3400A845D4 /* enclame.c in Sources */ = {isa = PBXBuildFile; fileRef = 526FBCA60B4CAB100064E04C /* enclame.c */; };
		0D096E0C0B707D3400A845D4 /* encvorbis.c in Sources */ = {isa = PBXBuildFile; fileRef = 526FBCA70B4CAB100064E04C /* encvorbis.c */; };
		0D096E0D0B707D3400A845D4 /* encx264.c in Sources */ = {isa = PBXBuildFile; fileRef = 526FBCA80B4CAB100064E04C /* encx264.c */; };
		0D096E0E0B707D3400A845D4 /* encxvid.c in Sources */ = {isa = PBXBuildFile; fileRef = 526FBCA90B4CAB100064E04C /* encxvid.c */; };
		0D096E0F0B707D3400A845D4 /* fifo.c in Sources */ = {isa = PBXBuildFile; fileRef = 526FBCAA0B4CAB100064E04C /* fifo.c */; };
		0D096E100B707D3400A845D4 /* muxavi.c in Sources */ = {isa = PBXBuildFile; fileRef = 526FBCAE0B4CAB100064E04C /* muxavi.c */; };
		0D096E110B707D3400A845D4 /* muxcommon.c in Sources */ = {isa = PBXBuildFile; fileRef = 526FBCAF0B4CAB100064E04C /* muxcommon.c */; };
		0D096E120B707D3400A845D4 /* muxmp4.c in Sources */ = {isa = PBXBuildFile; fileRef = 526FBCB00B4CAB100064E04C /* muxmp4.c */; };
		0D096E130B707D3400A845D4 /* muxogm.c in Sources */ = {isa = PBXBuildFile; fileRef = 526FBCB10B4CAB100064E04C /* muxogm.c */; };
		0D096E140B707D3400A845D4 /* ports.c in Sources */ = {isa = PBXBuildFile; fileRef = 526FBCB20B4CAB100064E04C /* ports.c */; };
		0D096E150B707D3400A845D4 /* reader.c in Sources */ = {isa = PBXBuildFile; fileRef = 526FBCB40B4CAB100064E04C /* reader.c */; };
		0D096E160B707D3400A845D4 /* render.c in Sources */ = {isa = PBXBuildFile; fileRef = 526FBCB50B4CAB100064E04C /* render.c */; };
		0D096E170B707D3400A845D4 /* scan.c in Sources */ = {isa = PBXBuildFile; fileRef = 526FBCB60B4CAB100064E04C /* scan.c */; };
		0D096E180B707D3400A845D4 /* sync.c in Sources */ = {isa = PBXBuildFile; fileRef = 526FBCB70B4CAB100064E04C /* sync.c */; };
		0D096E190B707D3400A845D4 /* update.c in Sources */ = {isa = PBXBuildFile; fileRef = 526FBCB80B4CAB100064E04C /* update.c */; };
		0D096E1A0B707D3400A845D4 /* work.c in Sources */ = {isa = PBXBuildFile; fileRef = 526FBCB90B4CAB100064E04C /* work.c */; };
		0D096EA30B70884A00A845D4 /* libz.dylib in Frameworks */ = {isa = PBXBuildFile; fileRef = 4D1125D709D72FD200E0657B /* libz.dylib */; };
		0D75EDC00B6FF9DA0090EA86 /* MediaFork.icns in Resources */ = {isa = PBXBuildFile; fileRef = 4D118405053054CD00C39CA9 /* MediaFork.icns */; };
		0D9C5CE50B77E85B00828855 /* mediafork.c in Sources */ = {isa = PBXBuildFile; fileRef = 0D9C5CE40B77E85B00828855 /* mediafork.c */; };
		0D9C5CE60B77E85B00828855 /* mediafork.c in Sources */ = {isa = PBXBuildFile; fileRef = 0D9C5CE40B77E85B00828855 /* mediafork.c */; };
		0DF377430B7BEACA00115CB0 /* ipodutil.cpp in Sources */ = {isa = PBXBuildFile; fileRef = 0DF377420B7BEACA00115CB0 /* ipodutil.cpp */; };
		0DF377440B7BEACA00115CB0 /* ipodutil.cpp in Sources */ = {isa = PBXBuildFile; fileRef = 0DF377420B7BEACA00115CB0 /* ipodutil.cpp */; };
		0DF377980B7BF99A00115CB0 /* fakexcode.cpp in Sources */ = {isa = PBXBuildFile; fileRef = 0DF377970B7BF99A00115CB0 /* fakexcode.cpp */; };
		0DFF0B770B6BC72A00549488 /* common.c in Sources */ = {isa = PBXBuildFile; fileRef = 526FBC9B0B4CAB100064E04C /* common.c */; };
		0DFF0B790B6BC72A00549488 /* deca52.c in Sources */ = {isa = PBXBuildFile; fileRef = 526FBC9D0B4CAB100064E04C /* deca52.c */; };
		0DFF0B7A0B6BC72A00549488 /* decavcodec.c in Sources */ = {isa = PBXBuildFile; fileRef = 526FBC9E0B4CAB100064E04C /* decavcodec.c */; };
		0DFF0B7B0B6BC72A00549488 /* declpcm.c in Sources */ = {isa = PBXBuildFile; fileRef = 526FBC9F0B4CAB100064E04C /* declpcm.c */; };
		0DFF0B7C0B6BC72A00549488 /* decmpeg2.c in Sources */ = {isa = PBXBuildFile; fileRef = 526FBCA00B4CAB100064E04C /* decmpeg2.c */; };
		0DFF0B7D0B6BC72A00549488 /* decsub.c in Sources */ = {isa = PBXBuildFile; fileRef = 526FBCA10B4CAB100064E04C /* decsub.c */; };
		0DFF0B7E0B6BC72A00549488 /* demuxmpeg.c in Sources */ = {isa = PBXBuildFile; fileRef = 526FBCA20B4CAB100064E04C /* demuxmpeg.c */; };
		0DFF0B7F0B6BC72A00549488 /* dvd.c in Sources */ = {isa = PBXBuildFile; fileRef = 526FBCA30B4CAB100064E04C /* dvd.c */; };
		0DFF0B800B6BC72A00549488 /* encavcodec.c in Sources */ = {isa = PBXBuildFile; fileRef = 526FBCA40B4CAB100064E04C /* encavcodec.c */; };
		0DFF0B810B6BC72A00549488 /* encfaac.c in Sources */ = {isa = PBXBuildFile; fileRef = 526FBCA50B4CAB100064E04C /* encfaac.c */; };
		0DFF0B820B6BC72A00549488 /* enclame.c in Sources */ = {isa = PBXBuildFile; fileRef = 526FBCA60B4CAB100064E04C /* enclame.c */; };
		0DFF0B830B6BC72A00549488 /* encvorbis.c in Sources */ = {isa = PBXBuildFile; fileRef = 526FBCA70B4CAB100064E04C /* encvorbis.c */; };
		0DFF0B840B6BC72A00549488 /* encx264.c in Sources */ = {isa = PBXBuildFile; fileRef = 526FBCA80B4CAB100064E04C /* encx264.c */; };
		0DFF0B850B6BC72A00549488 /* encxvid.c in Sources */ = {isa = PBXBuildFile; fileRef = 526FBCA90B4CAB100064E04C /* encxvid.c */; };
		0DFF0B860B6BC72A00549488 /* fifo.c in Sources */ = {isa = PBXBuildFile; fileRef = 526FBCAA0B4CAB100064E04C /* fifo.c */; };
		0DFF0B8B0B6BC72A00549488 /* muxavi.c in Sources */ = {isa = PBXBuildFile; fileRef = 526FBCAE0B4CAB100064E04C /* muxavi.c */; };
		0DFF0B8C0B6BC72A00549488 /* muxcommon.c in Sources */ = {isa = PBXBuildFile; fileRef = 526FBCAF0B4CAB100064E04C /* muxcommon.c */; };
		0DFF0B8D0B6BC72A00549488 /* muxmp4.c in Sources */ = {isa = PBXBuildFile; fileRef = 526FBCB00B4CAB100064E04C /* muxmp4.c */; };
		0DFF0B8E0B6BC72A00549488 /* muxogm.c in Sources */ = {isa = PBXBuildFile; fileRef = 526FBCB10B4CAB100064E04C /* muxogm.c */; };
		0DFF0B8F0B6BC72A00549488 /* ports.c in Sources */ = {isa = PBXBuildFile; fileRef = 526FBCB20B4CAB100064E04C /* ports.c */; };
		0DFF0B910B6BC72A00549488 /* reader.c in Sources */ = {isa = PBXBuildFile; fileRef = 526FBCB40B4CAB100064E04C /* reader.c */; };
		0DFF0B920B6BC72A00549488 /* render.c in Sources */ = {isa = PBXBuildFile; fileRef = 526FBCB50B4CAB100064E04C /* render.c */; };
		0DFF0B930B6BC72A00549488 /* scan.c in Sources */ = {isa = PBXBuildFile; fileRef = 526FBCB60B4CAB100064E04C /* scan.c */; };
		0DFF0B940B6BC72A00549488 /* sync.c in Sources */ = {isa = PBXBuildFile; fileRef = 526FBCB70B4CAB100064E04C /* sync.c */; };
		0DFF0B950B6BC72A00549488 /* update.c in Sources */ = {isa = PBXBuildFile; fileRef = 526FBCB80B4CAB100064E04C /* update.c */; };
		0DFF0B960B6BC72A00549488 /* work.c in Sources */ = {isa = PBXBuildFile; fileRef = 526FBCB90B4CAB100064E04C /* work.c */; };
		0DFF0C100B6BCEE800549488 /* test.c in Sources */ = {isa = PBXBuildFile; fileRef = 526FBC760B4CA8F40064E04C /* test.c */; };
		4D1125D809D72FD200E0657B /* libz.dylib in Frameworks */ = {isa = PBXBuildFile; fileRef = 4D1125D709D72FD200E0657B /* libz.dylib */; };
		4D1125D909D72FD200E0657B /* libz.dylib in Frameworks */ = {isa = PBXBuildFile; fileRef = 4D1125D709D72FD200E0657B /* libz.dylib */; };
		4D1EA2EA0993B09A00FDC1A2 /* main.mm in Sources */ = {isa = PBXBuildFile; fileRef = 29B97316FDCFA39411CA2CEA /* main.mm */; };
		4D1EA2F60993B0CA00FDC1A2 /* Cocoa.framework in Frameworks */ = {isa = PBXBuildFile; fileRef = 1058C7A1FEA54F0111CA2CBB /* Cocoa.framework */; };
		4D1EA3010993B13700FDC1A2 /* Express.nib in Resources */ = {isa = PBXBuildFile; fileRef = 4D1EA3000993B13700FDC1A2 /* Express.nib */; };
		4D1EA31C0993B24700FDC1A2 /* ExpressController.m in Sources */ = {isa = PBXBuildFile; fileRef = 4D1EA31B0993B24700FDC1A2 /* ExpressController.m */; };
		4D2AE78B09CCB24C007E18F6 /* DriveDetector.m in Sources */ = {isa = PBXBuildFile; fileRef = 4D2AE78909CCB24C007E18F6 /* DriveDetector.m */; };
		4D2AEA1A09CCB332007E18F6 /* IOKit.framework in Frameworks */ = {isa = PBXBuildFile; fileRef = 4DEB2024052B055F00C39CA9 /* IOKit.framework */; };
		4D2AEA2909CCB8F9007E18F6 /* DriveDetector.m in Sources */ = {isa = PBXBuildFile; fileRef = 4D2AE78909CCB24C007E18F6 /* DriveDetector.m */; };
		4D2AEA2A09CCB8FC007E18F6 /* DriveDetector.h in Headers */ = {isa = PBXBuildFile; fileRef = 4D2AE78A09CCB24C007E18F6 /* DriveDetector.h */; };
		4D3ECC2709A4917000B2E45F /* WhiteBox.m in Sources */ = {isa = PBXBuildFile; fileRef = 4D3ECC2609A4917000B2E45F /* WhiteBox.m */; };
		4DD93F8F082036E8008E1322 /* Controller.h in Headers */ = {isa = PBXBuildFile; fileRef = 4DF3C8CB052889CD00A80101 /* Controller.h */; };
		4DD93F90082036E8008E1322 /* PictureGLView.h in Headers */ = {isa = PBXBuildFile; fileRef = 4D85758F052B78E300C39CA9 /* PictureGLView.h */; };
		4DD93F91082036E8008E1322 /* ScanController.h in Headers */ = {isa = PBXBuildFile; fileRef = 4D86C74F07281F4E007BA979 /* ScanController.h */; };
		4DD93F92082036E8008E1322 /* PictureController.h in Headers */ = {isa = PBXBuildFile; fileRef = 4D1FD381073D19CE00E46515 /* PictureController.h */; };
		4DD93F93082036E8008E1322 /* QueueController.h in Headers */ = {isa = PBXBuildFile; fileRef = 4DD27BA507C0065C0023D231 /* QueueController.h */; };
		4DD93F94082036E8008E1322 /* PrefsController.h in Headers */ = {isa = PBXBuildFile; fileRef = 4DE93A3507F5A2C900F3C78F /* PrefsController.h */; };
		4DD93F96082036E8008E1322 /* MainMenu.nib in Resources */ = {isa = PBXBuildFile; fileRef = 29B97318FDCFA39411CA2CEA /* MainMenu.nib */; };
		4DD93F97082036E8008E1322 /* InfoPlist.strings in Resources */ = {isa = PBXBuildFile; fileRef = 089C165CFE840E0CC02AAC07 /* InfoPlist.strings */; };
		4DD93F98082036E8008E1322 /* MediaFork.icns in Resources */ = {isa = PBXBuildFile; fileRef = 4D118405053054CD00C39CA9 /* MediaFork.icns */; };
		4DD93F9A082036E8008E1322 /* main.mm in Sources */ = {isa = PBXBuildFile; fileRef = 29B97316FDCFA39411CA2CEA /* main.mm */; settings = {ATTRIBUTES = (); }; };
		4DD93F9B082036E8008E1322 /* Controller.mm in Sources */ = {isa = PBXBuildFile; fileRef = 4DF3C8CC052889CD00A80101 /* Controller.mm */; };
		4DD93F9C082036E8008E1322 /* PictureGLView.mm in Sources */ = {isa = PBXBuildFile; fileRef = 4D85758E052B78E300C39CA9 /* PictureGLView.mm */; };
		4DD93F9D082036E8008E1322 /* ScanController.mm in Sources */ = {isa = PBXBuildFile; fileRef = 4D86C74E07281F4E007BA979 /* ScanController.mm */; };
		4DD93F9E082036E8008E1322 /* PictureController.mm in Sources */ = {isa = PBXBuildFile; fileRef = 4D1FD382073D19CE00E46515 /* PictureController.mm */; };
		4DD93F9F082036E8008E1322 /* QueueController.mm in Sources */ = {isa = PBXBuildFile; fileRef = 4DD27BA607C0065C0023D231 /* QueueController.mm */; };
		4DD93FA0082036E8008E1322 /* PrefsController.m in Sources */ = {isa = PBXBuildFile; fileRef = 4DE93A3607F5A2C900F3C78F /* PrefsController.m */; };
		4DD93FA2082036E8008E1322 /* Cocoa.framework in Frameworks */ = {isa = PBXBuildFile; fileRef = 1058C7A1FEA54F0111CA2CBB /* Cocoa.framework */; };
		4DD93FA3082036E8008E1322 /* IOKit.framework in Frameworks */ = {isa = PBXBuildFile; fileRef = 4DEB2024052B055F00C39CA9 /* IOKit.framework */; };
		4DD93FA4082036E8008E1322 /* OpenGL.framework in Frameworks */ = {isa = PBXBuildFile; fileRef = 4DDE9724052B7B2B00C39CA9 /* OpenGL.framework */; };
		4DE09E63082038A400FB751F /* MediaFork.plist in Resources */ = {isa = PBXBuildFile; fileRef = 4DE09E62082038A400FB751F /* MediaFork.plist */; };
		52AFF86A0B59BD07000DA7C4 /* InfoPlist.strings in Resources */ = {isa = PBXBuildFile; fileRef = 089C165CFE840E0CC02AAC07 /* InfoPlist.strings */; };
		52AFF86B0B59BD14000DA7C4 /* Express.plist in Resources */ = {isa = PBXBuildFile; fileRef = 4D1EA2DC0993B01000FDC1A2 /* Express.plist */; };
/* End PBXBuildFile section */

/* Begin PBXContainerItemProxy section */
		0D6E35900B6BD5FA005AABB3 /* PBXContainerItemProxy */ = {
			isa = PBXContainerItemProxy;
			containerPortal = 29B97313FDCFA39411CA2CEA /* Project object */;
			proxyType = 1;
			remoteGlobalIDString = 0DFF0B710B6BC6E600549488;
			remoteInfo = libmediafork;
		};
		0DFF0BF10B6BCCB400549488 /* PBXContainerItemProxy */ = {
			isa = PBXContainerItemProxy;
			containerPortal = 29B97313FDCFA39411CA2CEA /* Project object */;
			proxyType = 1;
			remoteGlobalIDString = 0DFF0B710B6BC6E600549488;
			remoteInfo = libmediafork;
		};
		0DFF0BF30B6BCCB900549488 /* PBXContainerItemProxy */ = {
			isa = PBXContainerItemProxy;
			containerPortal = 29B97313FDCFA39411CA2CEA /* Project object */;
			proxyType = 1;
			remoteGlobalIDString = 0DFF0B710B6BC6E600549488;
			remoteInfo = libmediafork;
		};
/* End PBXContainerItemProxy section */

/* Begin PBXFileReference section */
		089C165DFE840E0CC02AAC07 /* English */ = {isa = PBXFileReference; fileEncoding = 10; lastKnownFileType = text.plist.strings; name = English; path = English.lproj/InfoPlist.strings; sourceTree = "<group>"; };
		0D096DFF0B707D1200A845D4 /* libmediafork.dylib */ = {isa = PBXFileReference; explicitFileType = "compiled.mach-o.dylib"; includeInIndex = 0; path = libmediafork.dylib; sourceTree = BUILT_PRODUCTS_DIR; };
		0D6E35760B6BD4F0005AABB3 /* MediaFork.app */ = {isa = PBXFileReference; explicitFileType = wrapper.application; includeInIndex = 0; path = MediaFork.app; sourceTree = BUILT_PRODUCTS_DIR; };
		0D9C5CE40B77E85B00828855 /* mediafork.c */ = {isa = PBXFileReference; fileEncoding = 30; lastKnownFileType = sourcecode.c.c; name = mediafork.c; path = ../libmediafork/mediafork.c; sourceTree = SOURCE_ROOT; };
		0DF377420B7BEACA00115CB0 /* ipodutil.cpp */ = {isa = PBXFileReference; fileEncoding = 30; lastKnownFileType = sourcecode.cpp.cpp; name = ipodutil.cpp; path = ../libmediafork/ipodutil.cpp; sourceTree = SOURCE_ROOT; };
		0DF377970B7BF99A00115CB0 /* fakexcode.cpp */ = {isa = PBXFileReference; fileEncoding = 30; lastKnownFileType = sourcecode.cpp.cpp; name = fakexcode.cpp; path = ../test/fakexcode.cpp; sourceTree = SOURCE_ROOT; };
		0DFF0B720B6BC6E600549488 /* libmediafork.a */ = {isa = PBXFileReference; explicitFileType = archive.ar; includeInIndex = 0; path = libmediafork.a; sourceTree = BUILT_PRODUCTS_DIR; };
		0DFF0C0A0B6BCEC200549488 /* MediaForkCLI */ = {isa = PBXFileReference; explicitFileType = "compiled.mach-o.executable"; includeInIndex = 0; path = MediaForkCLI; sourceTree = BUILT_PRODUCTS_DIR; };
		1058C7A1FEA54F0111CA2CBB /* Cocoa.framework */ = {isa = PBXFileReference; lastKnownFileType = wrapper.framework; name = Cocoa.framework; path = /System/Library/Frameworks/Cocoa.framework; sourceTree = "<absolute>"; };
		29B97316FDCFA39411CA2CEA /* main.mm */ = {isa = PBXFileReference; fileEncoding = 30; lastKnownFileType = sourcecode.cpp.objcpp; path = main.mm; sourceTree = "<group>"; };
		29B97319FDCFA39411CA2CEA /* English */ = {isa = PBXFileReference; lastKnownFileType = wrapper.nib; name = English; path = English.lproj/MainMenu.nib; sourceTree = "<group>"; };
		29B97324FDCFA39411CA2CEA /* AppKit.framework */ = {isa = PBXFileReference; lastKnownFileType = wrapper.framework; name = AppKit.framework; path = /System/Library/Frameworks/AppKit.framework; sourceTree = "<absolute>"; };
		29B97325FDCFA39411CA2CEA /* Foundation.framework */ = {isa = PBXFileReference; lastKnownFileType = wrapper.framework; name = Foundation.framework; path = /System/Library/Frameworks/Foundation.framework; sourceTree = "<absolute>"; };
		4D1125D709D72FD200E0657B /* libz.dylib */ = {isa = PBXFileReference; lastKnownFileType = "compiled.mach-o.dylib"; name = libz.dylib; path = /usr/lib/libz.dylib; sourceTree = "<absolute>"; };
		4D118405053054CD00C39CA9 /* MediaFork.icns */ = {isa = PBXFileReference; lastKnownFileType = image.icns; path = MediaFork.icns; sourceTree = "<group>"; };
		4D1EA2DA0993B01000FDC1A2 /* Instant MediaFork.app */ = {isa = PBXFileReference; explicitFileType = wrapper.application; includeInIndex = 0; path = "Instant MediaFork.app"; sourceTree = BUILT_PRODUCTS_DIR; };
		4D1EA2DC0993B01000FDC1A2 /* Express.plist */ = {isa = PBXFileReference; lastKnownFileType = text.xml; path = Express.plist; sourceTree = "<group>"; };
		4D1EA3000993B13700FDC1A2 /* Express.nib */ = {isa = PBXFileReference; lastKnownFileType = wrapper.nib; name = Express.nib; path = English.lproj/Express.nib; sourceTree = "<group>"; };
		4D1EA31A0993B24700FDC1A2 /* ExpressController.h */ = {isa = PBXFileReference; fileEncoding = 30; lastKnownFileType = sourcecode.c.h; path = ExpressController.h; sourceTree = "<group>"; };
		4D1EA31B0993B24700FDC1A2 /* ExpressController.m */ = {isa = PBXFileReference; fileEncoding = 30; lastKnownFileType = sourcecode.c.objc; path = ExpressController.m; sourceTree = "<group>"; };
		4D1FD381073D19CE00E46515 /* PictureController.h */ = {isa = PBXFileReference; fileEncoding = 30; lastKnownFileType = sourcecode.c.h; path = PictureController.h; sourceTree = "<group>"; };
		4D1FD382073D19CE00E46515 /* PictureController.mm */ = {isa = PBXFileReference; fileEncoding = 30; lastKnownFileType = sourcecode.cpp.objcpp; path = PictureController.mm; sourceTree = "<group>"; };
		4D2AE78909CCB24C007E18F6 /* DriveDetector.m */ = {isa = PBXFileReference; fileEncoding = 30; lastKnownFileType = sourcecode.c.objc; path = DriveDetector.m; sourceTree = "<group>"; };
		4D2AE78A09CCB24C007E18F6 /* DriveDetector.h */ = {isa = PBXFileReference; fileEncoding = 30; lastKnownFileType = sourcecode.c.h; path = DriveDetector.h; sourceTree = "<group>"; };
		4D3ECC2509A4917000B2E45F /* WhiteBox.h */ = {isa = PBXFileReference; fileEncoding = 30; lastKnownFileType = sourcecode.c.h; path = WhiteBox.h; sourceTree = "<group>"; };
		4D3ECC2609A4917000B2E45F /* WhiteBox.m */ = {isa = PBXFileReference; fileEncoding = 30; lastKnownFileType = sourcecode.c.objc; path = WhiteBox.m; sourceTree = "<group>"; };
		4D85758E052B78E300C39CA9 /* PictureGLView.mm */ = {isa = PBXFileReference; fileEncoding = 30; lastKnownFileType = sourcecode.cpp.objcpp; path = PictureGLView.mm; sourceTree = "<group>"; };
		4D85758F052B78E300C39CA9 /* PictureGLView.h */ = {isa = PBXFileReference; fileEncoding = 30; lastKnownFileType = sourcecode.c.h; path = PictureGLView.h; sourceTree = "<group>"; };
		4D86C74E07281F4E007BA979 /* ScanController.mm */ = {isa = PBXFileReference; fileEncoding = 30; lastKnownFileType = sourcecode.cpp.objcpp; path = ScanController.mm; sourceTree = "<group>"; };
		4D86C74F07281F4E007BA979 /* ScanController.h */ = {isa = PBXFileReference; fileEncoding = 30; lastKnownFileType = sourcecode.c.h; path = ScanController.h; sourceTree = "<group>"; };
		4DD27BA507C0065C0023D231 /* QueueController.h */ = {isa = PBXFileReference; fileEncoding = 30; lastKnownFileType = sourcecode.c.h; path = QueueController.h; sourceTree = "<group>"; };
		4DD27BA607C0065C0023D231 /* QueueController.mm */ = {isa = PBXFileReference; fileEncoding = 30; lastKnownFileType = sourcecode.cpp.objcpp; path = QueueController.mm; sourceTree = "<group>"; };
		4DDE9724052B7B2B00C39CA9 /* OpenGL.framework */ = {isa = PBXFileReference; lastKnownFileType = wrapper.framework; name = OpenGL.framework; path = /System/Library/Frameworks/OpenGL.framework; sourceTree = "<absolute>"; };
		4DE09E62082038A400FB751F /* MediaFork.plist */ = {isa = PBXFileReference; fileEncoding = 30; lastKnownFileType = text.xml; path = MediaFork.plist; sourceTree = "<group>"; };
		4DE93A3507F5A2C900F3C78F /* PrefsController.h */ = {isa = PBXFileReference; fileEncoding = 30; lastKnownFileType = sourcecode.c.h; path = PrefsController.h; sourceTree = "<group>"; };
		4DE93A3607F5A2C900F3C78F /* PrefsController.m */ = {isa = PBXFileReference; fileEncoding = 30; lastKnownFileType = sourcecode.c.objc; path = PrefsController.m; sourceTree = "<group>"; };
		4DEB2024052B055F00C39CA9 /* IOKit.framework */ = {isa = PBXFileReference; lastKnownFileType = wrapper.framework; name = IOKit.framework; path = /System/Library/Frameworks/IOKit.framework; sourceTree = "<absolute>"; };
		4DF3C8CB052889CD00A80101 /* Controller.h */ = {isa = PBXFileReference; fileEncoding = 30; lastKnownFileType = sourcecode.c.h; path = Controller.h; sourceTree = "<group>"; };
		4DF3C8CC052889CD00A80101 /* Controller.mm */ = {isa = PBXFileReference; fileEncoding = 30; lastKnownFileType = sourcecode.cpp.objcpp; path = Controller.mm; sourceTree = "<group>"; };
		526FBC760B4CA8F40064E04C /* test.c */ = {isa = PBXFileReference; explicitFileType = sourcecode.c.c; fileEncoding = 30; name = test.c; path = ../test/test.c; sourceTree = SOURCE_ROOT; };
		526FBC9B0B4CAB100064E04C /* common.c */ = {isa = PBXFileReference; fileEncoding = 30; lastKnownFileType = sourcecode.c.c; name = common.c; path = ../libmediafork/common.c; sourceTree = SOURCE_ROOT; };
		526FBC9D0B4CAB100064E04C /* deca52.c */ = {isa = PBXFileReference; fileEncoding = 30; lastKnownFileType = sourcecode.c.c; name = deca52.c; path = ../libmediafork/deca52.c; sourceTree = SOURCE_ROOT; };
		526FBC9E0B4CAB100064E04C /* decavcodec.c */ = {isa = PBXFileReference; fileEncoding = 30; lastKnownFileType = sourcecode.c.c; name = decavcodec.c; path = ../libmediafork/decavcodec.c; sourceTree = SOURCE_ROOT; };
		526FBC9F0B4CAB100064E04C /* declpcm.c */ = {isa = PBXFileReference; fileEncoding = 30; lastKnownFileType = sourcecode.c.c; name = declpcm.c; path = ../libmediafork/declpcm.c; sourceTree = SOURCE_ROOT; };
		526FBCA00B4CAB100064E04C /* decmpeg2.c */ = {isa = PBXFileReference; fileEncoding = 30; lastKnownFileType = sourcecode.c.c; name = decmpeg2.c; path = ../libmediafork/decmpeg2.c; sourceTree = SOURCE_ROOT; };
		526FBCA10B4CAB100064E04C /* decsub.c */ = {isa = PBXFileReference; fileEncoding = 30; lastKnownFileType = sourcecode.c.c; name = decsub.c; path = ../libmediafork/decsub.c; sourceTree = SOURCE_ROOT; };
		526FBCA20B4CAB100064E04C /* demuxmpeg.c */ = {isa = PBXFileReference; fileEncoding = 30; lastKnownFileType = sourcecode.c.c; name = demuxmpeg.c; path = ../libmediafork/demuxmpeg.c; sourceTree = SOURCE_ROOT; };
		526FBCA30B4CAB100064E04C /* dvd.c */ = {isa = PBXFileReference; fileEncoding = 30; lastKnownFileType = sourcecode.c.c; name = dvd.c; path = ../libmediafork/dvd.c; sourceTree = SOURCE_ROOT; };
		526FBCA40B4CAB100064E04C /* encavcodec.c */ = {isa = PBXFileReference; fileEncoding = 30; lastKnownFileType = sourcecode.c.c; name = encavcodec.c; path = ../libmediafork/encavcodec.c; sourceTree = SOURCE_ROOT; };
		526FBCA50B4CAB100064E04C /* encfaac.c */ = {isa = PBXFileReference; fileEncoding = 30; lastKnownFileType = sourcecode.c.c; name = encfaac.c; path = ../libmediafork/encfaac.c; sourceTree = SOURCE_ROOT; };
		526FBCA60B4CAB100064E04C /* enclame.c */ = {isa = PBXFileReference; fileEncoding = 30; lastKnownFileType = sourcecode.c.c; name = enclame.c; path = ../libmediafork/enclame.c; sourceTree = SOURCE_ROOT; };
		526FBCA70B4CAB100064E04C /* encvorbis.c */ = {isa = PBXFileReference; fileEncoding = 30; lastKnownFileType = sourcecode.c.c; name = encvorbis.c; path = ../libmediafork/encvorbis.c; sourceTree = SOURCE_ROOT; };
		526FBCA80B4CAB100064E04C /* encx264.c */ = {isa = PBXFileReference; fileEncoding = 30; lastKnownFileType = sourcecode.c.c; name = encx264.c; path = ../libmediafork/encx264.c; sourceTree = SOURCE_ROOT; };
		526FBCA90B4CAB100064E04C /* encxvid.c */ = {isa = PBXFileReference; fileEncoding = 30; lastKnownFileType = sourcecode.c.c; name = encxvid.c; path = ../libmediafork/encxvid.c; sourceTree = SOURCE_ROOT; };
		526FBCAA0B4CAB100064E04C /* fifo.c */ = {isa = PBXFileReference; fileEncoding = 30; lastKnownFileType = sourcecode.c.c; name = fifo.c; path = ../libmediafork/fifo.c; sourceTree = SOURCE_ROOT; };
		526FBCAE0B4CAB100064E04C /* muxavi.c */ = {isa = PBXFileReference; fileEncoding = 30; lastKnownFileType = sourcecode.c.c; name = muxavi.c; path = ../libmediafork/muxavi.c; sourceTree = SOURCE_ROOT; };
		526FBCAF0B4CAB100064E04C /* muxcommon.c */ = {isa = PBXFileReference; fileEncoding = 30; lastKnownFileType = sourcecode.c.c; name = muxcommon.c; path = ../libmediafork/muxcommon.c; sourceTree = SOURCE_ROOT; };
		526FBCB00B4CAB100064E04C /* muxmp4.c */ = {isa = PBXFileReference; fileEncoding = 30; lastKnownFileType = sourcecode.c.c; name = muxmp4.c; path = ../libmediafork/muxmp4.c; sourceTree = SOURCE_ROOT; };
		526FBCB10B4CAB100064E04C /* muxogm.c */ = {isa = PBXFileReference; fileEncoding = 30; lastKnownFileType = sourcecode.c.c; name = muxogm.c; path = ../libmediafork/muxogm.c; sourceTree = SOURCE_ROOT; };
		526FBCB20B4CAB100064E04C /* ports.c */ = {isa = PBXFileReference; fileEncoding = 30; lastKnownFileType = sourcecode.c.c; name = ports.c; path = ../libmediafork/ports.c; sourceTree = SOURCE_ROOT; };
		526FBCB40B4CAB100064E04C /* reader.c */ = {isa = PBXFileReference; fileEncoding = 30; lastKnownFileType = sourcecode.c.c; name = reader.c; path = ../libmediafork/reader.c; sourceTree = SOURCE_ROOT; };
		526FBCB50B4CAB100064E04C /* render.c */ = {isa = PBXFileReference; fileEncoding = 30; lastKnownFileType = sourcecode.c.c; name = render.c; path = ../libmediafork/render.c; sourceTree = SOURCE_ROOT; };
		526FBCB60B4CAB100064E04C /* scan.c */ = {isa = PBXFileReference; fileEncoding = 30; lastKnownFileType = sourcecode.c.c; name = scan.c; path = ../libmediafork/scan.c; sourceTree = SOURCE_ROOT; };
		526FBCB70B4CAB100064E04C /* sync.c */ = {isa = PBXFileReference; fileEncoding = 30; lastKnownFileType = sourcecode.c.c; name = sync.c; path = ../libmediafork/sync.c; sourceTree = SOURCE_ROOT; };
		526FBCB80B4CAB100064E04C /* update.c */ = {isa = PBXFileReference; fileEncoding = 30; lastKnownFileType = sourcecode.c.c; name = update.c; path = ../libmediafork/update.c; sourceTree = SOURCE_ROOT; };
		526FBCB90B4CAB100064E04C /* work.c */ = {isa = PBXFileReference; fileEncoding = 30; lastKnownFileType = sourcecode.c.c; name = work.c; path = ../libmediafork/work.c; sourceTree = SOURCE_ROOT; };
/* End PBXFileReference section */

/* Begin PBXFrameworksBuildPhase section */
		0D096DFD0B707D1200A845D4 /* Frameworks */ = {
			isa = PBXFrameworksBuildPhase;
			buildActionMask = 2147483647;
			files = (
				0D096EA30B70884A00A845D4 /* libz.dylib in Frameworks */,
			);
			runOnlyForDeploymentPostprocessing = 0;
		};
		0DFF0B700B6BC6E600549488 /* Frameworks */ = {
			isa = PBXFrameworksBuildPhase;
			buildActionMask = 2147483647;
			files = (
			);
			runOnlyForDeploymentPostprocessing = 0;
		};
		0DFF0C080B6BCEC200549488 /* Frameworks */ = {
			isa = PBXFrameworksBuildPhase;
			buildActionMask = 2147483647;
			files = (
			);
			runOnlyForDeploymentPostprocessing = 0;
		};
		4D1EA2D80993B01000FDC1A2 /* Frameworks */ = {
			isa = PBXFrameworksBuildPhase;
			buildActionMask = 2147483647;
			files = (
				4D1EA2F60993B0CA00FDC1A2 /* Cocoa.framework in Frameworks */,
				4D2AEA1A09CCB332007E18F6 /* IOKit.framework in Frameworks */,
				4D1125D909D72FD200E0657B /* libz.dylib in Frameworks */,
			);
			runOnlyForDeploymentPostprocessing = 0;
		};
		4DD93FA1082036E8008E1322 /* Frameworks */ = {
			isa = PBXFrameworksBuildPhase;
			buildActionMask = 2147483647;
			files = (
				4DD93FA2082036E8008E1322 /* Cocoa.framework in Frameworks */,
				4DD93FA3082036E8008E1322 /* IOKit.framework in Frameworks */,
				4DD93FA4082036E8008E1322 /* OpenGL.framework in Frameworks */,
				4D1125D809D72FD200E0657B /* libz.dylib in Frameworks */,
			);
			runOnlyForDeploymentPostprocessing = 0;
		};
/* End PBXFrameworksBuildPhase section */

/* Begin PBXGroup section */
		19C28FACFE9D520D11CA2CBB /* Products */ = {
			isa = PBXGroup;
			children = (
				4D1EA2DA0993B01000FDC1A2 /* Instant MediaFork.app */,
				0DFF0B720B6BC6E600549488 /* libmediafork.a */,
				0DFF0C0A0B6BCEC200549488 /* MediaForkCLI */,
				0D6E35760B6BD4F0005AABB3 /* MediaFork.app */,
				0D096DFF0B707D1200A845D4 /* libmediafork.dylib */,
			);
			name = Products;
			sourceTree = "<group>";
		};
		29B97314FDCFA39411CA2CEA /* HandBrake */ = {
			isa = PBXGroup;
			children = (
				526FBC940B4CAA310064E04C /* Instant MediaFork Sources */,
				526FBC930B4CAA260064E04C /* MediaFork Sources */,
				526FBC920B4CAA120064E04C /* MediaForkCLI Sources */,
				526FBC8D0B4CA9F90064E04C /* libmediafork Sources */,
				29B97315FDCFA39411CA2CEA /* Other Sources */,
				29B97317FDCFA39411CA2CEA /* Resources */,
				29B97323FDCFA39411CA2CEA /* Frameworks */,
				19C28FACFE9D520D11CA2CBB /* Products */,
			);
			name = HandBrake;
			sourceTree = "<group>";
		};
		29B97315FDCFA39411CA2CEA /* Other Sources */ = {
			isa = PBXGroup;
			children = (
				29B97316FDCFA39411CA2CEA /* main.mm */,
			);
			name = "Other Sources";
			sourceTree = "<group>";
		};
		29B97317FDCFA39411CA2CEA /* Resources */ = {
			isa = PBXGroup;
			children = (
				29B97318FDCFA39411CA2CEA /* MainMenu.nib */,
				4D118405053054CD00C39CA9 /* MediaFork.icns */,
				4D1EA3000993B13700FDC1A2 /* Express.nib */,
				089C165CFE840E0CC02AAC07 /* InfoPlist.strings */,
			);
			name = Resources;
			sourceTree = "<group>";
		};
		29B97323FDCFA39411CA2CEA /* Frameworks */ = {
			isa = PBXGroup;
			children = (
				4D1125D709D72FD200E0657B /* libz.dylib */,
				1058C7A1FEA54F0111CA2CBB /* Cocoa.framework */,
				4DEB2024052B055F00C39CA9 /* IOKit.framework */,
				4DDE9724052B7B2B00C39CA9 /* OpenGL.framework */,
				29B97325FDCFA39411CA2CEA /* Foundation.framework */,
				29B97324FDCFA39411CA2CEA /* AppKit.framework */,
			);
			name = Frameworks;
			sourceTree = "<group>";
		};
		526FBC8D0B4CA9F90064E04C /* libmediafork Sources */ = {
			isa = PBXGroup;
			children = (
				526FBC9B0B4CAB100064E04C /* common.c */,
				526FBC9D0B4CAB100064E04C /* deca52.c */,
				526FBC9E0B4CAB100064E04C /* decavcodec.c */,
				526FBC9F0B4CAB100064E04C /* declpcm.c */,
				526FBCA00B4CAB100064E04C /* decmpeg2.c */,
				526FBCA10B4CAB100064E04C /* decsub.c */,
				0DF377420B7BEACA00115CB0 /* ipodutil.cpp */,
				526FBCA20B4CAB100064E04C /* demuxmpeg.c */,
				526FBCA30B4CAB100064E04C /* dvd.c */,
				526FBCA40B4CAB100064E04C /* encavcodec.c */,
				526FBCA50B4CAB100064E04C /* encfaac.c */,
				526FBCA60B4CAB100064E04C /* enclame.c */,
				526FBCA70B4CAB100064E04C /* encvorbis.c */,
				526FBCA80B4CAB100064E04C /* encx264.c */,
				526FBCA90B4CAB100064E04C /* encxvid.c */,
				526FBCAA0B4CAB100064E04C /* fifo.c */,
				526FBCAE0B4CAB100064E04C /* muxavi.c */,
				526FBCAF0B4CAB100064E04C /* muxcommon.c */,
				526FBCB00B4CAB100064E04C /* muxmp4.c */,
				0D9C5CE40B77E85B00828855 /* mediafork.c */,
				526FBCB10B4CAB100064E04C /* muxogm.c */,
				526FBCB20B4CAB100064E04C /* ports.c */,
				526FBCB40B4CAB100064E04C /* reader.c */,
				526FBCB50B4CAB100064E04C /* render.c */,
				526FBCB60B4CAB100064E04C /* scan.c */,
				526FBCB70B4CAB100064E04C /* sync.c */,
				526FBCB80B4CAB100064E04C /* update.c */,
				526FBCB90B4CAB100064E04C /* work.c */,
			);
			name = "libmediafork Sources";
			sourceTree = "<group>";
		};
		526FBC920B4CAA120064E04C /* MediaForkCLI Sources */ = {
			isa = PBXGroup;
			children = (
				0DF377970B7BF99A00115CB0 /* fakexcode.cpp */,
				526FBC760B4CA8F40064E04C /* test.c */,
			);
			name = "MediaForkCLI Sources";
			sourceTree = "<group>";
		};
		526FBC930B4CAA260064E04C /* MediaFork Sources */ = {
			isa = PBXGroup;
			children = (
				4DE09E62082038A400FB751F /* MediaFork.plist */,
				4D1FD381073D19CE00E46515 /* PictureController.h */,
				4D1FD382073D19CE00E46515 /* PictureController.mm */,
				4DF3C8CB052889CD00A80101 /* Controller.h */,
				4DF3C8CC052889CD00A80101 /* Controller.mm */,
				4D86C74E07281F4E007BA979 /* ScanController.mm */,
				4D86C74F07281F4E007BA979 /* ScanController.h */,
				4D85758E052B78E300C39CA9 /* PictureGLView.mm */,
				4D85758F052B78E300C39CA9 /* PictureGLView.h */,
				4DD27BA507C0065C0023D231 /* QueueController.h */,
				4DD27BA607C0065C0023D231 /* QueueController.mm */,
				4DE93A3507F5A2C900F3C78F /* PrefsController.h */,
				4DE93A3607F5A2C900F3C78F /* PrefsController.m */,
				4D3ECC2509A4917000B2E45F /* WhiteBox.h */,
				4D3ECC2609A4917000B2E45F /* WhiteBox.m */,
				4D2AE78909CCB24C007E18F6 /* DriveDetector.m */,
				4D2AE78A09CCB24C007E18F6 /* DriveDetector.h */,
			);
			name = "MediaFork Sources";
			sourceTree = "<group>";
		};
		526FBC940B4CAA310064E04C /* Instant MediaFork Sources */ = {
			isa = PBXGroup;
			children = (
				4D1EA31A0993B24700FDC1A2 /* ExpressController.h */,
				4D1EA31B0993B24700FDC1A2 /* ExpressController.m */,
				4D1EA2DC0993B01000FDC1A2 /* Express.plist */,
			);
			name = "Instant MediaFork Sources";
			sourceTree = "<group>";
		};
/* End PBXGroup section */

/* Begin PBXHeadersBuildPhase section */
		0D096DFB0B707D1200A845D4 /* Headers */ = {
			isa = PBXHeadersBuildPhase;
			buildActionMask = 2147483647;
			files = (
			);
			runOnlyForDeploymentPostprocessing = 0;
		};
		0DFF0B6E0B6BC6E600549488 /* Headers */ = {
			isa = PBXHeadersBuildPhase;
			buildActionMask = 2147483647;
			files = (
			);
			runOnlyForDeploymentPostprocessing = 0;
		};
		4DD93F8E082036E8008E1322 /* Headers */ = {
			isa = PBXHeadersBuildPhase;
			buildActionMask = 2147483647;
			files = (
				4DD93F8F082036E8008E1322 /* Controller.h in Headers */,
				4DD93F90082036E8008E1322 /* PictureGLView.h in Headers */,
				4DD93F91082036E8008E1322 /* ScanController.h in Headers */,
				4DD93F92082036E8008E1322 /* PictureController.h in Headers */,
				4DD93F93082036E8008E1322 /* QueueController.h in Headers */,
				4DD93F94082036E8008E1322 /* PrefsController.h in Headers */,
				4D2AEA2A09CCB8FC007E18F6 /* DriveDetector.h in Headers */,
			);
			runOnlyForDeploymentPostprocessing = 0;
		};
/* End PBXHeadersBuildPhase section */

/* Begin PBXNativeTarget section */
		0D096DFE0B707D1200A845D4 /* libmediafork dlib */ = {
			isa = PBXNativeTarget;
			buildConfigurationList = 0D096E650B707D5800A845D4 /* Build configuration list for PBXNativeTarget "libmediafork dlib" */;
			buildPhases = (
				0D096DFB0B707D1200A845D4 /* Headers */,
				0D096DFC0B707D1200A845D4 /* Sources */,
				0D096DFD0B707D1200A845D4 /* Frameworks */,
			);
			buildRules = (
			);
			dependencies = (
			);
			name = "libmediafork dlib";
			productName = "libmediafork dlib";
			productReference = 0D096DFF0B707D1200A845D4 /* libmediafork.dylib */;
			productType = "com.apple.product-type.library.dynamic";
		};
		0DFF0B710B6BC6E600549488 /* libmediafork */ = {
			isa = PBXNativeTarget;
			buildConfigurationList = 0DFF0B730B6BC70400549488 /* Build configuration list for PBXNativeTarget "libmediafork" */;
			buildPhases = (
				0DFF0B6E0B6BC6E600549488 /* Headers */,
				0DFF0B6F0B6BC6E600549488 /* Sources */,
				0DFF0B700B6BC6E600549488 /* Frameworks */,
			);
			buildRules = (
			);
			dependencies = (
			);
			name = libmediafork;
			productName = libmediafork;
			productReference = 0DFF0B720B6BC6E600549488 /* libmediafork.a */;
			productType = "com.apple.product-type.library.static";
		};
		0DFF0C090B6BCEC200549488 /* MediaForkCLI */ = {
			isa = PBXNativeTarget;
			buildConfigurationList = 0DFF0C0C0B6BCEE000549488 /* Build configuration list for PBXNativeTarget "MediaForkCLI" */;
			buildPhases = (
				0DFF0C070B6BCEC200549488 /* Sources */,
				0DFF0C080B6BCEC200549488 /* Frameworks */,
			);
			buildRules = (
			);
			dependencies = (
				0D6E35910B6BD5FA005AABB3 /* PBXTargetDependency */,
			);
			name = MediaForkCLI;
			productName = MediaForkCLI;
			productReference = 0DFF0C0A0B6BCEC200549488 /* MediaForkCLI */;
			productType = "com.apple.product-type.tool";
		};
		4D1EA2D90993B01000FDC1A2 /* Instant MediaFork */ = {
			isa = PBXNativeTarget;
			buildConfigurationList = 4D1EA2DD0993B01100FDC1A2 /* Build configuration list for PBXNativeTarget "Instant MediaFork" */;
			buildPhases = (
				4D1EA2D60993B01000FDC1A2 /* Resources */,
				4D1EA2D70993B01000FDC1A2 /* Sources */,
				4D1EA2D80993B01000FDC1A2 /* Frameworks */,
			);
			buildRules = (
			);
			dependencies = (
				0DFF0BF20B6BCCB400549488 /* PBXTargetDependency */,
			);
			name = "Instant MediaFork";
			productName = "Instant HandBrake";
			productReference = 4D1EA2DA0993B01000FDC1A2 /* Instant MediaFork.app */;
			productType = "com.apple.product-type.application";
		};
		4DD93F8D082036E8008E1322 /* MediaFork */ = {
			isa = PBXNativeTarget;
			buildConfigurationList = 4D4E7BC0087804870051572B /* Build configuration list for PBXNativeTarget "MediaFork" */;
			buildPhases = (
				4DD93F8E082036E8008E1322 /* Headers */,
				4DD93F95082036E8008E1322 /* Resources */,
				4DD93F99082036E8008E1322 /* Sources */,
				4DD93FA1082036E8008E1322 /* Frameworks */,
			);
			buildRules = (
			);
			dependencies = (
				0DFF0BF40B6BCCB900549488 /* PBXTargetDependency */,
			);
			name = MediaFork;
			productName = HandBrake;
			productReference = 0D6E35760B6BD4F0005AABB3 /* MediaFork.app */;
			productType = "com.apple.product-type.application";
		};
/* End PBXNativeTarget section */

/* Begin PBXProject section */
		29B97313FDCFA39411CA2CEA /* Project object */ = {
			isa = PBXProject;
			buildConfigurationList = 4D4E7BC4087804870051572B /* Build configuration list for PBXProject "MediaFork" */;
			hasScannedForEncodings = 1;
			mainGroup = 29B97314FDCFA39411CA2CEA /* HandBrake */;
			projectDirPath = "";
			targets = (
				4DD93F8D082036E8008E1322 /* MediaFork */,
				4D1EA2D90993B01000FDC1A2 /* Instant MediaFork */,
				0DFF0B710B6BC6E600549488 /* libmediafork */,
				0DFF0C090B6BCEC200549488 /* MediaForkCLI */,
				0D096DFE0B707D1200A845D4 /* libmediafork dlib */,
			);
		};
/* End PBXProject section */

/* Begin PBXResourcesBuildPhase section */
		4D1EA2D60993B01000FDC1A2 /* Resources */ = {
			isa = PBXResourcesBuildPhase;
			buildActionMask = 2147483647;
			files = (
				0D75EDC00B6FF9DA0090EA86 /* MediaFork.icns in Resources */,
				52AFF86B0B59BD14000DA7C4 /* Express.plist in Resources */,
				52AFF86A0B59BD07000DA7C4 /* InfoPlist.strings in Resources */,
				4D1EA3010993B13700FDC1A2 /* Express.nib in Resources */,
			);
			runOnlyForDeploymentPostprocessing = 0;
		};
		4DD93F95082036E8008E1322 /* Resources */ = {
			isa = PBXResourcesBuildPhase;
			buildActionMask = 2147483647;
			files = (
				4DD93F96082036E8008E1322 /* MainMenu.nib in Resources */,
				4DD93F97082036E8008E1322 /* InfoPlist.strings in Resources */,
				4DD93F98082036E8008E1322 /* MediaFork.icns in Resources */,
				4DE09E63082038A400FB751F /* MediaFork.plist in Resources */,
			);
			runOnlyForDeploymentPostprocessing = 0;
		};
/* End PBXResourcesBuildPhase section */

/* Begin PBXSourcesBuildPhase section */
		0D096DFC0B707D1200A845D4 /* Sources */ = {
			isa = PBXSourcesBuildPhase;
			buildActionMask = 2147483647;
			files = (
				0D096E010B707D3400A845D4 /* common.c in Sources */,
				0D096E020B707D3400A845D4 /* deca52.c in Sources */,
				0D096E030B707D3400A845D4 /* decavcodec.c in Sources */,
				0D096E040B707D3400A845D4 /* declpcm.c in Sources */,
				0D096E050B707D3400A845D4 /* decmpeg2.c in Sources */,
				0D096E060B707D3400A845D4 /* decsub.c in Sources */,
				0D096E070B707D3400A845D4 /* demuxmpeg.c in Sources */,
				0D096E080B707D3400A845D4 /* dvd.c in Sources */,
				0D096E090B707D3400A845D4 /* encavcodec.c in Sources */,
				0D096E0A0B707D3400A845D4 /* encfaac.c in Sources */,
				0D096E0B0B707D3400A845D4 /* enclame.c in Sources */,
				0D096E0C0B707D3400A845D4 /* encvorbis.c in Sources */,
				0D096E0D0B707D3400A845D4 /* encx264.c in Sources */,
				0D096E0E0B707D3400A845D4 /* encxvid.c in Sources */,
				0D096E0F0B707D3400A845D4 /* fifo.c in Sources */,
				0D096E100B707D3400A845D4 /* muxavi.c in Sources */,
				0D096E110B707D3400A845D4 /* muxcommon.c in Sources */,
				0D096E120B707D3400A845D4 /* muxmp4.c in Sources */,
				0D096E130B707D3400A845D4 /* muxogm.c in Sources */,
				0D096E140B707D3400A845D4 /* ports.c in Sources */,
				0D096E150B707D3400A845D4 /* reader.c in Sources */,
				0D096E160B707D3400A845D4 /* render.c in Sources */,
				0D096E170B707D3400A845D4 /* scan.c in Sources */,
				0D096E180B707D3400A845D4 /* sync.c in Sources */,
				0D096E190B707D3400A845D4 /* update.c in Sources */,
				0D096E1A0B707D3400A845D4 /* work.c in Sources */,
				0D9C5CE60B77E85B00828855 /* mediafork.c in Sources */,
				0DF377430B7BEACA00115CB0 /* ipodutil.cpp in Sources */,
			);
			runOnlyForDeploymentPostprocessing = 0;
		};
		0DFF0B6F0B6BC6E600549488 /* Sources */ = {
			isa = PBXSourcesBuildPhase;
			buildActionMask = 2147483647;
			files = (
				0DFF0B770B6BC72A00549488 /* common.c in Sources */,
				0DFF0B790B6BC72A00549488 /* deca52.c in Sources */,
				0DFF0B7A0B6BC72A00549488 /* decavcodec.c in Sources */,
				0DFF0B7B0B6BC72A00549488 /* declpcm.c in Sources */,
				0DFF0B7C0B6BC72A00549488 /* decmpeg2.c in Sources */,
				0DFF0B7D0B6BC72A00549488 /* decsub.c in Sources */,
				0DFF0B7E0B6BC72A00549488 /* demuxmpeg.c in Sources */,
				0DFF0B7F0B6BC72A00549488 /* dvd.c in Sources */,
				0DFF0B800B6BC72A00549488 /* encavcodec.c in Sources */,
				0DFF0B810B6BC72A00549488 /* encfaac.c in Sources */,
				0DFF0B820B6BC72A00549488 /* enclame.c in Sources */,
				0DFF0B830B6BC72A00549488 /* encvorbis.c in Sources */,
				0DFF0B840B6BC72A00549488 /* encx264.c in Sources */,
				0DFF0B850B6BC72A00549488 /* encxvid.c in Sources */,
				0DFF0B860B6BC72A00549488 /* fifo.c in Sources */,
				0DFF0B8B0B6BC72A00549488 /* muxavi.c in Sources */,
				0DFF0B8C0B6BC72A00549488 /* muxcommon.c in Sources */,
				0DFF0B8D0B6BC72A00549488 /* muxmp4.c in Sources */,
				0DFF0B8E0B6BC72A00549488 /* muxogm.c in Sources */,
				0DFF0B8F0B6BC72A00549488 /* ports.c in Sources */,
				0DFF0B910B6BC72A00549488 /* reader.c in Sources */,
				0DFF0B920B6BC72A00549488 /* render.c in Sources */,
				0DFF0B930B6BC72A00549488 /* scan.c in Sources */,
				0DFF0B940B6BC72A00549488 /* sync.c in Sources */,
				0DFF0B950B6BC72A00549488 /* update.c in Sources */,
				0DFF0B960B6BC72A00549488 /* work.c in Sources */,
				0D9C5CE50B77E85B00828855 /* mediafork.c in Sources */,
				0DF377440B7BEACA00115CB0 /* ipodutil.cpp in Sources */,
			);
			runOnlyForDeploymentPostprocessing = 0;
		};
		0DFF0C070B6BCEC200549488 /* Sources */ = {
			isa = PBXSourcesBuildPhase;
			buildActionMask = 2147483647;
			files = (
				0DFF0C100B6BCEE800549488 /* test.c in Sources */,
				0DF377980B7BF99A00115CB0 /* fakexcode.cpp in Sources */,
			);
			runOnlyForDeploymentPostprocessing = 0;
		};
		4D1EA2D70993B01000FDC1A2 /* Sources */ = {
			isa = PBXSourcesBuildPhase;
			buildActionMask = 2147483647;
			files = (
				4D1EA2EA0993B09A00FDC1A2 /* main.mm in Sources */,
				4D1EA31C0993B24700FDC1A2 /* ExpressController.m in Sources */,
				4D3ECC2709A4917000B2E45F /* WhiteBox.m in Sources */,
				4D2AE78B09CCB24C007E18F6 /* DriveDetector.m in Sources */,
			);
			runOnlyForDeploymentPostprocessing = 0;
		};
		4DD93F99082036E8008E1322 /* Sources */ = {
			isa = PBXSourcesBuildPhase;
			buildActionMask = 2147483647;
			files = (
				4DD93F9A082036E8008E1322 /* main.mm in Sources */,
				4DD93F9B082036E8008E1322 /* Controller.mm in Sources */,
				4DD93F9C082036E8008E1322 /* PictureGLView.mm in Sources */,
				4DD93F9D082036E8008E1322 /* ScanController.mm in Sources */,
				4DD93F9E082036E8008E1322 /* PictureController.mm in Sources */,
				4DD93F9F082036E8008E1322 /* QueueController.mm in Sources */,
				4DD93FA0082036E8008E1322 /* PrefsController.m in Sources */,
				4D2AEA2909CCB8F9007E18F6 /* DriveDetector.m in Sources */,
			);
			runOnlyForDeploymentPostprocessing = 0;
		};
/* End PBXSourcesBuildPhase section */

/* Begin PBXTargetDependency section */
		0D6E35910B6BD5FA005AABB3 /* PBXTargetDependency */ = {
			isa = PBXTargetDependency;
			target = 0DFF0B710B6BC6E600549488 /* libmediafork */;
			targetProxy = 0D6E35900B6BD5FA005AABB3 /* PBXContainerItemProxy */;
		};
		0DFF0BF20B6BCCB400549488 /* PBXTargetDependency */ = {
			isa = PBXTargetDependency;
			target = 0DFF0B710B6BC6E600549488 /* libmediafork */;
			targetProxy = 0DFF0BF10B6BCCB400549488 /* PBXContainerItemProxy */;
		};
		0DFF0BF40B6BCCB900549488 /* PBXTargetDependency */ = {
			isa = PBXTargetDependency;
			target = 0DFF0B710B6BC6E600549488 /* libmediafork */;
			targetProxy = 0DFF0BF30B6BCCB900549488 /* PBXContainerItemProxy */;
		};
/* End PBXTargetDependency section */

/* Begin PBXVariantGroup section */
		089C165CFE840E0CC02AAC07 /* InfoPlist.strings */ = {
			isa = PBXVariantGroup;
			children = (
				089C165DFE840E0CC02AAC07 /* English */,
			);
			name = InfoPlist.strings;
			sourceTree = "<group>";
		};
		29B97318FDCFA39411CA2CEA /* MainMenu.nib */ = {
			isa = PBXVariantGroup;
			children = (
				29B97319FDCFA39411CA2CEA /* English */,
			);
			name = MainMenu.nib;
			sourceTree = "<group>";
		};
/* End PBXVariantGroup section */

/* Begin XCBuildConfiguration section */
		0D096E660B707D5800A845D4 /* Development */ = {
			isa = XCBuildConfiguration;
			buildSettings = {
				CONFIGURATION_BUILD_DIR = "$(PROJECT_DIR)/../libmediafork";
				COPY_PHASE_STRIP = NO;
				DYLIB_COMPATIBILITY_VERSION = 1;
				DYLIB_CURRENT_VERSION = 1;
				EXECUTABLE_PREFIX = lib;
				GCC_DYNAMIC_NO_PIC = NO;
				GCC_ENABLE_FIX_AND_CONTINUE = YES;
				GCC_GENERATE_DEBUGGING_SYMBOLS = YES;
				GCC_INLINES_ARE_PRIVATE_EXTERN = NO;
				GCC_MODEL_TUNING = G5;
				GCC_OPTIMIZATION_LEVEL = s;
				GCC_PRECOMPILE_PREFIX_HEADER = YES;
				GCC_PREFIX_HEADER = "";
				HEADER_SEARCH_PATHS = "$(PROJECT_DIR)/../contrib/include";
				INSTALL_PATH = /usr/local/lib;
				LIBRARY_SEARCH_PATHS = "";
				MACOSX_DEPLOYMENT_TARGET = 10.4;
				OTHER_CFLAGS = (
					"-D__LIBMEDIAFORK__",
					"-DSYS_DARWIN",
					"$(OTHER_CFLAGS_QUOTED_1)",
					"-DHB_BUILD=20070211",
					"-DUSE_PTHREAD",
				);
				OTHER_CFLAGS_QUOTED_1 = "-DHB_VERSION=\\\"0.8.0\\\"";
				OTHER_LDFLAGS = (
					../contrib/lib/libmp4v2.a,
					../contrib/lib/liba52.a,
					../contrib/lib/libavformat.a,
					../contrib/lib/libavcodec.a,
					../contrib/lib/libavutil.a,
					../contrib/lib/libdvdread.a,
					../contrib/lib/libdvdcss.a,
					../contrib/lib/libfaac.a,
					../contrib/lib/libmp3lame.a,
					../contrib/lib/libmpeg2.a,
					../contrib/lib/libvorbis.a,
					../contrib/lib/libvorbisenc.a,
					../contrib/lib/libogg.a,
					../contrib/lib/libsamplerate.a,
					../contrib/lib/libx264.a,
					../contrib/lib/libxvidcore.a,
					"-ldl",
					"-flat_namespace",
					"-read_only_relocs",
					suppress,
				);
				PER_ARCH_CFLAGS_ppc = "-DWORDS_BIGENDIAN";
				PREBINDING = NO;
				PRODUCT_NAME = mediafork;
				SEPARATE_STRIP = YES;
				ZERO_LINK = NO;
			};
			name = Development;
		};
		0D096E670B707D5800A845D4 /* Deployment */ = {
			isa = XCBuildConfiguration;
			buildSettings = {
				CONFIGURATION_BUILD_DIR = "$(PROJECT_DIR)/../libmediafork";
				COPY_PHASE_STRIP = YES;
				DYLIB_COMPATIBILITY_VERSION = 1;
				DYLIB_CURRENT_VERSION = 1;
				EXECUTABLE_PREFIX = lib;
				GCC_ENABLE_FIX_AND_CONTINUE = NO;
				GCC_GENERATE_DEBUGGING_SYMBOLS = NO;
				GCC_INLINES_ARE_PRIVATE_EXTERN = NO;
				GCC_MODEL_TUNING = G5;
				GCC_OPTIMIZATION_LEVEL = s;
				GCC_PRECOMPILE_PREFIX_HEADER = YES;
				GCC_PREFIX_HEADER = "";
				HEADER_SEARCH_PATHS = "$(PROJECT_DIR)/../contrib/include";
				INSTALL_PATH = /usr/local/lib;
				LIBRARY_SEARCH_PATHS = "";
				MACOSX_DEPLOYMENT_TARGET = 10.4;
				OTHER_CFLAGS = (
					"-D__LIBMEDIAFORK__",
					"-DSYS_DARWIN",
					"$(OTHER_CFLAGS_QUOTED_1)",
					"-DHB_BUILD=20070211",
					"-DUSE_PTHREAD",
				);
				OTHER_CFLAGS_QUOTED_1 = "-DHB_VERSION=\\\"0.8.0\\\"";
				OTHER_LDFLAGS = (
					../contrib/lib/libmp4v2.a,
					../contrib/lib/liba52.a,
					../contrib/lib/libavformat.a,
					../contrib/lib/libavcodec.a,
					../contrib/lib/libavutil.a,
					../contrib/lib/libdvdread.a,
					../contrib/lib/libdvdcss.a,
					../contrib/lib/libfaac.a,
					../contrib/lib/libmp3lame.a,
					../contrib/lib/libmpeg2.a,
					../contrib/lib/libvorbis.a,
					../contrib/lib/libvorbisenc.a,
					../contrib/lib/libogg.a,
					../contrib/lib/libsamplerate.a,
					../contrib/lib/libx264.a,
					../contrib/lib/libxvidcore.a,
					"-ldl",
					"-flat_namespace",
					"-read_only_relocs",
					suppress,
				);
				PER_ARCH_CFLAGS_ppc = "-DWORDS_BIGENDIAN";
				PREBINDING = NO;
				PRODUCT_NAME = mediafork;
				SEPARATE_STRIP = YES;
				ZERO_LINK = NO;
			};
			name = Deployment;
		};
		0D096E680B707D5800A845D4 /* Default */ = {
			isa = XCBuildConfiguration;
			buildSettings = {
				CONFIGURATION_BUILD_DIR = "$(PROJECT_DIR)/../libmediafork";
				DYLIB_COMPATIBILITY_VERSION = 1;
				DYLIB_CURRENT_VERSION = 1;
				EXECUTABLE_PREFIX = lib;
				GCC_ENABLE_FIX_AND_CONTINUE = YES;
				GCC_INLINES_ARE_PRIVATE_EXTERN = NO;
				GCC_MODEL_TUNING = G5;
				GCC_OPTIMIZATION_LEVEL = s;
				GCC_PRECOMPILE_PREFIX_HEADER = YES;
				GCC_PREFIX_HEADER = "";
				HEADER_SEARCH_PATHS = "$(PROJECT_DIR)/../contrib/include";
				INSTALL_PATH = /usr/local/lib;
				LIBRARY_SEARCH_PATHS = "";
				MACOSX_DEPLOYMENT_TARGET = 10.4;
				OTHER_CFLAGS = (
					"-D__LIBMEDIAFORK__",
					"-DSYS_DARWIN",
					"$(OTHER_CFLAGS_QUOTED_1)",
					"-DHB_BUILD=20070211",
					"-DUSE_PTHREAD",
				);
				OTHER_CFLAGS_QUOTED_1 = "-DHB_VERSION=\\\"0.8.0\\\"";
				OTHER_LDFLAGS = (
					../contrib/lib/libmp4v2.a,
					../contrib/lib/liba52.a,
					../contrib/lib/libavformat.a,
					../contrib/lib/libavcodec.a,
					../contrib/lib/libavutil.a,
					../contrib/lib/libdvdread.a,
					../contrib/lib/libdvdcss.a,
					../contrib/lib/libfaac.a,
					../contrib/lib/libmp3lame.a,
					../contrib/lib/libmpeg2.a,
					../contrib/lib/libvorbis.a,
					../contrib/lib/libvorbisenc.a,
					../contrib/lib/libogg.a,
					../contrib/lib/libsamplerate.a,
					../contrib/lib/libx264.a,
					../contrib/lib/libxvidcore.a,
					"-ldl",
					"-flat_namespace",
					"-read_only_relocs",
					suppress,
				);
				PER_ARCH_CFLAGS_ppc = "-DWORDS_BIGENDIAN";
				PREBINDING = NO;
				PRODUCT_NAME = mediafork;
				SEPARATE_STRIP = YES;
				ZERO_LINK = NO;
			};
			name = Default;
		};
		0D096E690B707D5800A845D4 /* UB */ = {
			isa = XCBuildConfiguration;
			buildSettings = {
				CONFIGURATION_BUILD_DIR = "$(PROJECT_DIR)/../libmediafork";
				DYLIB_COMPATIBILITY_VERSION = 1;
				DYLIB_CURRENT_VERSION = 1;
				EXECUTABLE_PREFIX = lib;
				GCC_ENABLE_FIX_AND_CONTINUE = YES;
				GCC_INLINES_ARE_PRIVATE_EXTERN = NO;
				GCC_MODEL_TUNING = G5;
				GCC_OPTIMIZATION_LEVEL = s;
				GCC_PRECOMPILE_PREFIX_HEADER = YES;
				GCC_PREFIX_HEADER = "";
				HEADER_SEARCH_PATHS = "$(PROJECT_DIR)/../contrib/include";
				INSTALL_PATH = /usr/local/lib;
				LIBRARY_SEARCH_PATHS = "";
				MACOSX_DEPLOYMENT_TARGET = 10.4;
				OTHER_CFLAGS = (
					"-D__LIBMEDIAFORK__",
					"-DSYS_DARWIN",
					"$(OTHER_CFLAGS_QUOTED_1)",
					"-DHB_BUILD=20070211",
					"-DUSE_PTHREAD",
				);
				OTHER_CFLAGS_QUOTED_1 = "-DHB_VERSION=\\\"0.8.0b1\\\"";
				OTHER_LDFLAGS = (
					../contrib/lib/libmp4v2.a,
					../contrib/lib/liba52.a,
					../contrib/lib/libavformat.a,
					../contrib/lib/libavcodec.a,
					../contrib/lib/libavutil.a,
					../contrib/lib/libdvdread.a,
					../contrib/lib/libdvdcss.a,
					../contrib/lib/libfaac.a,
					../contrib/lib/libmp3lame.a,
					../contrib/lib/libmpeg2.a,
					../contrib/lib/libvorbis.a,
					../contrib/lib/libvorbisenc.a,
					../contrib/lib/libogg.a,
					../contrib/lib/libsamplerate.a,
					../contrib/lib/libx264.a,
					../contrib/lib/libxvidcore.a,
					"-ldl",
					"-flat_namespace",
					"-read_only_relocs",
					suppress,
				);
				PER_ARCH_CFLAGS_ppc = "-DWORDS_BIGENDIAN";
				PREBINDING = NO;
				PRODUCT_NAME = mediafork;
				SEPARATE_STRIP = YES;
				ZERO_LINK = NO;
			};
			name = UB;
		};
		0D88F56B0B6CDCD400F81F26 /* UB */ = {
			isa = XCBuildConfiguration;
			buildSettings = {
				CONFIGURATION_BUILD_DIR = "$(PROJECT_DIR)/../libmediafork";
				GCC_ENABLE_FIX_AND_CONTINUE = YES;
				GCC_GENERATE_DEBUGGING_SYMBOLS = YES;
				GCC_MODEL_TUNING = G5;
				GCC_OPTIMIZATION_LEVEL = s;
				GCC_PRECOMPILE_PREFIX_HEADER = YES;
				GCC_PREFIX_HEADER = "";
				HEADER_SEARCH_PATHS = "$(PROJECT_DIR)/../contrib/include";
				INSTALL_PATH = /usr/local/lib;
				OTHER_CFLAGS = (
					"-D__LIBMEDIAFORK__",
					"-DSYS_DARWIN",
					"$(OTHER_CFLAGS_QUOTED_1)",
					"-DHB_BUILD=20070211",
					"-DUSE_PTHREAD",
				);
				OTHER_CFLAGS_QUOTED_1 = "-DHB_VERSION=\\\"0.8.0b1\\\"";
				OTHER_LDFLAGS = "";
				PER_ARCH_CFLAGS_ppc = "-DWORDS_BIGENDIAN";
				PREBINDING = NO;
				PRODUCT_NAME = mediafork;
				SDKROOT = /Developer/SDKs/MacOSX10.4u.sdk;
				ZERO_LINK = NO;
			};
			name = UB;
		};
		0D88F56C0B6CDCD400F81F26 /* UB */ = {
			isa = XCBuildConfiguration;
			buildSettings = {
				CONFIGURATION_BUILD_DIR = ..;
				CURRENT_PROJECT_VERSION = 0.8.0b1;
				FRAMEWORK_SEARCH_PATHS = "";
				GCC_OPTIMIZATION_LEVEL = s;
				GCC_TREAT_WARNINGS_AS_ERRORS = NO;
				HEADER_SEARCH_PATHS = ../libmediafork;
				INFOPLIST_FILE = MediaFork.plist;
				LIBRARY_SEARCH_PATHS = "";
				OTHER_CFLAGS = "";
				OTHER_LDFLAGS = (
					../libmediafork/libmediafork.a,
					../contrib/lib/libmp4v2.a,
					../contrib/lib/liba52.a,
					../contrib/lib/libavformat.a,
					../contrib/lib/libavcodec.a,
					../contrib/lib/libavutil.a,
					../contrib/lib/libdvdread.a,
					../contrib/lib/libdvdcss.a,
					../contrib/lib/libfaac.a,
					../contrib/lib/libmp3lame.a,
					../contrib/lib/libmpeg2.a,
					../contrib/lib/libvorbis.a,
					../contrib/lib/libvorbisenc.a,
					../contrib/lib/libogg.a,
					../contrib/lib/libsamplerate.a,
					../contrib/lib/libx264.a,
					../contrib/lib/libxvidcore.a,
				);
				PRODUCT_NAME = MediaFork;
				SECTORDER_FLAGS = "";
				WARNING_CFLAGS = (
					"-Wmost",
					"-Wno-four-char-constants",
					"-Wno-unknown-pragmas",
				);
				WRAPPER_EXTENSION = app;
			};
			name = UB;
		};
		0D88F56D0B6CDCD400F81F26 /* UB */ = {
			isa = XCBuildConfiguration;
			buildSettings = {
				CONFIGURATION_BUILD_DIR = ..;
				GCC_ENABLE_FIX_AND_CONTINUE = YES;
				GCC_MODEL_TUNING = G5;
				GCC_OPTIMIZATION_LEVEL = s;
				GCC_PRECOMPILE_PREFIX_HEADER = YES;
				GCC_PREFIX_HEADER = "$(SYSTEM_LIBRARY_DIR)/Frameworks/AppKit.framework/Headers/AppKit.h";
				HEADER_SEARCH_PATHS = ../libmediafork;
				INFOPLIST_FILE = Express.plist;
				INSTALL_PATH = "$(HOME)/Applications";
				LIBRARY_SEARCH_PATHS = (
					"$(inherited)",
					"$(LIBRARY_SEARCH_PATHS_QUOTED_1)",
				);
				LIBRARY_SEARCH_PATHS_QUOTED_1 = "\"$(SRCROOT)\"";
				OTHER_LDFLAGS = (
					../libmediafork/libmediafork.a,
					../contrib/lib/libmp4v2.a,
					../contrib/lib/liba52.a,
					../contrib/lib/libavformat.a,
					../contrib/lib/libavcodec.a,
					../contrib/lib/libavutil.a,
					../contrib/lib/libdvdread.a,
					../contrib/lib/libdvdcss.a,
					../contrib/lib/libfaac.a,
					../contrib/lib/libmp3lame.a,
					../contrib/lib/libmpeg2.a,
					../contrib/lib/libvorbis.a,
					../contrib/lib/libvorbisenc.a,
					../contrib/lib/libogg.a,
					../contrib/lib/libsamplerate.a,
					../contrib/lib/libx264.a,
					../contrib/lib/libxvidcore.a,
				);
				PREBINDING = NO;
				PRODUCT_NAME = "Instant MediaFork";
				SDKROOT = /Developer/SDKs/MacOSX10.4u.sdk;
				WRAPPER_EXTENSION = app;
				ZERO_LINK = NO;
			};
			name = UB;
		};
		0D88F56E0B6CDCD400F81F26 /* UB */ = {
			isa = XCBuildConfiguration;
			buildSettings = {
				CONFIGURATION_BUILD_DIR = ..;
				GCC_ENABLE_FIX_AND_CONTINUE = YES;
				GCC_MODEL_TUNING = G5;
				GCC_OPTIMIZATION_LEVEL = s;
				HEADER_SEARCH_PATHS = ../libmediafork;
				INSTALL_PATH = /usr/local/bin;
				LIBRARY_SEARCH_PATHS = "";
				OTHER_CFLAGS = "";
				OTHER_LDFLAGS = (
					../libmediafork/libmediafork.a,
					../contrib/lib/libmp4v2.a,
					../contrib/lib/liba52.a,
					../contrib/lib/libavformat.a,
					../contrib/lib/libavcodec.a,
					../contrib/lib/libavutil.a,
					../contrib/lib/libdvdread.a,
					../contrib/lib/libdvdcss.a,
					../contrib/lib/libfaac.a,
					../contrib/lib/libmp3lame.a,
					../contrib/lib/libmpeg2.a,
					../contrib/lib/libvorbis.a,
					../contrib/lib/libvorbisenc.a,
					../contrib/lib/libogg.a,
					../contrib/lib/libsamplerate.a,
					../contrib/lib/libx264.a,
					../contrib/lib/libxvidcore.a,
					"-lz",
				);
				PREBINDING = NO;
				PRODUCT_NAME = MediaForkCLI;
				SDKROOT = /Developer/SDKs/MacOSX10.4u.sdk;
				ZERO_LINK = NO;
			};
			name = UB;
		};
		0D88F56F0B6CDCD400F81F26 /* UB */ = {
			isa = XCBuildConfiguration;
			buildSettings = {
				ARCHS = (
					ppc,
					i386,
				);
				MACOSX_DEPLOYMENT_TARGET = 10.3;
				SDKROOT = /Developer/SDKs/MacOSX10.4u.sdk;
			};
			name = UB;
		};
		0DFF0B740B6BC70400549488 /* Development */ = {
			isa = XCBuildConfiguration;
			buildSettings = {
				CONFIGURATION_BUILD_DIR = "$(PROJECT_DIR)/../libmediafork";
				COPY_PHASE_STRIP = NO;
				GCC_DYNAMIC_NO_PIC = NO;
				GCC_ENABLE_FIX_AND_CONTINUE = YES;
				GCC_GENERATE_DEBUGGING_SYMBOLS = YES;
				GCC_MODEL_TUNING = G5;
				GCC_OPTIMIZATION_LEVEL = s;
				GCC_PRECOMPILE_PREFIX_HEADER = YES;
				GCC_PREFIX_HEADER = "";
				HEADER_SEARCH_PATHS = "$(PROJECT_DIR)/../contrib/include";
				INSTALL_PATH = /usr/local/lib;
				OTHER_CFLAGS = (
					"-D__LIBMEDIAFORK__",
					"-DSYS_DARWIN",
					"$(OTHER_CFLAGS_QUOTED_1)",
					"-DHB_BUILD=20070211",
					"-DUSE_PTHREAD",
				);
				OTHER_CFLAGS_QUOTED_1 = "-DHB_VERSION=\\\"0.8.0\\\"";
				OTHER_LDFLAGS = "";
				PER_ARCH_CFLAGS_ppc = "-DWORDS_BIGENDIAN";
				PREBINDING = NO;
				PRODUCT_NAME = mediafork;
				SDKROOT = /Developer/SDKs/MacOSX10.4u.sdk;
				ZERO_LINK = NO;
			};
			name = Development;
		};
		0DFF0B750B6BC70400549488 /* Deployment */ = {
			isa = XCBuildConfiguration;
			buildSettings = {
				CONFIGURATION_BUILD_DIR = "$(PROJECT_DIR)/../libmediafork";
				COPY_PHASE_STRIP = YES;
				GCC_ENABLE_FIX_AND_CONTINUE = NO;
				GCC_GENERATE_DEBUGGING_SYMBOLS = YES;
				GCC_MODEL_TUNING = G5;
				GCC_OPTIMIZATION_LEVEL = s;
				GCC_PRECOMPILE_PREFIX_HEADER = YES;
				GCC_PREFIX_HEADER = "";
				HEADER_SEARCH_PATHS = "$(PROJECT_DIR)/../contrib/include";
				INSTALL_PATH = /usr/local/lib;
				OTHER_CFLAGS = (
					"-D__LIBMEDIAFORK__",
					"-DSYS_DARWIN",
					"$(OTHER_CFLAGS_QUOTED_1)",
					"-DHB_BUILD=20070211",
					"-DUSE_PTHREAD",
				);
				OTHER_CFLAGS_QUOTED_1 = "-DHB_VERSION=\\\"0.8.0\\\"";
				OTHER_LDFLAGS = "";
				PER_ARCH_CFLAGS_ppc = "-DWORDS_BIGENDIAN";
				PREBINDING = NO;
				PRODUCT_NAME = mediafork;
				SDKROOT = /Developer/SDKs/MacOSX10.4u.sdk;
				ZERO_LINK = NO;
			};
			name = Deployment;
		};
		0DFF0B760B6BC70400549488 /* Default */ = {
			isa = XCBuildConfiguration;
			buildSettings = {
				CONFIGURATION_BUILD_DIR = "$(PROJECT_DIR)/../libmediafork";
				GCC_ENABLE_FIX_AND_CONTINUE = YES;
				GCC_GENERATE_DEBUGGING_SYMBOLS = YES;
				GCC_MODEL_TUNING = G5;
				GCC_OPTIMIZATION_LEVEL = s;
				GCC_PRECOMPILE_PREFIX_HEADER = YES;
				GCC_PREFIX_HEADER = "";
				HEADER_SEARCH_PATHS = "$(PROJECT_DIR)/../contrib/include";
				INSTALL_PATH = /usr/local/lib;
				OTHER_CFLAGS = (
					"-D__LIBMEDIAFORK__",
					"-DSYS_DARWIN",
					"$(OTHER_CFLAGS_QUOTED_1)",
					"-DHB_BUILD=20070211",
					"-DUSE_PTHREAD",
				);
				OTHER_CFLAGS_QUOTED_1 = "-DHB_VERSION=\\\"0.8.0\\\"";
				OTHER_LDFLAGS = "";
				PER_ARCH_CFLAGS_ppc = "-DWORDS_BIGENDIAN";
				PREBINDING = NO;
				PRODUCT_NAME = mediafork;
				SDKROOT = /Developer/SDKs/MacOSX10.4u.sdk;
				ZERO_LINK = NO;
			};
			name = Default;
		};
		0DFF0C0D0B6BCEE000549488 /* Development */ = {
			isa = XCBuildConfiguration;
			buildSettings = {
				CONFIGURATION_BUILD_DIR = ..;
				COPY_PHASE_STRIP = NO;
				GCC_DYNAMIC_NO_PIC = NO;
				GCC_ENABLE_FIX_AND_CONTINUE = YES;
				GCC_GENERATE_DEBUGGING_SYMBOLS = YES;
				GCC_MODEL_TUNING = G5;
				GCC_OPTIMIZATION_LEVEL = s;
				HEADER_SEARCH_PATHS = ../libmediafork;
				INSTALL_PATH = /usr/local/bin;
				LIBRARY_SEARCH_PATHS = "";
				OTHER_CFLAGS = "";
				OTHER_LDFLAGS = (
					../libmediafork/libmediafork.a,
					../contrib/lib/libmp4v2.a,
					../contrib/lib/liba52.a,
					../contrib/lib/libavformat.a,
					../contrib/lib/libavcodec.a,
					../contrib/lib/libavutil.a,
					../contrib/lib/libdvdread.a,
					../contrib/lib/libdvdcss.a,
					../contrib/lib/libfaac.a,
					../contrib/lib/libmp3lame.a,
					../contrib/lib/libmpeg2.a,
					../contrib/lib/libvorbis.a,
					../contrib/lib/libvorbisenc.a,
					../contrib/lib/libogg.a,
					../contrib/lib/libsamplerate.a,
					../contrib/lib/libx264.a,
					../contrib/lib/libxvidcore.a,
					"-lz",
				);
				PREBINDING = NO;
				PRODUCT_NAME = MediaForkCLI;
				SDKROOT = /Developer/SDKs/MacOSX10.4u.sdk;
				ZERO_LINK = NO;
			};
			name = Development;
		};
		0DFF0C0E0B6BCEE000549488 /* Deployment */ = {
			isa = XCBuildConfiguration;
			buildSettings = {
				CONFIGURATION_BUILD_DIR = ..;
				COPY_PHASE_STRIP = YES;
				GCC_ENABLE_FIX_AND_CONTINUE = NO;
				GCC_GENERATE_DEBUGGING_SYMBOLS = NO;
				GCC_MODEL_TUNING = G5;
				GCC_OPTIMIZATION_LEVEL = s;
				HEADER_SEARCH_PATHS = ../libmediafork;
				INSTALL_PATH = /usr/local/bin;
				LIBRARY_SEARCH_PATHS = "";
				OTHER_CFLAGS = "";
				OTHER_LDFLAGS = (
					../libmediafork/libmediafork.a,
					../contrib/lib/libmp4v2.a,
					../contrib/lib/liba52.a,
					../contrib/lib/libavformat.a,
					../contrib/lib/libavcodec.a,
					../contrib/lib/libavutil.a,
					../contrib/lib/libdvdread.a,
					../contrib/lib/libdvdcss.a,
					../contrib/lib/libfaac.a,
					../contrib/lib/libmp3lame.a,
					../contrib/lib/libmpeg2.a,
					../contrib/lib/libvorbis.a,
					../contrib/lib/libvorbisenc.a,
					../contrib/lib/libogg.a,
					../contrib/lib/libsamplerate.a,
					../contrib/lib/libx264.a,
					../contrib/lib/libxvidcore.a,
					"-lz",
				);
				PREBINDING = NO;
				PRODUCT_NAME = MediaForkCLI;
				SDKROOT = /Developer/SDKs/MacOSX10.4u.sdk;
				ZERO_LINK = NO;
			};
			name = Deployment;
		};
		0DFF0C0F0B6BCEE000549488 /* Default */ = {
			isa = XCBuildConfiguration;
			buildSettings = {
				CONFIGURATION_BUILD_DIR = ..;
				GCC_ENABLE_FIX_AND_CONTINUE = YES;
				GCC_MODEL_TUNING = G5;
				GCC_OPTIMIZATION_LEVEL = s;
				HEADER_SEARCH_PATHS = ../libmediafork;
				INSTALL_PATH = /usr/local/bin;
				LIBRARY_SEARCH_PATHS = "";
				OTHER_CFLAGS = "";
				OTHER_LDFLAGS = (
					../libmediafork/libmediafork.a,
					../contrib/lib/libmp4v2.a,
					../contrib/lib/liba52.a,
					../contrib/lib/libavformat.a,
					../contrib/lib/libavcodec.a,
					../contrib/lib/libavutil.a,
					../contrib/lib/libdvdread.a,
					../contrib/lib/libdvdcss.a,
					../contrib/lib/libfaac.a,
					../contrib/lib/libmp3lame.a,
					../contrib/lib/libmpeg2.a,
					../contrib/lib/libvorbis.a,
					../contrib/lib/libvorbisenc.a,
					../contrib/lib/libogg.a,
					../contrib/lib/libsamplerate.a,
					../contrib/lib/libx264.a,
					../contrib/lib/libxvidcore.a,
					"-lz",
				);
				PREBINDING = NO;
				PRODUCT_NAME = MediaForkCLI;
				SDKROOT = /Developer/SDKs/MacOSX10.4u.sdk;
				ZERO_LINK = NO;
			};
			name = Default;
		};
		4D1EA2DE0993B01100FDC1A2 /* Development */ = {
			isa = XCBuildConfiguration;
			buildSettings = {
				COPY_PHASE_STRIP = NO;
				GCC_DYNAMIC_NO_PIC = NO;
				GCC_ENABLE_FIX_AND_CONTINUE = YES;
				GCC_GENERATE_DEBUGGING_SYMBOLS = YES;
				GCC_MODEL_TUNING = G5;
				GCC_OPTIMIZATION_LEVEL = s;
				GCC_PRECOMPILE_PREFIX_HEADER = YES;
				GCC_PREFIX_HEADER = "$(SYSTEM_LIBRARY_DIR)/Frameworks/AppKit.framework/Headers/AppKit.h";
				HEADER_SEARCH_PATHS = ../libmediafork;
				INFOPLIST_FILE = Express.plist;
				INSTALL_PATH = "$(HOME)/Applications";
				LIBRARY_SEARCH_PATHS = (
					"$(inherited)",
					"$(LIBRARY_SEARCH_PATHS_QUOTED_1)",
				);
				LIBRARY_SEARCH_PATHS_QUOTED_1 = "\"$(SRCROOT)\"";
				OTHER_LDFLAGS = (
					../libmediafork/libmediafork.a,
					../contrib/lib/libmp4v2.a,
					../contrib/lib/liba52.a,
					../contrib/lib/libavformat.a,
					../contrib/lib/libavcodec.a,
					../contrib/lib/libavutil.a,
					../contrib/lib/libdvdread.a,
					../contrib/lib/libdvdcss.a,
					../contrib/lib/libfaac.a,
					../contrib/lib/libmp3lame.a,
					../contrib/lib/libmpeg2.a,
					../contrib/lib/libvorbis.a,
					../contrib/lib/libvorbisenc.a,
					../contrib/lib/libogg.a,
					../contrib/lib/libsamplerate.a,
					../contrib/lib/libx264.a,
					../contrib/lib/libxvidcore.a,
				);
				PREBINDING = NO;
				PRODUCT_NAME = "Instant MediaFork";
				SDKROOT = /Developer/SDKs/MacOSX10.4u.sdk;
				WRAPPER_EXTENSION = app;
				ZERO_LINK = NO;
			};
			name = Development;
		};
		4D1EA2DF0993B01100FDC1A2 /* Deployment */ = {
			isa = XCBuildConfiguration;
			buildSettings = {
				COPY_PHASE_STRIP = YES;
				GCC_ENABLE_FIX_AND_CONTINUE = YES;
				GCC_GENERATE_DEBUGGING_SYMBOLS = NO;
				GCC_MODEL_TUNING = G5;
				GCC_OPTIMIZATION_LEVEL = s;
				GCC_PRECOMPILE_PREFIX_HEADER = YES;
				GCC_PREFIX_HEADER = "$(SYSTEM_LIBRARY_DIR)/Frameworks/AppKit.framework/Headers/AppKit.h";
				HEADER_SEARCH_PATHS = ../libmediafork;
				INFOPLIST_FILE = Express.plist;
				INSTALL_PATH = "$(HOME)/Applications";
				LIBRARY_SEARCH_PATHS = (
					"$(inherited)",
					"$(LIBRARY_SEARCH_PATHS_QUOTED_1)",
				);
				LIBRARY_SEARCH_PATHS_QUOTED_1 = "\"$(SRCROOT)\"";
				OTHER_LDFLAGS = (
					../libmediafork/libmediafork.a,
					../contrib/lib/libmp4v2.a,
					../contrib/lib/liba52.a,
					../contrib/lib/libavformat.a,
					../contrib/lib/libavcodec.a,
					../contrib/lib/libavutil.a,
					../contrib/lib/libdvdread.a,
					../contrib/lib/libdvdcss.a,
					../contrib/lib/libfaac.a,
					../contrib/lib/libmp3lame.a,
					../contrib/lib/libmpeg2.a,
					../contrib/lib/libvorbis.a,
					../contrib/lib/libvorbisenc.a,
					../contrib/lib/libogg.a,
					../contrib/lib/libsamplerate.a,
					../contrib/lib/libx264.a,
					../contrib/lib/libxvidcore.a,
				);
				PREBINDING = NO;
				PRODUCT_NAME = "Instant MediaFork";
				SDKROOT = /Developer/SDKs/MacOSX10.4u.sdk;
				WRAPPER_EXTENSION = app;
				ZERO_LINK = NO;
			};
			name = Deployment;
		};
		4D1EA2E00993B01100FDC1A2 /* Default */ = {
			isa = XCBuildConfiguration;
			buildSettings = {
				GCC_ENABLE_FIX_AND_CONTINUE = YES;
				GCC_MODEL_TUNING = G5;
				GCC_OPTIMIZATION_LEVEL = s;
				GCC_PRECOMPILE_PREFIX_HEADER = YES;
				GCC_PREFIX_HEADER = "$(SYSTEM_LIBRARY_DIR)/Frameworks/AppKit.framework/Headers/AppKit.h";
				HEADER_SEARCH_PATHS = ../libmediafork;
				INFOPLIST_FILE = Express.plist;
				INSTALL_PATH = "$(HOME)/Applications";
				LIBRARY_SEARCH_PATHS = (
					"$(inherited)",
					"$(LIBRARY_SEARCH_PATHS_QUOTED_1)",
				);
				LIBRARY_SEARCH_PATHS_QUOTED_1 = "\"$(SRCROOT)\"";
				OTHER_LDFLAGS = (
					../libmediafork/libmediafork.a,
					../contrib/lib/libmp4v2.a,
					../contrib/lib/liba52.a,
					../contrib/lib/libavformat.a,
					../contrib/lib/libavcodec.a,
					../contrib/lib/libavutil.a,
					../contrib/lib/libdvdread.a,
					../contrib/lib/libdvdcss.a,
					../contrib/lib/libfaac.a,
					../contrib/lib/libmp3lame.a,
					../contrib/lib/libmpeg2.a,
					../contrib/lib/libvorbis.a,
					../contrib/lib/libvorbisenc.a,
					../contrib/lib/libogg.a,
					../contrib/lib/libsamplerate.a,
					../contrib/lib/libx264.a,
					../contrib/lib/libxvidcore.a,
				);
				PREBINDING = NO;
				PRODUCT_NAME = "Instant MediaFork";
				SDKROOT = /Developer/SDKs/MacOSX10.4u.sdk;
				WRAPPER_EXTENSION = app;
				ZERO_LINK = NO;
			};
			name = Default;
		};
		4D4E7BC1087804870051572B /* Development */ = {
			isa = XCBuildConfiguration;
			buildSettings = {
				COPY_PHASE_STRIP = NO;
				CURRENT_PROJECT_VERSION = 0.8.0;
				FRAMEWORK_SEARCH_PATHS = "";
				GCC_DYNAMIC_NO_PIC = YES;
				GCC_ENABLE_FIX_AND_CONTINUE = NO;
				GCC_GENERATE_DEBUGGING_SYMBOLS = YES;
				GCC_OPTIMIZATION_LEVEL = s;
				GCC_TREAT_WARNINGS_AS_ERRORS = NO;
				HEADER_SEARCH_PATHS = ../libmediafork;
				INFOPLIST_FILE = MediaFork.plist;
				LIBRARY_SEARCH_PATHS = "";
				OTHER_CFLAGS = "";
				OTHER_LDFLAGS = (
					../libmediafork/libmediafork.a,
					../contrib/lib/libmp4v2.a,
					../contrib/lib/liba52.a,
					../contrib/lib/libavformat.a,
					../contrib/lib/libavcodec.a,
					../contrib/lib/libavutil.a,
					../contrib/lib/libdvdread.a,
					../contrib/lib/libdvdcss.a,
					../contrib/lib/libfaac.a,
					../contrib/lib/libmp3lame.a,
					../contrib/lib/libmpeg2.a,
					../contrib/lib/libvorbis.a,
					../contrib/lib/libvorbisenc.a,
					../contrib/lib/libogg.a,
					../contrib/lib/libsamplerate.a,
					../contrib/lib/libx264.a,
					../contrib/lib/libxvidcore.a,
				);
				PRODUCT_NAME = MediaFork;
				SECTORDER_FLAGS = "";
				WARNING_CFLAGS = (
					"-Wmost",
					"-Wno-four-char-constants",
					"-Wno-unknown-pragmas",
				);
				WRAPPER_EXTENSION = app;
				ZERO_LINK = NO;
			};
			name = Development;
		};
		4D4E7BC2087804870051572B /* Deployment */ = {
			isa = XCBuildConfiguration;
			buildSettings = {
				COPY_PHASE_STRIP = YES;
				CURRENT_PROJECT_VERSION = 0.8.0;
				FRAMEWORK_SEARCH_PATHS = "";
				GCC_ENABLE_FIX_AND_CONTINUE = NO;
				GCC_OPTIMIZATION_LEVEL = s;
				GCC_TREAT_WARNINGS_AS_ERRORS = NO;
				HEADER_SEARCH_PATHS = ../libmediafork;
				INFOPLIST_FILE = MediaFork.plist;
				LIBRARY_SEARCH_PATHS = "";
				OTHER_CFLAGS = "";
				OTHER_LDFLAGS = (
					../libmediafork/libmediafork.a,
					../contrib/lib/libmp4v2.a,
					../contrib/lib/liba52.a,
					../contrib/lib/libavformat.a,
					../contrib/lib/libavcodec.a,
					../contrib/lib/libavutil.a,
					../contrib/lib/libdvdread.a,
					../contrib/lib/libdvdcss.a,
					../contrib/lib/libfaac.a,
					../contrib/lib/libmp3lame.a,
					../contrib/lib/libmpeg2.a,
					../contrib/lib/libvorbis.a,
					../contrib/lib/libvorbisenc.a,
					../contrib/lib/libogg.a,
					../contrib/lib/libsamplerate.a,
					../contrib/lib/libx264.a,
					../contrib/lib/libxvidcore.a,
				);
				PRODUCT_NAME = MediaFork;
				SECTORDER_FLAGS = "";
				WARNING_CFLAGS = (
					"-Wmost",
					"-Wno-four-char-constants",
					"-Wno-unknown-pragmas",
				);
				WRAPPER_EXTENSION = app;
				ZERO_LINK = NO;
			};
			name = Deployment;
		};
		4D4E7BC3087804870051572B /* Default */ = {
			isa = XCBuildConfiguration;
			buildSettings = {
				CURRENT_PROJECT_VERSION = 0.8.0;
				FRAMEWORK_SEARCH_PATHS = "";
				GCC_OPTIMIZATION_LEVEL = s;
				GCC_TREAT_WARNINGS_AS_ERRORS = NO;
				HEADER_SEARCH_PATHS = ../libmediafork;
				INFOPLIST_FILE = MediaFork.plist;
				LIBRARY_SEARCH_PATHS = "";
				OTHER_CFLAGS = "";
				OTHER_LDFLAGS = (
					../libmediafork/libmediafork.a,
					../contrib/lib/libmp4v2.a,
					../contrib/lib/liba52.a,
					../contrib/lib/libavformat.a,
					../contrib/lib/libavcodec.a,
					../contrib/lib/libavutil.a,
					../contrib/lib/libdvdread.a,
					../contrib/lib/libdvdcss.a,
					../contrib/lib/libfaac.a,
					../contrib/lib/libmp3lame.a,
					../contrib/lib/libmpeg2.a,
					../contrib/lib/libvorbis.a,
					../contrib/lib/libvorbisenc.a,
					../contrib/lib/libogg.a,
					../contrib/lib/libsamplerate.a,
					../contrib/lib/libx264.a,
					../contrib/lib/libxvidcore.a,
				);
				PRODUCT_NAME = MediaFork;
				SECTORDER_FLAGS = "";
				WARNING_CFLAGS = (
					"-Wmost",
					"-Wno-four-char-constants",
					"-Wno-unknown-pragmas",
				);
				WRAPPER_EXTENSION = app;
			};
			name = Default;
		};
		4D4E7BC5087804870051572B /* Development */ = {
			isa = XCBuildConfiguration;
			buildSettings = {
				MACOSX_DEPLOYMENT_TARGET = 10.3;
				SDKROOT = /Developer/SDKs/MacOSX10.4u.sdk;
			};
			name = Development;
		};
		4D4E7BC6087804870051572B /* Deployment */ = {
			isa = XCBuildConfiguration;
			buildSettings = {
				MACOSX_DEPLOYMENT_TARGET = 10.3;
				SDKROOT = /Developer/SDKs/MacOSX10.4u.sdk;
			};
			name = Deployment;
		};
		4D4E7BC7087804870051572B /* Default */ = {
			isa = XCBuildConfiguration;
			buildSettings = {
				MACOSX_DEPLOYMENT_TARGET = 10.3;
				SDKROOT = /Developer/SDKs/MacOSX10.4u.sdk;
			};
			name = Default;
		};
/* End XCBuildConfiguration section */

/* Begin XCConfigurationList section */
		0D096E650B707D5800A845D4 /* Build configuration list for PBXNativeTarget "libmediafork dlib" */ = {
			isa = XCConfigurationList;
			buildConfigurations = (
				0D096E660B707D5800A845D4 /* Development */,
				0D096E670B707D5800A845D4 /* Deployment */,
				0D096E680B707D5800A845D4 /* Default */,
				0D096E690B707D5800A845D4 /* UB */,
			);
			defaultConfigurationIsVisible = 0;
			defaultConfigurationName = Default;
		};
		0DFF0B730B6BC70400549488 /* Build configuration list for PBXNativeTarget "libmediafork" */ = {
			isa = XCConfigurationList;
			buildConfigurations = (
				0DFF0B740B6BC70400549488 /* Development */,
				0DFF0B750B6BC70400549488 /* Deployment */,
				0DFF0B760B6BC70400549488 /* Default */,
				0D88F56B0B6CDCD400F81F26 /* UB */,
			);
			defaultConfigurationIsVisible = 0;
			defaultConfigurationName = Default;
		};
		0DFF0C0C0B6BCEE000549488 /* Build configuration list for PBXNativeTarget "MediaForkCLI" */ = {
			isa = XCConfigurationList;
			buildConfigurations = (
				0DFF0C0D0B6BCEE000549488 /* Development */,
				0DFF0C0E0B6BCEE000549488 /* Deployment */,
				0DFF0C0F0B6BCEE000549488 /* Default */,
				0D88F56E0B6CDCD400F81F26 /* UB */,
			);
			defaultConfigurationIsVisible = 0;
			defaultConfigurationName = Default;
		};
		4D1EA2DD0993B01100FDC1A2 /* Build configuration list for PBXNativeTarget "Instant MediaFork" */ = {
			isa = XCConfigurationList;
			buildConfigurations = (
				4D1EA2DE0993B01100FDC1A2 /* Development */,
				4D1EA2DF0993B01100FDC1A2 /* Deployment */,
				4D1EA2E00993B01100FDC1A2 /* Default */,
				0D88F56D0B6CDCD400F81F26 /* UB */,
			);
			defaultConfigurationIsVisible = 0;
			defaultConfigurationName = Default;
		};
		4D4E7BC0087804870051572B /* Build configuration list for PBXNativeTarget "MediaFork" */ = {
			isa = XCConfigurationList;
			buildConfigurations = (
				4D4E7BC1087804870051572B /* Development */,
				4D4E7BC2087804870051572B /* Deployment */,
				4D4E7BC3087804870051572B /* Default */,
				0D88F56C0B6CDCD400F81F26 /* UB */,
			);
			defaultConfigurationIsVisible = 0;
			defaultConfigurationName = Default;
		};
		4D4E7BC4087804870051572B /* Build configuration list for PBXProject "MediaFork" */ = {
			isa = XCConfigurationList;
			buildConfigurations = (
				4D4E7BC5087804870051572B /* Development */,
				4D4E7BC6087804870051572B /* Deployment */,
				4D4E7BC7087804870051572B /* Default */,
				0D88F56F0B6CDCD400F81F26 /* UB */,
			);
			defaultConfigurationIsVisible = 0;
			defaultConfigurationName = Default;
		};
/* End XCConfigurationList section */
	};
	rootObject = 29B97313FDCFA39411CA2CEA /* Project object */;
}
