{
  "version": 1,
  "dependencies": {
    "net8.0-windows10.0.17763": {
      "Autofac": {
        "type": "Direct",
        "requested": "[6.4.0, )",
        "resolved": "6.4.0",
        "contentHash": "tkFxl6wAPuwVhrlN8wuNADnd+k2tv4ReP7ZZSL0vjfcN0RcfC9v25ogxK6b03HC7D4NwWjSLf1G/zTG8Bw43wQ==",
        "dependencies": {
          "System.Diagnostics.DiagnosticSource": "4.7.1"
        }
      },
      "gong-wpf-dragdrop": {
        "type": "Direct",
        "requested": "[3.2.1, )",
        "resolved": "3.2.1",
        "contentHash": "duqBiOHQobupqRdbLYcr+8BQeeuHkvPDHQs9lnLZ03sYkmJbk5ApXqgUfx7hPP7tN9qopFQKl6OlYIHixnI1iw=="
      },
      "MahApps.Metro": {
        "type": "Direct",
        "requested": "[2.4.9, )",
        "resolved": "2.4.9",
        "contentHash": "eMTkg6TBnCwHzszw7CP+pxsBeB4ZMsJFiTJJoifUVBysRyEenzzR+TKQJuMvvKK6KzvLxwHmJsFhi9o5p4vxhQ==",
        "dependencies": {
          "ControlzEx": "[4.4.0, 6.0.0)"
        }
      },
      "Microsoft.Toolkit.Uwp.Notifications": {
        "type": "Direct",
        "requested": "[7.1.3, )",
        "resolved": "7.1.3",
        "contentHash": "A1dglAzb24gjehmb7DwGd07mfyZ1gacAK7ObE0KwDlRc3mayH2QW7cSOy3TkkyELjLg19OQBuhPOj4SpXET9lg==",
        "dependencies": {
          "Microsoft.Win32.Registry": "4.7.0",
          "System.Drawing.Common": "4.7.0",
          "System.Reflection.Emit": "4.7.0",
          "System.ValueTuple": "4.5.0"
        }
      },
      "System.Management": {
        "type": "Direct",
        "requested": "[7.0.0, )",
        "resolved": "7.0.0",
        "contentHash": "A4jed4QUviDOm7fJNKAJObEAEkEUXmkGL/w0iyCYTzrl1rezTj8LGFHfsVst4Vb9JwFcTpboiDrvdST48avBpw==",
        "dependencies": {
          "System.CodeDom": "7.0.0"
        }
      },
      "ControlzEx": {
        "type": "Transitive",
        "resolved": "4.4.0",
        "contentHash": "pZ5z4hYWwE4R13UMCVs6vII//nL7hz+Nwn4oJlnsZJRGqJNy6Z9KnJiTZfly6lKFu0pMc1aWBZpx+VqFTQKP1Q==",
        "dependencies": {
          "Microsoft.Xaml.Behaviors.Wpf": "1.1.19",
          "System.Text.Json": "4.7.2"
        }
      },
      "Microsoft.NETCore.Platforms": {
        "type": "Transitive",
        "resolved": "3.1.0",
        "contentHash": "z7aeg8oHln2CuNulfhiLYxCVMPEwBl3rzicjvIX+4sUuCwvXw5oXQEtbiU2c0z4qYL5L3Kmx0mMA/+t/SbY67w=="
      },
      "Microsoft.Win32.Registry": {
        "type": "Transitive",
        "resolved": "4.7.0",
        "contentHash": "KSrRMb5vNi0CWSGG1++id2ZOs/1QhRqROt+qgbEAdQuGjGrFcl4AOl4/exGPUYz2wUnU42nvJqon1T3U0kPXLA==",
        "dependencies": {
          "System.Security.AccessControl": "4.7.0",
          "System.Security.Principal.Windows": "4.7.0"
        }
      },
      "Microsoft.Win32.SystemEvents": {
        "type": "Transitive",
        "resolved": "4.7.0",
        "contentHash": "mtVirZr++rq+XCDITMUdnETD59XoeMxSpLRIII7JRI6Yj0LEDiO1pPn0ktlnIj12Ix8bfvQqQDMMIF9wC98oCA==",
        "dependencies": {
          "Microsoft.NETCore.Platforms": "3.1.0"
        }
      },
      "Microsoft.Xaml.Behaviors.Wpf": {
        "type": "Transitive",
        "resolved": "1.1.19",
        "contentHash": "5sPWkbqImc2t1aQwIfJcKsUo7tOg1Tr8+6xVzZJB56Nzt4u9NlpcLofgdX/aRYpPKdWDA3U23Akw1KQzU5e82g=="
      },
      "System.CodeDom": {
        "type": "Transitive",
        "resolved": "7.0.0",
        "contentHash": "GLltyqEsE5/3IE+zYRP5sNa1l44qKl9v+bfdMcwg+M9qnQf47wK3H0SUR/T+3N4JEQXF3vV4CSuuo0rsg+nq2A=="
      },
      "System.Diagnostics.DiagnosticSource": {
        "type": "Transitive",
        "resolved": "4.7.1",
        "contentHash": "j81Lovt90PDAq8kLpaJfJKV/rWdWuEk6jfV+MBkee33vzYLEUsy4gXK8laa9V2nZlLM9VM9yA/OOQxxPEJKAMw=="
      },
      "System.Drawing.Common": {
        "type": "Transitive",
        "resolved": "4.7.0",
        "contentHash": "v+XbyYHaZjDfn0ENmJEV1VYLgGgCTx1gnfOBcppowbpOAriglYgGCvFCPr2EEZyBvXlpxbEsTwkOlInl107ahA==",
        "dependencies": {
          "Microsoft.NETCore.Platforms": "3.1.0",
          "Microsoft.Win32.SystemEvents": "4.7.0"
        }
      },
      "System.Reflection.Emit": {
        "type": "Transitive",
        "resolved": "4.7.0",
        "contentHash": "VR4kk8XLKebQ4MZuKuIni/7oh+QGFmZW3qORd1GvBq/8026OpW501SzT/oypwiQl4TvT8ErnReh/NzY9u+C6wQ=="
      },
      "System.Security.AccessControl": {
        "type": "Transitive",
        "resolved": "4.7.0",
        "contentHash": "JECvTt5aFF3WT3gHpfofL2MNNP6v84sxtXxpqhLBCcDRzqsPBmHhQ6shv4DwwN2tRlzsUxtb3G9M3763rbXKDg==",
        "dependencies": {
          "Microsoft.NETCore.Platforms": "3.1.0",
          "System.Security.Principal.Windows": "4.7.0"
        }
      },
      "System.Security.Principal.Windows": {
        "type": "Transitive",
        "resolved": "4.7.0",
        "contentHash": "ojD0PX0XhneCsUbAZVKdb7h/70vyYMDYs85lwEI+LngEONe/17A0cFaRFqZU+sOEidcVswYWikYOQ9PPfjlbtQ=="
      },
      "System.Text.Json": {
        "type": "Transitive",
        "resolved": "4.7.2",
        "contentHash": "TcMd95wcrubm9nHvJEQs70rC0H/8omiSGGpU4FQ/ZA1URIqD4pjmFJh2Mfv1yH1eHgJDWTi2hMDXwTET+zOOyg=="
      },
      "System.ValueTuple": {
        "type": "Transitive",
        "resolved": "4.5.0",
        "contentHash": "okurQJO6NRE/apDIP23ajJ0hpiNmJ+f0BwOlB/cSqTLQlw5upkf+5+96+iG2Jw40G1fCVCyPz/FhIABUjMR+RQ=="
      },
      "handbrake.app.core": {
        "type": "Project",
        "dependencies": {
          "HandBrake.Interop": "[1.8.1, )"
        }
      },
      "handbrake.interop": {
        "type": "Project"
      },
      "handbrake.worker": {
        "type": "Project",
        "dependencies": {
          "HandBrake.Interop": "[1.8.1, )"
        }
      }
    }
  }
}