
Microsoft Visual Studio Solution File, Format Version 9.00
# Visual Studio 2005
Project("{FAE04EC0-301F-11D3-BF4B-00C04F79EFBC}") = "HandBrakeCS", "HandBrakeCS.csproj", "{A2923D42-C38B-4B12-8CBA-B8D93D6B13A3}"
EndProject
Global
	GlobalSection(SolutionConfigurationPlatforms) = preSolution
		Debug|Any CPU = Debug|Any CPU
		Debug|x86 = Debug|x86
		Release|Any CPU = Release|Any CPU
		Release|x86 = Release|x86
	EndGlobalSection
	GlobalSection(ProjectConfigurationPlatforms) = postSolution
		{A2923D42-C38B-4B12-8CBA-B8D93D6B13A3}.Debug|Any CPU.ActiveCfg = Debug|Any CPU
		{A2923D42-C38B-4B12-8CBA-B8D93D6B13A3}.Debug|Any CPU.Build.0 = Debug|Any CPU
		{A2923D42-C38B-4B12-8CBA-B8D93D6B13A3}.Debug|x86.ActiveCfg = Release|x86
		{A2923D42-C38B-4B12-8CBA-B8D93D6B13A3}.Debug|x86.Build.0 = Release|x86
		{A2923D42-C38B-4B12-8CBA-B8D93D6B13A3}.Release|Any CPU.ActiveCfg = Release|Any CPU
		{A2923D42-C38B-4B12-8CBA-B8D93D6B13A3}.Release|Any CPU.Build.0 = Release|Any CPU
		{A2923D42-C38B-4B12-8CBA-B8D93D6B13A3}.Release|x86.ActiveCfg = Release|x86
		{A2923D42-C38B-4B12-8CBA-B8D93D6B13A3}.Release|x86.Build.0 = Release|x86
	EndGlobalSection
	GlobalSection(SolutionProperties) = preSolution
		HideSolutionNode = FALSE
	EndGlobalSection
EndGlobal
