// !$*UTF8*$!
{
	archiveVersion = 1;
	classes = {
	};
	objectVersion = 46;
	objects = {

/* Begin PBXBuildFile section */
		226268E01572CC7300477B4E /* libavresample.a in Frameworks */ = {isa = PBXBuildFile; fileRef = 226268DF1572CC7300477B4E /* libavresample.a */; };
		226268E11572CC7300477B4E /* libavresample.a in Frameworks */ = {isa = PBXBuildFile; fileRef = 226268DF1572CC7300477B4E /* libavresample.a */; };
		273F202314ADB8650021BE6D /* IOKit.framework in Frameworks */ = {isa = PBXBuildFile; fileRef = 273F202214ADB8650021BE6D /* IOKit.framework */; };
		273F202614ADB8A40021BE6D /* libz.dylib in Frameworks */ = {isa = PBXBuildFile; fileRef = 273F202514ADB8A40021BE6D /* libz.dylib */; };
		273F202814ADB8BE0021BE6D /* libbz2.dylib in Frameworks */ = {isa = PBXBuildFile; fileRef = 273F202714ADB8BE0021BE6D /* libbz2.dylib */; };
		273F202A14ADB8D60021BE6D /* libiconv.dylib in Frameworks */ = {isa = PBXBuildFile; fileRef = 273F202914ADB8D60021BE6D /* libiconv.dylib */; };
		273F203014ADB9790021BE6D /* AudioToolbox.framework in Frameworks */ = {isa = PBXBuildFile; fileRef = 273F202F14ADB9790021BE6D /* AudioToolbox.framework */; };
		273F203314ADB9F00021BE6D /* CoreServices.framework in Frameworks */ = {isa = PBXBuildFile; fileRef = 273F203214ADB9F00021BE6D /* CoreServices.framework */; };
		273F203C14ADBC210021BE6D /* Cocoa.framework in Frameworks */ = {isa = PBXBuildFile; fileRef = 273F203B14ADBC210021BE6D /* Cocoa.framework */; };
		273F208914ADBE3B0021BE6D /* fakexcode.cpp in Sources */ = {isa = PBXBuildFile; fileRef = 273F208514ADBE3B0021BE6D /* fakexcode.cpp */; };
		273F208A14ADBE3B0021BE6D /* parsecsv.c in Sources */ = {isa = PBXBuildFile; fileRef = 273F208614ADBE3B0021BE6D /* parsecsv.c */; };
		273F208B14ADBE3B0021BE6D /* test.c in Sources */ = {isa = PBXBuildFile; fileRef = 273F208814ADBE3B0021BE6D /* test.c */; };
		273F20AB14ADBE670021BE6D /* ChapterTitles.m in Sources */ = {isa = PBXBuildFile; fileRef = 273F208D14ADBE670021BE6D /* ChapterTitles.m */; };
		273F20AC14ADBE670021BE6D /* Controller.m in Sources */ = {isa = PBXBuildFile; fileRef = 273F208F14ADBE670021BE6D /* Controller.m */; };
		273F20AD14ADBE670021BE6D /* HBAdvancedController.m in Sources */ = {isa = PBXBuildFile; fileRef = 273F209014ADBE670021BE6D /* HBAdvancedController.m */; };
		273F20AE14ADBE670021BE6D /* HBAudio.m in Sources */ = {isa = PBXBuildFile; fileRef = 273F209214ADBE670021BE6D /* HBAudio.m */; };
		273F20AF14ADBE670021BE6D /* HBAudioController.m in Sources */ = {isa = PBXBuildFile; fileRef = 273F209414ADBE670021BE6D /* HBAudioController.m */; };
		273F20B114ADBE670021BE6D /* HBDVDDetector.m in Sources */ = {isa = PBXBuildFile; fileRef = 273F209814ADBE670021BE6D /* HBDVDDetector.m */; };
		273F20B214ADBE670021BE6D /* HBImageAndTextCell.m in Sources */ = {isa = PBXBuildFile; fileRef = 273F209A14ADBE670021BE6D /* HBImageAndTextCell.m */; };
		273F20B314ADBE670021BE6D /* HBOutputPanelController.m in Sources */ = {isa = PBXBuildFile; fileRef = 273F209C14ADBE670021BE6D /* HBOutputPanelController.m */; };
		273F20B414ADBE670021BE6D /* HBOutputRedirect.m in Sources */ = {isa = PBXBuildFile; fileRef = 273F209E14ADBE670021BE6D /* HBOutputRedirect.m */; };
		273F20B514ADBE670021BE6D /* HBPreferencesController.m in Sources */ = {isa = PBXBuildFile; fileRef = 273F20A014ADBE670021BE6D /* HBPreferencesController.m */; };
		273F20B614ADBE670021BE6D /* HBPresets.m in Sources */ = {isa = PBXBuildFile; fileRef = 273F20A214ADBE670021BE6D /* HBPresets.m */; };
		273F20B714ADBE670021BE6D /* HBPreviewController.m in Sources */ = {isa = PBXBuildFile; fileRef = 273F20A414ADBE670021BE6D /* HBPreviewController.m */; };
		273F20B814ADBE670021BE6D /* HBQueueController.mm in Sources */ = {isa = PBXBuildFile; fileRef = 273F20A614ADBE670021BE6D /* HBQueueController.mm */; };
		273F20B914ADBE670021BE6D /* HBSubtitles.m in Sources */ = {isa = PBXBuildFile; fileRef = 273F20A814ADBE670021BE6D /* HBSubtitles.m */; };
		273F20BA14ADBE670021BE6D /* PictureController.m in Sources */ = {isa = PBXBuildFile; fileRef = 273F20AA14ADBE670021BE6D /* PictureController.m */; };
		273F20BE14ADC09F0021BE6D /* main.mm in Sources */ = {isa = PBXBuildFile; fileRef = 273F20BD14ADC09F0021BE6D /* main.mm */; };
		273F20C314ADC4AE0021BE6D /* libiconv.dylib in Frameworks */ = {isa = PBXBuildFile; fileRef = 273F202914ADB8D60021BE6D /* libiconv.dylib */; };
		273F20C414ADC4B60021BE6D /* libbz2.dylib in Frameworks */ = {isa = PBXBuildFile; fileRef = 273F202714ADB8BE0021BE6D /* libbz2.dylib */; };
		273F20C514ADC4BD0021BE6D /* libz.dylib in Frameworks */ = {isa = PBXBuildFile; fileRef = 273F202514ADB8A40021BE6D /* libz.dylib */; };
		273F20C614ADC4F50021BE6D /* IOKit.framework in Frameworks */ = {isa = PBXBuildFile; fileRef = 273F202214ADB8650021BE6D /* IOKit.framework */; };
		273F20C814ADC4FF0021BE6D /* QTKit.framework in Frameworks */ = {isa = PBXBuildFile; fileRef = 273F20C714ADC4FF0021BE6D /* QTKit.framework */; };
		273F20C914ADC5150021BE6D /* AudioToolbox.framework in Frameworks */ = {isa = PBXBuildFile; fileRef = 273F202F14ADB9790021BE6D /* AudioToolbox.framework */; };
		273F20CB14ADC89A0021BE6D /* Growl.framework in CopyFiles */ = {isa = PBXBuildFile; fileRef = 273F20BF14ADC1250021BE6D /* Growl.framework */; };
		273F20CC14ADC8A10021BE6D /* Sparkle.framework in CopyFiles */ = {isa = PBXBuildFile; fileRef = 273F20C014ADC1250021BE6D /* Sparkle.framework */; };
		273F214C14ADCBF80021BE6D /* Delete.png in Resources */ = {isa = PBXBuildFile; fileRef = 273F212514ADCBF70021BE6D /* Delete.png */; };
		273F214D14ADCBF80021BE6D /* DeleteHighlight.png in Resources */ = {isa = PBXBuildFile; fileRef = 273F212614ADCBF70021BE6D /* DeleteHighlight.png */; };
		273F214E14ADCBF80021BE6D /* DeleteHighlightPressed.png in Resources */ = {isa = PBXBuildFile; fileRef = 273F212714ADCBF70021BE6D /* DeleteHighlightPressed.png */; };
		273F214F14ADCBF80021BE6D /* DeletePressed.png in Resources */ = {isa = PBXBuildFile; fileRef = 273F212814ADCBF70021BE6D /* DeletePressed.png */; };
		273F215114ADCBF80021BE6D /* EncodeCanceled.png in Resources */ = {isa = PBXBuildFile; fileRef = 273F212A14ADCBF80021BE6D /* EncodeCanceled.png */; };
		273F215214ADCBF80021BE6D /* EncodeComplete.png in Resources */ = {isa = PBXBuildFile; fileRef = 273F212B14ADCBF80021BE6D /* EncodeComplete.png */; };
		273F215314ADCBF80021BE6D /* EncodeWorking0.png in Resources */ = {isa = PBXBuildFile; fileRef = 273F212C14ADCBF80021BE6D /* EncodeWorking0.png */; };
		273F215414ADCBF80021BE6D /* EncodeWorking1.png in Resources */ = {isa = PBXBuildFile; fileRef = 273F212D14ADCBF80021BE6D /* EncodeWorking1.png */; };
		273F215514ADCBF80021BE6D /* EncodeWorking2.png in Resources */ = {isa = PBXBuildFile; fileRef = 273F212E14ADCBF80021BE6D /* EncodeWorking2.png */; };
		273F215614ADCBF80021BE6D /* EncodeWorking3.png in Resources */ = {isa = PBXBuildFile; fileRef = 273F212F14ADCBF80021BE6D /* EncodeWorking3.png */; };
		273F215714ADCBF80021BE6D /* EncodeWorking4.png in Resources */ = {isa = PBXBuildFile; fileRef = 273F213014ADCBF80021BE6D /* EncodeWorking4.png */; };
		273F215814ADCBF80021BE6D /* EncodeWorking5.png in Resources */ = {isa = PBXBuildFile; fileRef = 273F213114ADCBF80021BE6D /* EncodeWorking5.png */; };
		273F215B14ADCBF80021BE6D /* JobPassFirstSmall.png in Resources */ = {isa = PBXBuildFile; fileRef = 273F213414ADCBF80021BE6D /* JobPassFirstSmall.png */; };
		273F215D14ADCBF80021BE6D /* JobPassSecondSmall.png in Resources */ = {isa = PBXBuildFile; fileRef = 273F213614ADCBF80021BE6D /* JobPassSecondSmall.png */; };
		273F215F14ADCBF80021BE6D /* JobPassSubtitleSmall.png in Resources */ = {isa = PBXBuildFile; fileRef = 273F213814ADCBF80021BE6D /* JobPassSubtitleSmall.png */; };
		273F216014ADCBF80021BE6D /* JobPassUnknownSmall.png in Resources */ = {isa = PBXBuildFile; fileRef = 273F213914ADCBF80021BE6D /* JobPassUnknownSmall.png */; };
		273F216114ADCBF80021BE6D /* JobSmall.png in Resources */ = {isa = PBXBuildFile; fileRef = 273F213A14ADCBF80021BE6D /* JobSmall.png */; };
		273F216714ADCBF80021BE6D /* Reveal.png in Resources */ = {isa = PBXBuildFile; fileRef = 273F214014ADCBF80021BE6D /* Reveal.png */; };
		273F216814ADCBF80021BE6D /* RevealHighlight.png in Resources */ = {isa = PBXBuildFile; fileRef = 273F214114ADCBF80021BE6D /* RevealHighlight.png */; };
		273F216914ADCBF80021BE6D /* RevealHighlightPressed.png in Resources */ = {isa = PBXBuildFile; fileRef = 273F214214ADCBF80021BE6D /* RevealHighlightPressed.png */; };
		273F216A14ADCBF80021BE6D /* RevealPressed.png in Resources */ = {isa = PBXBuildFile; fileRef = 273F214314ADCBF80021BE6D /* RevealPressed.png */; };
		273F218A14ADDDA10021BE6D /* AdvancedView.xib in Resources */ = {isa = PBXBuildFile; fileRef = 273F217A14ADDDA10021BE6D /* AdvancedView.xib */; };
		273F218B14ADDDA10021BE6D /* InfoPlist.strings in Resources */ = {isa = PBXBuildFile; fileRef = 273F217C14ADDDA10021BE6D /* InfoPlist.strings */; };
		273F218C14ADDDA10021BE6D /* MainMenu.xib in Resources */ = {isa = PBXBuildFile; fileRef = 273F217E14ADDDA10021BE6D /* MainMenu.xib */; };
		273F218D14ADDDA10021BE6D /* OutputPanel.xib in Resources */ = {isa = PBXBuildFile; fileRef = 273F218014ADDDA10021BE6D /* OutputPanel.xib */; };
		273F218E14ADDDA10021BE6D /* PicturePreview.xib in Resources */ = {isa = PBXBuildFile; fileRef = 273F218214ADDDA10021BE6D /* PicturePreview.xib */; };
		273F218F14ADDDA10021BE6D /* PictureSettings.xib in Resources */ = {isa = PBXBuildFile; fileRef = 273F218414ADDDA10021BE6D /* PictureSettings.xib */; };
		273F219014ADDDA10021BE6D /* Preferences.xib in Resources */ = {isa = PBXBuildFile; fileRef = 273F218614ADDDA10021BE6D /* Preferences.xib */; };
		273F219114ADDDA10021BE6D /* Queue.xib in Resources */ = {isa = PBXBuildFile; fileRef = 273F218814ADDDA10021BE6D /* Queue.xib */; };
		273F21C114ADE7A20021BE6D /* Growl.framework in Frameworks */ = {isa = PBXBuildFile; fileRef = 273F20BF14ADC1250021BE6D /* Growl.framework */; };
		273F21C214ADE7BC0021BE6D /* Sparkle.framework in Frameworks */ = {isa = PBXBuildFile; fileRef = 273F20C014ADC1250021BE6D /* Sparkle.framework */; };
		27D6C72514B1019100B785E4 /* libhb.a in Frameworks */ = {isa = PBXBuildFile; fileRef = 27D6C72414B1019100B785E4 /* libhb.a */; };
		27D6C72614B1019100B785E4 /* libhb.a in Frameworks */ = {isa = PBXBuildFile; fileRef = 27D6C72414B1019100B785E4 /* libhb.a */; };
		27D6C74114B102DA00B785E4 /* liba52.a in Frameworks */ = {isa = PBXBuildFile; fileRef = 27D6C72714B102DA00B785E4 /* liba52.a */; };
		27D6C74214B102DA00B785E4 /* liba52.a in Frameworks */ = {isa = PBXBuildFile; fileRef = 27D6C72714B102DA00B785E4 /* liba52.a */; };
		27D6C74314B102DA00B785E4 /* libass.a in Frameworks */ = {isa = PBXBuildFile; fileRef = 27D6C72814B102DA00B785E4 /* libass.a */; };
		27D6C74414B102DA00B785E4 /* libass.a in Frameworks */ = {isa = PBXBuildFile; fileRef = 27D6C72814B102DA00B785E4 /* libass.a */; };
		27D6C74514B102DA00B785E4 /* libavcodec.a in Frameworks */ = {isa = PBXBuildFile; fileRef = 27D6C72914B102DA00B785E4 /* libavcodec.a */; };
		27D6C74614B102DA00B785E4 /* libavcodec.a in Frameworks */ = {isa = PBXBuildFile; fileRef = 27D6C72914B102DA00B785E4 /* libavcodec.a */; };
		27D6C74714B102DA00B785E4 /* libavformat.a in Frameworks */ = {isa = PBXBuildFile; fileRef = 27D6C72A14B102DA00B785E4 /* libavformat.a */; };
		27D6C74814B102DA00B785E4 /* libavformat.a in Frameworks */ = {isa = PBXBuildFile; fileRef = 27D6C72A14B102DA00B785E4 /* libavformat.a */; };
		27D6C74914B102DA00B785E4 /* libavutil.a in Frameworks */ = {isa = PBXBuildFile; fileRef = 27D6C72B14B102DA00B785E4 /* libavutil.a */; };
		27D6C74A14B102DA00B785E4 /* libavutil.a in Frameworks */ = {isa = PBXBuildFile; fileRef = 27D6C72B14B102DA00B785E4 /* libavutil.a */; };
		27D6C74B14B102DA00B785E4 /* libbluray.a in Frameworks */ = {isa = PBXBuildFile; fileRef = 27D6C72C14B102DA00B785E4 /* libbluray.a */; };
		27D6C74C14B102DA00B785E4 /* libbluray.a in Frameworks */ = {isa = PBXBuildFile; fileRef = 27D6C72C14B102DA00B785E4 /* libbluray.a */; };
		27D6C74F14B102DA00B785E4 /* libdvdnav.a in Frameworks */ = {isa = PBXBuildFile; fileRef = 27D6C72E14B102DA00B785E4 /* libdvdnav.a */; };
		27D6C75014B102DA00B785E4 /* libdvdnav.a in Frameworks */ = {isa = PBXBuildFile; fileRef = 27D6C72E14B102DA00B785E4 /* libdvdnav.a */; };
		27D6C75114B102DA00B785E4 /* libdvdread.a in Frameworks */ = {isa = PBXBuildFile; fileRef = 27D6C72F14B102DA00B785E4 /* libdvdread.a */; };
		27D6C75214B102DA00B785E4 /* libdvdread.a in Frameworks */ = {isa = PBXBuildFile; fileRef = 27D6C72F14B102DA00B785E4 /* libdvdread.a */; };
		27D6C75514B102DA00B785E4 /* libfontconfig.a in Frameworks */ = {isa = PBXBuildFile; fileRef = 27D6C73114B102DA00B785E4 /* libfontconfig.a */; };
		27D6C75614B102DA00B785E4 /* libfontconfig.a in Frameworks */ = {isa = PBXBuildFile; fileRef = 27D6C73114B102DA00B785E4 /* libfontconfig.a */; };
		27D6C75714B102DA00B785E4 /* libfreetype.a in Frameworks */ = {isa = PBXBuildFile; fileRef = 27D6C73214B102DA00B785E4 /* libfreetype.a */; };
		27D6C75814B102DA00B785E4 /* libfreetype.a in Frameworks */ = {isa = PBXBuildFile; fileRef = 27D6C73214B102DA00B785E4 /* libfreetype.a */; };
		27D6C75914B102DA00B785E4 /* libfribidi.a in Frameworks */ = {isa = PBXBuildFile; fileRef = 27D6C73314B102DA00B785E4 /* libfribidi.a */; };
		27D6C75A14B102DA00B785E4 /* libfribidi.a in Frameworks */ = {isa = PBXBuildFile; fileRef = 27D6C73314B102DA00B785E4 /* libfribidi.a */; };
		27D6C75B14B102DA00B785E4 /* libmkv.a in Frameworks */ = {isa = PBXBuildFile; fileRef = 27D6C73414B102DA00B785E4 /* libmkv.a */; };
		27D6C75C14B102DA00B785E4 /* libmkv.a in Frameworks */ = {isa = PBXBuildFile; fileRef = 27D6C73414B102DA00B785E4 /* libmkv.a */; };
		27D6C75E14B102DA00B785E4 /* libmp3lame.a in Frameworks */ = {isa = PBXBuildFile; fileRef = 27D6C73614B102DA00B785E4 /* libmp3lame.a */; };
		27D6C75F14B102DA00B785E4 /* libmp3lame.a in Frameworks */ = {isa = PBXBuildFile; fileRef = 27D6C73614B102DA00B785E4 /* libmp3lame.a */; };
		27D6C76014B102DA00B785E4 /* libmp4v2.a in Frameworks */ = {isa = PBXBuildFile; fileRef = 27D6C73714B102DA00B785E4 /* libmp4v2.a */; };
		27D6C76114B102DA00B785E4 /* libmp4v2.a in Frameworks */ = {isa = PBXBuildFile; fileRef = 27D6C73714B102DA00B785E4 /* libmp4v2.a */; };
		27D6C76214B102DA00B785E4 /* libmpeg2.a in Frameworks */ = {isa = PBXBuildFile; fileRef = 27D6C73814B102DA00B785E4 /* libmpeg2.a */; };
		27D6C76314B102DA00B785E4 /* libmpeg2.a in Frameworks */ = {isa = PBXBuildFile; fileRef = 27D6C73814B102DA00B785E4 /* libmpeg2.a */; };
		27D6C76414B102DA00B785E4 /* libogg.a in Frameworks */ = {isa = PBXBuildFile; fileRef = 27D6C73914B102DA00B785E4 /* libogg.a */; };
		27D6C76514B102DA00B785E4 /* libogg.a in Frameworks */ = {isa = PBXBuildFile; fileRef = 27D6C73914B102DA00B785E4 /* libogg.a */; };
		27D6C76614B102DA00B785E4 /* libsamplerate.a in Frameworks */ = {isa = PBXBuildFile; fileRef = 27D6C73A14B102DA00B785E4 /* libsamplerate.a */; };
		27D6C76714B102DA00B785E4 /* libsamplerate.a in Frameworks */ = {isa = PBXBuildFile; fileRef = 27D6C73A14B102DA00B785E4 /* libsamplerate.a */; };
		27D6C76814B102DA00B785E4 /* libswscale.a in Frameworks */ = {isa = PBXBuildFile; fileRef = 27D6C73B14B102DA00B785E4 /* libswscale.a */; };
		27D6C76914B102DA00B785E4 /* libswscale.a in Frameworks */ = {isa = PBXBuildFile; fileRef = 27D6C73B14B102DA00B785E4 /* libswscale.a */; };
		27D6C76A14B102DA00B785E4 /* libtheora.a in Frameworks */ = {isa = PBXBuildFile; fileRef = 27D6C73C14B102DA00B785E4 /* libtheora.a */; };
		27D6C76B14B102DA00B785E4 /* libtheora.a in Frameworks */ = {isa = PBXBuildFile; fileRef = 27D6C73C14B102DA00B785E4 /* libtheora.a */; };
		27D6C76C14B102DA00B785E4 /* libvorbis.a in Frameworks */ = {isa = PBXBuildFile; fileRef = 27D6C73D14B102DA00B785E4 /* libvorbis.a */; };
		27D6C76D14B102DA00B785E4 /* libvorbis.a in Frameworks */ = {isa = PBXBuildFile; fileRef = 27D6C73D14B102DA00B785E4 /* libvorbis.a */; };
		27D6C76E14B102DA00B785E4 /* libvorbisenc.a in Frameworks */ = {isa = PBXBuildFile; fileRef = 27D6C73E14B102DA00B785E4 /* libvorbisenc.a */; };
		27D6C76F14B102DA00B785E4 /* libvorbisenc.a in Frameworks */ = {isa = PBXBuildFile; fileRef = 27D6C73E14B102DA00B785E4 /* libvorbisenc.a */; };
		27D6C77014B102DA00B785E4 /* libx264.a in Frameworks */ = {isa = PBXBuildFile; fileRef = 27D6C73F14B102DA00B785E4 /* libx264.a */; };
		27D6C77114B102DA00B785E4 /* libx264.a in Frameworks */ = {isa = PBXBuildFile; fileRef = 27D6C73F14B102DA00B785E4 /* libx264.a */; };
		27D6C77214B102DA00B785E4 /* libxml2.a in Frameworks */ = {isa = PBXBuildFile; fileRef = 27D6C74014B102DA00B785E4 /* libxml2.a */; };
		27D6C77314B102DA00B785E4 /* libxml2.a in Frameworks */ = {isa = PBXBuildFile; fileRef = 27D6C74014B102DA00B785E4 /* libxml2.a */; };
		3490BCB41614CF8D002A5AD7 /* HandBrake.icns in Resources */ = {isa = PBXBuildFile; fileRef = 3490BCB31614CF8D002A5AD7 /* HandBrake.icns */; };
		46AB433515F98A2B009C0961 /* DockTextField.m in Sources */ = {isa = PBXBuildFile; fileRef = 46AB433415F98A2B009C0961 /* DockTextField.m */; };
		A9E1467B16BC2ABD00C307BC /* QuartzCore.framework in Frameworks */ = {isa = PBXBuildFile; fileRef = A9E1467A16BC2ABD00C307BC /* QuartzCore.framework */; };
		A9E1468016BC2AD800C307BC /* next-p.pdf in Resources */ = {isa = PBXBuildFile; fileRef = A9E1467C16BC2AD800C307BC /* next-p.pdf */; };
		A9E1468116BC2AD800C307BC /* pause-p.pdf in Resources */ = {isa = PBXBuildFile; fileRef = A9E1467D16BC2AD800C307BC /* pause-p.pdf */; };
		A9E1468216BC2AD800C307BC /* play-p.pdf in Resources */ = {isa = PBXBuildFile; fileRef = A9E1467E16BC2AD800C307BC /* play-p.pdf */; };
		A9E1468316BC2AD800C307BC /* prev-p.pdf in Resources */ = {isa = PBXBuildFile; fileRef = A9E1467F16BC2AD800C307BC /* prev-p.pdf */; };
		D2BCB10916F5152C0084604C /* activity.png in Resources */ = {isa = PBXBuildFile; fileRef = D2BCB0F616F515230084604C /* activity.png */; };
		D2BCB10A16F5152C0084604C /* activity@2x.png in Resources */ = {isa = PBXBuildFile; fileRef = D2BCB0F716F515230084604C /* activity@2x.png */; };
		D2BCB10B16F5152C0084604C /* addqueue.png in Resources */ = {isa = PBXBuildFile; fileRef = D2BCB0F816F515240084604C /* addqueue.png */; };
		D2BCB10C16F5152C0084604C /* addqueue@2x.png in Resources */ = {isa = PBXBuildFile; fileRef = D2BCB0F916F515240084604C /* addqueue@2x.png */; };
		D2BCB10D16F5152C0084604C /* advanced.png in Resources */ = {isa = PBXBuildFile; fileRef = D2BCB0FA16F515250084604C /* advanced.png */; };
		D2BCB10E16F5152C0084604C /* advanced@2x.png in Resources */ = {isa = PBXBuildFile; fileRef = D2BCB0FB16F515250084604C /* advanced@2x.png */; };
		D2BCB10F16F5152C0084604C /* audio.png in Resources */ = {isa = PBXBuildFile; fileRef = D2BCB0FC16F515260084604C /* audio.png */; };
		D2BCB11016F5152C0084604C /* audio@2x.png in Resources */ = {isa = PBXBuildFile; fileRef = D2BCB0FD16F515260084604C /* audio@2x.png */; };
		D2BCB11116F5152C0084604C /* encode.png in Resources */ = {isa = PBXBuildFile; fileRef = D2BCB0FE16F515270084604C /* encode.png */; };
		D2BCB11216F5152C0084604C /* encode@2x.png in Resources */ = {isa = PBXBuildFile; fileRef = D2BCB0FF16F515270084604C /* encode@2x.png */; };
		D2BCB11316F5152C0084604C /* pauseencode.png in Resources */ = {isa = PBXBuildFile; fileRef = D2BCB10016F515280084604C /* pauseencode.png */; };
		D2BCB11416F5152C0084604C /* pauseencode@2x.png in Resources */ = {isa = PBXBuildFile; fileRef = D2BCB10116F515280084604C /* pauseencode@2x.png */; };
		D2BCB11516F5152C0084604C /* picturesettings.png in Resources */ = {isa = PBXBuildFile; fileRef = D2BCB10216F515290084604C /* picturesettings.png */; };
		D2BCB11616F5152C0084604C /* picturesettings@2x.png in Resources */ = {isa = PBXBuildFile; fileRef = D2BCB10316F515290084604C /* picturesettings@2x.png */; };
		D2BCB11716F5152C0084604C /* presets.png in Resources */ = {isa = PBXBuildFile; fileRef = D2BCB10416F5152A0084604C /* presets.png */; };
		D2BCB11816F5152C0084604C /* presets@2x.png in Resources */ = {isa = PBXBuildFile; fileRef = D2BCB10516F5152A0084604C /* presets@2x.png */; };
		D2BCB11916F5152C0084604C /* preview.png in Resources */ = {isa = PBXBuildFile; fileRef = D2BCB10616F5152B0084604C /* preview.png */; };
		D2BCB11A16F5152C0084604C /* preview@2x.png in Resources */ = {isa = PBXBuildFile; fileRef = D2BCB10716F5152B0084604C /* preview@2x.png */; };
		D2BCB11B16F5152C0084604C /* settings@2x.png in Resources */ = {isa = PBXBuildFile; fileRef = D2BCB10816F5152C0084604C /* settings@2x.png */; };
		D2BCB12316F5154E0084604C /* settings.png in Resources */ = {isa = PBXBuildFile; fileRef = D2BCB11C16F5154A0084604C /* settings.png */; };
		D2BCB12416F5154E0084604C /* showqueue.png in Resources */ = {isa = PBXBuildFile; fileRef = D2BCB11D16F5154B0084604C /* showqueue.png */; };
		D2BCB12516F5154E0084604C /* showqueue@2x.png in Resources */ = {isa = PBXBuildFile; fileRef = D2BCB11E16F5154B0084604C /* showqueue@2x.png */; };
		D2BCB12616F5154E0084604C /* source.png in Resources */ = {isa = PBXBuildFile; fileRef = D2BCB11F16F5154C0084604C /* source.png */; };
		D2BCB12716F5154E0084604C /* source@2x.png in Resources */ = {isa = PBXBuildFile; fileRef = D2BCB12016F5154C0084604C /* source@2x.png */; };
		D2BCB12816F5154E0084604C /* stopencode.png in Resources */ = {isa = PBXBuildFile; fileRef = D2BCB12116F5154D0084604C /* stopencode.png */; };
		D2BCB12916F5154E0084604C /* stopencode@2x.png in Resources */ = {isa = PBXBuildFile; fileRef = D2BCB12216F5154D0084604C /* stopencode@2x.png */; };
/* End PBXBuildFile section */

/* Begin PBXContainerItemProxy section */
		273F217614ADD2580021BE6D /* PBXContainerItemProxy */ = {
			isa = PBXContainerItemProxy;
			containerPortal = 273F1FE014AD9DA40021BE6D /* Project object */;
			proxyType = 1;
			remoteGlobalIDString = 273F216E14ADD2170021BE6D;
			remoteInfo = external;
		};
		2781697014B02B1B00A28B61 /* PBXContainerItemProxy */ = {
			isa = PBXContainerItemProxy;
			containerPortal = 273F1FE014AD9DA40021BE6D /* Project object */;
			proxyType = 1;
			remoteGlobalIDString = 273F216E14ADD2170021BE6D;
			remoteInfo = external;
		};
/* End PBXContainerItemProxy section */

/* Begin PBXCopyFilesBuildPhase section */
		273F1FFD14ADAE950021BE6D /* CopyFiles */ = {
			isa = PBXCopyFilesBuildPhase;
			buildActionMask = 2147483647;
			dstPath = /usr/share/man/man1/;
			dstSubfolderSpec = 0;
			files = (
			);
			runOnlyForDeploymentPostprocessing = 1;
		};
		273F20CA14ADC86C0021BE6D /* CopyFiles */ = {
			isa = PBXCopyFilesBuildPhase;
			buildActionMask = 2147483647;
			dstPath = "";
			dstSubfolderSpec = 10;
			files = (
				273F20CB14ADC89A0021BE6D /* Growl.framework in CopyFiles */,
				273F20CC14ADC8A10021BE6D /* Sparkle.framework in CopyFiles */,
			);
			runOnlyForDeploymentPostprocessing = 0;
		};
/* End PBXCopyFilesBuildPhase section */

/* Begin PBXFileReference section */
		226268DF1572CC7300477B4E /* libavresample.a */ = {isa = PBXFileReference; lastKnownFileType = archive.ar; name = libavresample.a; path = external/contrib/lib/libavresample.a; sourceTree = BUILT_PRODUCTS_DIR; };
		271BA4C014B119F800BC1D2C /* Info.plist */ = {isa = PBXFileReference; lastKnownFileType = text.plist; name = Info.plist; path = external/macosx/Info.plist; sourceTree = BUILT_PRODUCTS_DIR; };
		273F1FFF14ADAE950021BE6D /* HandBrakeCLI */ = {isa = PBXFileReference; explicitFileType = "compiled.mach-o.executable"; includeInIndex = 0; path = HandBrakeCLI; sourceTree = BUILT_PRODUCTS_DIR; };
		273F202214ADB8650021BE6D /* IOKit.framework */ = {isa = PBXFileReference; lastKnownFileType = wrapper.framework; name = IOKit.framework; path = System/Library/Frameworks/IOKit.framework; sourceTree = SDKROOT; };
		273F202514ADB8A40021BE6D /* libz.dylib */ = {isa = PBXFileReference; lastKnownFileType = "compiled.mach-o.dylib"; name = libz.dylib; path = usr/lib/libz.dylib; sourceTree = SDKROOT; };
		273F202714ADB8BE0021BE6D /* libbz2.dylib */ = {isa = PBXFileReference; lastKnownFileType = "compiled.mach-o.dylib"; name = libbz2.dylib; path = usr/lib/libbz2.dylib; sourceTree = SDKROOT; };
		273F202914ADB8D60021BE6D /* libiconv.dylib */ = {isa = PBXFileReference; lastKnownFileType = "compiled.mach-o.dylib"; name = libiconv.dylib; path = usr/lib/libiconv.dylib; sourceTree = SDKROOT; };
		273F202F14ADB9790021BE6D /* AudioToolbox.framework */ = {isa = PBXFileReference; lastKnownFileType = wrapper.framework; name = AudioToolbox.framework; path = System/Library/Frameworks/AudioToolbox.framework; sourceTree = SDKROOT; };
		273F203214ADB9F00021BE6D /* CoreServices.framework */ = {isa = PBXFileReference; lastKnownFileType = wrapper.framework; name = CoreServices.framework; path = System/Library/Frameworks/CoreServices.framework; sourceTree = SDKROOT; };
		273F203914ADBC210021BE6D /* HandBrake.app */ = {isa = PBXFileReference; explicitFileType = wrapper.application; includeInIndex = 0; path = HandBrake.app; sourceTree = BUILT_PRODUCTS_DIR; };
		273F203B14ADBC210021BE6D /* Cocoa.framework */ = {isa = PBXFileReference; lastKnownFileType = wrapper.framework; name = Cocoa.framework; path = System/Library/Frameworks/Cocoa.framework; sourceTree = SDKROOT; };
		273F203E14ADBC210021BE6D /* AppKit.framework */ = {isa = PBXFileReference; lastKnownFileType = wrapper.framework; name = AppKit.framework; path = System/Library/Frameworks/AppKit.framework; sourceTree = SDKROOT; };
		273F203F14ADBC210021BE6D /* CoreData.framework */ = {isa = PBXFileReference; lastKnownFileType = wrapper.framework; name = CoreData.framework; path = System/Library/Frameworks/CoreData.framework; sourceTree = SDKROOT; };
		273F204014ADBC210021BE6D /* Foundation.framework */ = {isa = PBXFileReference; lastKnownFileType = wrapper.framework; name = Foundation.framework; path = System/Library/Frameworks/Foundation.framework; sourceTree = SDKROOT; };
		273F208514ADBE3B0021BE6D /* fakexcode.cpp */ = {isa = PBXFileReference; fileEncoding = 4; lastKnownFileType = sourcecode.cpp.cpp; path = fakexcode.cpp; sourceTree = "<group>"; };
		273F208614ADBE3B0021BE6D /* parsecsv.c */ = {isa = PBXFileReference; fileEncoding = 4; lastKnownFileType = sourcecode.c.c; path = parsecsv.c; sourceTree = "<group>"; };
		273F208714ADBE3B0021BE6D /* parsecsv.h */ = {isa = PBXFileReference; fileEncoding = 4; lastKnownFileType = sourcecode.c.h; path = parsecsv.h; sourceTree = "<group>"; };
		273F208814ADBE3B0021BE6D /* test.c */ = {isa = PBXFileReference; fileEncoding = 4; lastKnownFileType = sourcecode.c.c; path = test.c; sourceTree = "<group>"; };
		273F208C14ADBE670021BE6D /* ChapterTitles.h */ = {isa = PBXFileReference; fileEncoding = 4; lastKnownFileType = sourcecode.c.h; path = ChapterTitles.h; sourceTree = "<group>"; };
		273F208D14ADBE670021BE6D /* ChapterTitles.m */ = {isa = PBXFileReference; fileEncoding = 4; lastKnownFileType = sourcecode.c.objc; path = ChapterTitles.m; sourceTree = "<group>"; };
		273F208E14ADBE670021BE6D /* Controller.h */ = {isa = PBXFileReference; fileEncoding = 4; lastKnownFileType = sourcecode.c.h; path = Controller.h; sourceTree = "<group>"; };
		273F208F14ADBE670021BE6D /* Controller.m */ = {isa = PBXFileReference; fileEncoding = 4; lastKnownFileType = sourcecode.c.objc; path = Controller.m; sourceTree = "<group>"; };
		273F209014ADBE670021BE6D /* HBAdvancedController.m */ = {isa = PBXFileReference; fileEncoding = 4; lastKnownFileType = sourcecode.c.objc; path = HBAdvancedController.m; sourceTree = "<group>"; };
		273F209114ADBE670021BE6D /* HBAudio.h */ = {isa = PBXFileReference; fileEncoding = 4; lastKnownFileType = sourcecode.c.h; path = HBAudio.h; sourceTree = "<group>"; };
		273F209214ADBE670021BE6D /* HBAudio.m */ = {isa = PBXFileReference; fileEncoding = 4; lastKnownFileType = sourcecode.c.objc; path = HBAudio.m; sourceTree = "<group>"; };
		273F209314ADBE670021BE6D /* HBAudioController.h */ = {isa = PBXFileReference; fileEncoding = 4; lastKnownFileType = sourcecode.c.h; path = HBAudioController.h; sourceTree = "<group>"; };
		273F209414ADBE670021BE6D /* HBAudioController.m */ = {isa = PBXFileReference; fileEncoding = 4; lastKnownFileType = sourcecode.c.objc; path = HBAudioController.m; sourceTree = "<group>"; };
		273F209714ADBE670021BE6D /* HBDVDDetector.h */ = {isa = PBXFileReference; fileEncoding = 4; lastKnownFileType = sourcecode.c.h; path = HBDVDDetector.h; sourceTree = "<group>"; };
		273F209814ADBE670021BE6D /* HBDVDDetector.m */ = {isa = PBXFileReference; fileEncoding = 4; lastKnownFileType = sourcecode.c.objc; path = HBDVDDetector.m; sourceTree = "<group>"; };
		273F209914ADBE670021BE6D /* HBImageAndTextCell.h */ = {isa = PBXFileReference; fileEncoding = 4; lastKnownFileType = sourcecode.c.h; path = HBImageAndTextCell.h; sourceTree = "<group>"; };
		273F209A14ADBE670021BE6D /* HBImageAndTextCell.m */ = {isa = PBXFileReference; fileEncoding = 4; lastKnownFileType = sourcecode.c.objc; path = HBImageAndTextCell.m; sourceTree = "<group>"; };
		273F209B14ADBE670021BE6D /* HBOutputPanelController.h */ = {isa = PBXFileReference; fileEncoding = 4; lastKnownFileType = sourcecode.c.h; path = HBOutputPanelController.h; sourceTree = "<group>"; };
		273F209C14ADBE670021BE6D /* HBOutputPanelController.m */ = {isa = PBXFileReference; fileEncoding = 4; lastKnownFileType = sourcecode.c.objc; path = HBOutputPanelController.m; sourceTree = "<group>"; };
		273F209D14ADBE670021BE6D /* HBOutputRedirect.h */ = {isa = PBXFileReference; fileEncoding = 4; lastKnownFileType = sourcecode.c.h; path = HBOutputRedirect.h; sourceTree = "<group>"; };
		273F209E14ADBE670021BE6D /* HBOutputRedirect.m */ = {isa = PBXFileReference; fileEncoding = 4; lastKnownFileType = sourcecode.c.objc; path = HBOutputRedirect.m; sourceTree = "<group>"; };
		273F209F14ADBE670021BE6D /* HBPreferencesController.h */ = {isa = PBXFileReference; fileEncoding = 4; lastKnownFileType = sourcecode.c.h; path = HBPreferencesController.h; sourceTree = "<group>"; };
		273F20A014ADBE670021BE6D /* HBPreferencesController.m */ = {isa = PBXFileReference; fileEncoding = 4; lastKnownFileType = sourcecode.c.objc; path = HBPreferencesController.m; sourceTree = "<group>"; };
		273F20A114ADBE670021BE6D /* HBPresets.h */ = {isa = PBXFileReference; fileEncoding = 4; lastKnownFileType = sourcecode.c.h; path = HBPresets.h; sourceTree = "<group>"; };
		273F20A214ADBE670021BE6D /* HBPresets.m */ = {isa = PBXFileReference; fileEncoding = 4; lastKnownFileType = sourcecode.c.objc; path = HBPresets.m; sourceTree = "<group>"; };
		273F20A314ADBE670021BE6D /* HBPreviewController.h */ = {isa = PBXFileReference; fileEncoding = 4; lastKnownFileType = sourcecode.c.h; path = HBPreviewController.h; sourceTree = "<group>"; };
		273F20A414ADBE670021BE6D /* HBPreviewController.m */ = {isa = PBXFileReference; fileEncoding = 4; lastKnownFileType = sourcecode.c.objc; path = HBPreviewController.m; sourceTree = "<group>"; };
		273F20A514ADBE670021BE6D /* HBQueueController.h */ = {isa = PBXFileReference; fileEncoding = 4; lastKnownFileType = sourcecode.c.h; path = HBQueueController.h; sourceTree = "<group>"; };
		273F20A614ADBE670021BE6D /* HBQueueController.mm */ = {isa = PBXFileReference; fileEncoding = 4; lastKnownFileType = sourcecode.cpp.objcpp; path = HBQueueController.mm; sourceTree = "<group>"; };
		273F20A714ADBE670021BE6D /* HBSubtitles.h */ = {isa = PBXFileReference; fileEncoding = 4; lastKnownFileType = sourcecode.c.h; path = HBSubtitles.h; sourceTree = "<group>"; };
		273F20A814ADBE670021BE6D /* HBSubtitles.m */ = {isa = PBXFileReference; fileEncoding = 4; lastKnownFileType = sourcecode.c.objc; path = HBSubtitles.m; sourceTree = "<group>"; };
		273F20A914ADBE670021BE6D /* PictureController.h */ = {isa = PBXFileReference; fileEncoding = 4; lastKnownFileType = sourcecode.c.h; path = PictureController.h; sourceTree = "<group>"; };
		273F20AA14ADBE670021BE6D /* PictureController.m */ = {isa = PBXFileReference; fileEncoding = 4; lastKnownFileType = sourcecode.c.objc; path = PictureController.m; sourceTree = "<group>"; };
		273F20BD14ADC09F0021BE6D /* main.mm */ = {isa = PBXFileReference; fileEncoding = 4; lastKnownFileType = sourcecode.cpp.objcpp; path = main.mm; sourceTree = "<group>"; };
		273F20BF14ADC1250021BE6D /* Growl.framework */ = {isa = PBXFileReference; lastKnownFileType = wrapper.framework; path = Growl.framework; sourceTree = "<group>"; };
		273F20C014ADC1250021BE6D /* Sparkle.framework */ = {isa = PBXFileReference; lastKnownFileType = wrapper.framework; path = Sparkle.framework; sourceTree = "<group>"; };
		273F20C714ADC4FF0021BE6D /* QTKit.framework */ = {isa = PBXFileReference; lastKnownFileType = wrapper.framework; name = QTKit.framework; path = System/Library/Frameworks/QTKit.framework; sourceTree = SDKROOT; };
		273F212514ADCBF70021BE6D /* Delete.png */ = {isa = PBXFileReference; lastKnownFileType = image.png; path = Delete.png; sourceTree = "<group>"; };
		273F212614ADCBF70021BE6D /* DeleteHighlight.png */ = {isa = PBXFileReference; lastKnownFileType = image.png; path = DeleteHighlight.png; sourceTree = "<group>"; };
		273F212714ADCBF70021BE6D /* DeleteHighlightPressed.png */ = {isa = PBXFileReference; lastKnownFileType = image.png; path = DeleteHighlightPressed.png; sourceTree = "<group>"; };
		273F212814ADCBF70021BE6D /* DeletePressed.png */ = {isa = PBXFileReference; lastKnownFileType = image.png; path = DeletePressed.png; sourceTree = "<group>"; };
		273F212A14ADCBF80021BE6D /* EncodeCanceled.png */ = {isa = PBXFileReference; lastKnownFileType = image.png; path = EncodeCanceled.png; sourceTree = "<group>"; };
		273F212B14ADCBF80021BE6D /* EncodeComplete.png */ = {isa = PBXFileReference; lastKnownFileType = image.png; path = EncodeComplete.png; sourceTree = "<group>"; };
		273F212C14ADCBF80021BE6D /* EncodeWorking0.png */ = {isa = PBXFileReference; lastKnownFileType = image.png; path = EncodeWorking0.png; sourceTree = "<group>"; };
		273F212D14ADCBF80021BE6D /* EncodeWorking1.png */ = {isa = PBXFileReference; lastKnownFileType = image.png; path = EncodeWorking1.png; sourceTree = "<group>"; };
		273F212E14ADCBF80021BE6D /* EncodeWorking2.png */ = {isa = PBXFileReference; lastKnownFileType = image.png; path = EncodeWorking2.png; sourceTree = "<group>"; };
		273F212F14ADCBF80021BE6D /* EncodeWorking3.png */ = {isa = PBXFileReference; lastKnownFileType = image.png; path = EncodeWorking3.png; sourceTree = "<group>"; };
		273F213014ADCBF80021BE6D /* EncodeWorking4.png */ = {isa = PBXFileReference; lastKnownFileType = image.png; path = EncodeWorking4.png; sourceTree = "<group>"; };
		273F213114ADCBF80021BE6D /* EncodeWorking5.png */ = {isa = PBXFileReference; lastKnownFileType = image.png; path = EncodeWorking5.png; sourceTree = "<group>"; };
		273F213414ADCBF80021BE6D /* JobPassFirstSmall.png */ = {isa = PBXFileReference; lastKnownFileType = image.png; path = JobPassFirstSmall.png; sourceTree = "<group>"; };
		273F213614ADCBF80021BE6D /* JobPassSecondSmall.png */ = {isa = PBXFileReference; lastKnownFileType = image.png; path = JobPassSecondSmall.png; sourceTree = "<group>"; };
		273F213814ADCBF80021BE6D /* JobPassSubtitleSmall.png */ = {isa = PBXFileReference; lastKnownFileType = image.png; path = JobPassSubtitleSmall.png; sourceTree = "<group>"; };
		273F213914ADCBF80021BE6D /* JobPassUnknownSmall.png */ = {isa = PBXFileReference; lastKnownFileType = image.png; path = JobPassUnknownSmall.png; sourceTree = "<group>"; };
		273F213A14ADCBF80021BE6D /* JobSmall.png */ = {isa = PBXFileReference; lastKnownFileType = image.png; path = JobSmall.png; sourceTree = "<group>"; };
		273F214014ADCBF80021BE6D /* Reveal.png */ = {isa = PBXFileReference; lastKnownFileType = image.png; path = Reveal.png; sourceTree = "<group>"; };
		273F214114ADCBF80021BE6D /* RevealHighlight.png */ = {isa = PBXFileReference; lastKnownFileType = image.png; path = RevealHighlight.png; sourceTree = "<group>"; };
		273F214214ADCBF80021BE6D /* RevealHighlightPressed.png */ = {isa = PBXFileReference; lastKnownFileType = image.png; path = RevealHighlightPressed.png; sourceTree = "<group>"; };
		273F214314ADCBF80021BE6D /* RevealPressed.png */ = {isa = PBXFileReference; lastKnownFileType = image.png; path = RevealPressed.png; sourceTree = "<group>"; };
		273F217B14ADDDA10021BE6D /* English */ = {isa = PBXFileReference; lastKnownFileType = file.xib; name = English; path = AdvancedView.xib; sourceTree = "<group>"; };
		273F217D14ADDDA10021BE6D /* English */ = {isa = PBXFileReference; lastKnownFileType = text.plist.strings; name = English; path = InfoPlist.strings; sourceTree = "<group>"; };
		273F217F14ADDDA10021BE6D /* English */ = {isa = PBXFileReference; lastKnownFileType = file.xib; name = English; path = MainMenu.xib; sourceTree = "<group>"; };
		273F218114ADDDA10021BE6D /* English */ = {isa = PBXFileReference; lastKnownFileType = file.xib; name = English; path = OutputPanel.xib; sourceTree = "<group>"; };
		273F218314ADDDA10021BE6D /* English */ = {isa = PBXFileReference; lastKnownFileType = file.xib; name = English; path = PicturePreview.xib; sourceTree = "<group>"; };
		273F218514ADDDA10021BE6D /* English */ = {isa = PBXFileReference; lastKnownFileType = file.xib; name = English; path = PictureSettings.xib; sourceTree = "<group>"; };
		273F218714ADDDA10021BE6D /* English */ = {isa = PBXFileReference; lastKnownFileType = file.xib; name = English; path = Preferences.xib; sourceTree = "<group>"; };
		273F218914ADDDA10021BE6D /* English */ = {isa = PBXFileReference; lastKnownFileType = file.xib; name = English; path = Queue.xib; sourceTree = "<group>"; };
		275916DA14B2AB27007211E9 /* native.xcconfig */ = {isa = PBXFileReference; fileEncoding = 4; lastKnownFileType = text.xcconfig; path = native.xcconfig; sourceTree = "<group>"; };
		276941FA14B161B70027798C /* osx107.i386.xcconfig */ = {isa = PBXFileReference; lastKnownFileType = text.xcconfig; path = osx107.i386.xcconfig; sourceTree = "<group>"; };
		277A3FD014AE84C500A835E4 /* osx106.i386.xcconfig */ = {isa = PBXFileReference; fileEncoding = 4; lastKnownFileType = text.xcconfig; path = osx106.i386.xcconfig; sourceTree = "<group>"; };
		277A3FD114AE84C500A835E4 /* osx106.x86_64.xcconfig */ = {isa = PBXFileReference; fileEncoding = 4; lastKnownFileType = text.xcconfig; path = osx106.x86_64.xcconfig; sourceTree = "<group>"; };
		277A3FD214AE84C500A835E4 /* osx107.x86_64.xcconfig */ = {isa = PBXFileReference; fileEncoding = 4; lastKnownFileType = text.xcconfig; path = osx107.x86_64.xcconfig; sourceTree = "<group>"; };
		27D6C72414B1019100B785E4 /* libhb.a */ = {isa = PBXFileReference; lastKnownFileType = archive.ar; name = libhb.a; path = external/libhb/libhb.a; sourceTree = BUILT_PRODUCTS_DIR; };
		27D6C72714B102DA00B785E4 /* liba52.a */ = {isa = PBXFileReference; lastKnownFileType = archive.ar; name = liba52.a; path = external/contrib/lib/liba52.a; sourceTree = BUILT_PRODUCTS_DIR; };
		27D6C72814B102DA00B785E4 /* libass.a */ = {isa = PBXFileReference; lastKnownFileType = archive.ar; name = libass.a; path = external/contrib/lib/libass.a; sourceTree = BUILT_PRODUCTS_DIR; };
		27D6C72914B102DA00B785E4 /* libavcodec.a */ = {isa = PBXFileReference; lastKnownFileType = archive.ar; name = libavcodec.a; path = external/contrib/lib/libavcodec.a; sourceTree = BUILT_PRODUCTS_DIR; };
		27D6C72A14B102DA00B785E4 /* libavformat.a */ = {isa = PBXFileReference; lastKnownFileType = archive.ar; name = libavformat.a; path = external/contrib/lib/libavformat.a; sourceTree = BUILT_PRODUCTS_DIR; };
		27D6C72B14B102DA00B785E4 /* libavutil.a */ = {isa = PBXFileReference; lastKnownFileType = archive.ar; name = libavutil.a; path = external/contrib/lib/libavutil.a; sourceTree = BUILT_PRODUCTS_DIR; };
		27D6C72C14B102DA00B785E4 /* libbluray.a */ = {isa = PBXFileReference; lastKnownFileType = archive.ar; name = libbluray.a; path = external/contrib/lib/libbluray.a; sourceTree = BUILT_PRODUCTS_DIR; };
		27D6C72E14B102DA00B785E4 /* libdvdnav.a */ = {isa = PBXFileReference; lastKnownFileType = archive.ar; name = libdvdnav.a; path = external/contrib/lib/libdvdnav.a; sourceTree = BUILT_PRODUCTS_DIR; };
		27D6C72F14B102DA00B785E4 /* libdvdread.a */ = {isa = PBXFileReference; lastKnownFileType = archive.ar; name = libdvdread.a; path = external/contrib/lib/libdvdread.a; sourceTree = BUILT_PRODUCTS_DIR; };
		27D6C73114B102DA00B785E4 /* libfontconfig.a */ = {isa = PBXFileReference; lastKnownFileType = archive.ar; name = libfontconfig.a; path = external/contrib/lib/libfontconfig.a; sourceTree = BUILT_PRODUCTS_DIR; };
		27D6C73214B102DA00B785E4 /* libfreetype.a */ = {isa = PBXFileReference; lastKnownFileType = archive.ar; name = libfreetype.a; path = external/contrib/lib/libfreetype.a; sourceTree = BUILT_PRODUCTS_DIR; };
		27D6C73314B102DA00B785E4 /* libfribidi.a */ = {isa = PBXFileReference; lastKnownFileType = archive.ar; name = libfribidi.a; path = external/contrib/lib/libfribidi.a; sourceTree = BUILT_PRODUCTS_DIR; };
		27D6C73414B102DA00B785E4 /* libmkv.a */ = {isa = PBXFileReference; lastKnownFileType = archive.ar; name = libmkv.a; path = external/contrib/lib/libmkv.a; sourceTree = BUILT_PRODUCTS_DIR; };
		27D6C73614B102DA00B785E4 /* libmp3lame.a */ = {isa = PBXFileReference; lastKnownFileType = archive.ar; name = libmp3lame.a; path = external/contrib/lib/libmp3lame.a; sourceTree = BUILT_PRODUCTS_DIR; };
		27D6C73714B102DA00B785E4 /* libmp4v2.a */ = {isa = PBXFileReference; lastKnownFileType = archive.ar; name = libmp4v2.a; path = external/contrib/lib/libmp4v2.a; sourceTree = BUILT_PRODUCTS_DIR; };
		27D6C73814B102DA00B785E4 /* libmpeg2.a */ = {isa = PBXFileReference; lastKnownFileType = archive.ar; name = libmpeg2.a; path = external/contrib/lib/libmpeg2.a; sourceTree = BUILT_PRODUCTS_DIR; };
		27D6C73914B102DA00B785E4 /* libogg.a */ = {isa = PBXFileReference; lastKnownFileType = archive.ar; name = libogg.a; path = external/contrib/lib/libogg.a; sourceTree = BUILT_PRODUCTS_DIR; };
		27D6C73A14B102DA00B785E4 /* libsamplerate.a */ = {isa = PBXFileReference; lastKnownFileType = archive.ar; name = libsamplerate.a; path = external/contrib/lib/libsamplerate.a; sourceTree = BUILT_PRODUCTS_DIR; };
		27D6C73B14B102DA00B785E4 /* libswscale.a */ = {isa = PBXFileReference; lastKnownFileType = archive.ar; name = libswscale.a; path = external/contrib/lib/libswscale.a; sourceTree = BUILT_PRODUCTS_DIR; };
		27D6C73C14B102DA00B785E4 /* libtheora.a */ = {isa = PBXFileReference; lastKnownFileType = archive.ar; name = libtheora.a; path = external/contrib/lib/libtheora.a; sourceTree = BUILT_PRODUCTS_DIR; };
		27D6C73D14B102DA00B785E4 /* libvorbis.a */ = {isa = PBXFileReference; lastKnownFileType = archive.ar; name = libvorbis.a; path = external/contrib/lib/libvorbis.a; sourceTree = BUILT_PRODUCTS_DIR; };
		27D6C73E14B102DA00B785E4 /* libvorbisenc.a */ = {isa = PBXFileReference; lastKnownFileType = archive.ar; name = libvorbisenc.a; path = external/contrib/lib/libvorbisenc.a; sourceTree = BUILT_PRODUCTS_DIR; };
		27D6C73F14B102DA00B785E4 /* libx264.a */ = {isa = PBXFileReference; lastKnownFileType = archive.ar; name = libx264.a; path = external/contrib/lib/libx264.a; sourceTree = BUILT_PRODUCTS_DIR; };
		27D6C74014B102DA00B785E4 /* libxml2.a */ = {isa = PBXFileReference; lastKnownFileType = archive.ar; name = libxml2.a; path = external/contrib/lib/libxml2.a; sourceTree = BUILT_PRODUCTS_DIR; };
		3490BCB31614CF8D002A5AD7 /* HandBrake.icns */ = {isa = PBXFileReference; lastKnownFileType = image.icns; path = HandBrake.icns; sourceTree = "<group>"; };
		34FF2FC014EEC363004C2400 /* HBAdvancedController.h */ = {isa = PBXFileReference; fileEncoding = 4; lastKnownFileType = sourcecode.c.h; path = HBAdvancedController.h; sourceTree = "<group>"; };
		46AB433315F98A2B009C0961 /* DockTextField.h */ = {isa = PBXFileReference; fileEncoding = 4; lastKnownFileType = sourcecode.c.h; path = DockTextField.h; sourceTree = "<group>"; };
		46AB433415F98A2B009C0961 /* DockTextField.m */ = {isa = PBXFileReference; fileEncoding = 4; lastKnownFileType = sourcecode.c.objc; path = DockTextField.m; sourceTree = "<group>"; };
		A9E1467A16BC2ABD00C307BC /* QuartzCore.framework */ = {isa = PBXFileReference; lastKnownFileType = wrapper.framework; name = QuartzCore.framework; path = /System/Library/Frameworks/QuartzCore.framework; sourceTree = "<absolute>"; };
		A9E1467C16BC2AD800C307BC /* next-p.pdf */ = {isa = PBXFileReference; lastKnownFileType = image.pdf; path = "next-p.pdf"; sourceTree = "<group>"; };
		A9E1467D16BC2AD800C307BC /* pause-p.pdf */ = {isa = PBXFileReference; lastKnownFileType = image.pdf; path = "pause-p.pdf"; sourceTree = "<group>"; };
		A9E1467E16BC2AD800C307BC /* play-p.pdf */ = {isa = PBXFileReference; lastKnownFileType = image.pdf; path = "play-p.pdf"; sourceTree = "<group>"; };
		A9E1467F16BC2AD800C307BC /* prev-p.pdf */ = {isa = PBXFileReference; lastKnownFileType = image.pdf; path = "prev-p.pdf"; sourceTree = "<group>"; };
		D2BCB0F616F515230084604C /* activity.png */ = {isa = PBXFileReference; lastKnownFileType = image.png; path = activity.png; sourceTree = "<group>"; };
		D2BCB0F716F515230084604C /* activity@2x.png */ = {isa = PBXFileReference; lastKnownFileType = image.png; path = "activity@2x.png"; sourceTree = "<group>"; };
		D2BCB0F816F515240084604C /* addqueue.png */ = {isa = PBXFileReference; lastKnownFileType = image.png; path = addqueue.png; sourceTree = "<group>"; };
		D2BCB0F916F515240084604C /* addqueue@2x.png */ = {isa = PBXFileReference; lastKnownFileType = image.png; path = "addqueue@2x.png"; sourceTree = "<group>"; };
		D2BCB0FA16F515250084604C /* advanced.png */ = {isa = PBXFileReference; lastKnownFileType = image.png; path = advanced.png; sourceTree = "<group>"; };
		D2BCB0FB16F515250084604C /* advanced@2x.png */ = {isa = PBXFileReference; lastKnownFileType = image.png; path = "advanced@2x.png"; sourceTree = "<group>"; };
		D2BCB0FC16F515260084604C /* audio.png */ = {isa = PBXFileReference; lastKnownFileType = image.png; path = audio.png; sourceTree = "<group>"; };
		D2BCB0FD16F515260084604C /* audio@2x.png */ = {isa = PBXFileReference; lastKnownFileType = image.png; path = "audio@2x.png"; sourceTree = "<group>"; };
		D2BCB0FE16F515270084604C /* encode.png */ = {isa = PBXFileReference; lastKnownFileType = image.png; path = encode.png; sourceTree = "<group>"; };
		D2BCB0FF16F515270084604C /* encode@2x.png */ = {isa = PBXFileReference; lastKnownFileType = image.png; path = "encode@2x.png"; sourceTree = "<group>"; };
		D2BCB10016F515280084604C /* pauseencode.png */ = {isa = PBXFileReference; lastKnownFileType = image.png; path = pauseencode.png; sourceTree = "<group>"; };
		D2BCB10116F515280084604C /* pauseencode@2x.png */ = {isa = PBXFileReference; lastKnownFileType = image.png; path = "pauseencode@2x.png"; sourceTree = "<group>"; };
		D2BCB10216F515290084604C /* picturesettings.png */ = {isa = PBXFileReference; lastKnownFileType = image.png; path = picturesettings.png; sourceTree = "<group>"; };
		D2BCB10316F515290084604C /* picturesettings@2x.png */ = {isa = PBXFileReference; lastKnownFileType = image.png; path = "picturesettings@2x.png"; sourceTree = "<group>"; };
		D2BCB10416F5152A0084604C /* presets.png */ = {isa = PBXFileReference; lastKnownFileType = image.png; path = presets.png; sourceTree = "<group>"; };
		D2BCB10516F5152A0084604C /* presets@2x.png */ = {isa = PBXFileReference; lastKnownFileType = image.png; path = "presets@2x.png"; sourceTree = "<group>"; };
		D2BCB10616F5152B0084604C /* preview.png */ = {isa = PBXFileReference; lastKnownFileType = image.png; path = preview.png; sourceTree = "<group>"; };
		D2BCB10716F5152B0084604C /* preview@2x.png */ = {isa = PBXFileReference; lastKnownFileType = image.png; path = "preview@2x.png"; sourceTree = "<group>"; };
		D2BCB10816F5152C0084604C /* settings@2x.png */ = {isa = PBXFileReference; lastKnownFileType = image.png; path = "settings@2x.png"; sourceTree = "<group>"; };
		D2BCB11C16F5154A0084604C /* settings.png */ = {isa = PBXFileReference; lastKnownFileType = image.png; path = settings.png; sourceTree = "<group>"; };
		D2BCB11D16F5154B0084604C /* showqueue.png */ = {isa = PBXFileReference; lastKnownFileType = image.png; path = showqueue.png; sourceTree = "<group>"; };
		D2BCB11E16F5154B0084604C /* showqueue@2x.png */ = {isa = PBXFileReference; lastKnownFileType = image.png; path = "showqueue@2x.png"; sourceTree = "<group>"; };
		D2BCB11F16F5154C0084604C /* source.png */ = {isa = PBXFileReference; lastKnownFileType = image.png; path = source.png; sourceTree = "<group>"; };
		D2BCB12016F5154C0084604C /* source@2x.png */ = {isa = PBXFileReference; lastKnownFileType = image.png; path = "source@2x.png"; sourceTree = "<group>"; };
		D2BCB12116F5154D0084604C /* stopencode.png */ = {isa = PBXFileReference; lastKnownFileType = image.png; path = stopencode.png; sourceTree = "<group>"; };
		D2BCB12216F5154D0084604C /* stopencode@2x.png */ = {isa = PBXFileReference; lastKnownFileType = image.png; path = "stopencode@2x.png"; sourceTree = "<group>"; };
/* End PBXFileReference section */

/* Begin PBXFrameworksBuildPhase section */
		273F1FFC14ADAE950021BE6D /* Frameworks */ = {
			isa = PBXFrameworksBuildPhase;
			buildActionMask = 2147483647;
			files = (
				273F203014ADB9790021BE6D /* AudioToolbox.framework in Frameworks */,
				273F202314ADB8650021BE6D /* IOKit.framework in Frameworks */,
				273F203314ADB9F00021BE6D /* CoreServices.framework in Frameworks */,
				273F202A14ADB8D60021BE6D /* libiconv.dylib in Frameworks */,
				273F202814ADB8BE0021BE6D /* libbz2.dylib in Frameworks */,
				273F202614ADB8A40021BE6D /* libz.dylib in Frameworks */,
				27D6C72614B1019100B785E4 /* libhb.a in Frameworks */,
				27D6C74214B102DA00B785E4 /* liba52.a in Frameworks */,
				27D6C74414B102DA00B785E4 /* libass.a in Frameworks */,
				27D6C74614B102DA00B785E4 /* libavcodec.a in Frameworks */,
				27D6C74814B102DA00B785E4 /* libavformat.a in Frameworks */,
				226268E11572CC7300477B4E /* libavresample.a in Frameworks */,
				27D6C74A14B102DA00B785E4 /* libavutil.a in Frameworks */,
				27D6C74C14B102DA00B785E4 /* libbluray.a in Frameworks */,
				27D6C75014B102DA00B785E4 /* libdvdnav.a in Frameworks */,
				27D6C75214B102DA00B785E4 /* libdvdread.a in Frameworks */,
				27D6C75614B102DA00B785E4 /* libfontconfig.a in Frameworks */,
				27D6C75814B102DA00B785E4 /* libfreetype.a in Frameworks */,
				27D6C75A14B102DA00B785E4 /* libfribidi.a in Frameworks */,
				27D6C75C14B102DA00B785E4 /* libmkv.a in Frameworks */,
				27D6C75F14B102DA00B785E4 /* libmp3lame.a in Frameworks */,
				27D6C76114B102DA00B785E4 /* libmp4v2.a in Frameworks */,
				27D6C76314B102DA00B785E4 /* libmpeg2.a in Frameworks */,
				27D6C76514B102DA00B785E4 /* libogg.a in Frameworks */,
				27D6C76714B102DA00B785E4 /* libsamplerate.a in Frameworks */,
				27D6C76914B102DA00B785E4 /* libswscale.a in Frameworks */,
				27D6C76B14B102DA00B785E4 /* libtheora.a in Frameworks */,
				27D6C76D14B102DA00B785E4 /* libvorbis.a in Frameworks */,
				27D6C76F14B102DA00B785E4 /* libvorbisenc.a in Frameworks */,
				27D6C77114B102DA00B785E4 /* libx264.a in Frameworks */,
				27D6C77314B102DA00B785E4 /* libxml2.a in Frameworks */,
			);
			runOnlyForDeploymentPostprocessing = 0;
		};
		273F203614ADBC200021BE6D /* Frameworks */ = {
			isa = PBXFrameworksBuildPhase;
			buildActionMask = 2147483647;
			files = (
				A9E1467B16BC2ABD00C307BC /* QuartzCore.framework in Frameworks */,
				273F21C114ADE7A20021BE6D /* Growl.framework in Frameworks */,
				273F21C214ADE7BC0021BE6D /* Sparkle.framework in Frameworks */,
				273F20C914ADC5150021BE6D /* AudioToolbox.framework in Frameworks */,
				273F20C814ADC4FF0021BE6D /* QTKit.framework in Frameworks */,
				273F20C614ADC4F50021BE6D /* IOKit.framework in Frameworks */,
				273F203C14ADBC210021BE6D /* Cocoa.framework in Frameworks */,
				273F20C314ADC4AE0021BE6D /* libiconv.dylib in Frameworks */,
				273F20C414ADC4B60021BE6D /* libbz2.dylib in Frameworks */,
				273F20C514ADC4BD0021BE6D /* libz.dylib in Frameworks */,
				27D6C72514B1019100B785E4 /* libhb.a in Frameworks */,
				27D6C74114B102DA00B785E4 /* liba52.a in Frameworks */,
				27D6C74314B102DA00B785E4 /* libass.a in Frameworks */,
				27D6C74514B102DA00B785E4 /* libavcodec.a in Frameworks */,
				27D6C74714B102DA00B785E4 /* libavformat.a in Frameworks */,
				226268E01572CC7300477B4E /* libavresample.a in Frameworks */,
				27D6C74914B102DA00B785E4 /* libavutil.a in Frameworks */,
				27D6C74B14B102DA00B785E4 /* libbluray.a in Frameworks */,
				27D6C74F14B102DA00B785E4 /* libdvdnav.a in Frameworks */,
				27D6C75114B102DA00B785E4 /* libdvdread.a in Frameworks */,
				27D6C75514B102DA00B785E4 /* libfontconfig.a in Frameworks */,
				27D6C75714B102DA00B785E4 /* libfreetype.a in Frameworks */,
				27D6C75914B102DA00B785E4 /* libfribidi.a in Frameworks */,
				27D6C75B14B102DA00B785E4 /* libmkv.a in Frameworks */,
				27D6C75E14B102DA00B785E4 /* libmp3lame.a in Frameworks */,
				27D6C76014B102DA00B785E4 /* libmp4v2.a in Frameworks */,
				27D6C76214B102DA00B785E4 /* libmpeg2.a in Frameworks */,
				27D6C76414B102DA00B785E4 /* libogg.a in Frameworks */,
				27D6C76614B102DA00B785E4 /* libsamplerate.a in Frameworks */,
				27D6C76814B102DA00B785E4 /* libswscale.a in Frameworks */,
				27D6C76A14B102DA00B785E4 /* libtheora.a in Frameworks */,
				27D6C76C14B102DA00B785E4 /* libvorbis.a in Frameworks */,
				27D6C76E14B102DA00B785E4 /* libvorbisenc.a in Frameworks */,
				27D6C77014B102DA00B785E4 /* libx264.a in Frameworks */,
				27D6C77214B102DA00B785E4 /* libxml2.a in Frameworks */,
			);
			runOnlyForDeploymentPostprocessing = 0;
		};
/* End PBXFrameworksBuildPhase section */

/* Begin PBXGroup section */
		271BA4C714B1236D00BC1D2C /* Static Libraries */ = {
			isa = PBXGroup;
			children = (
				27D6C72414B1019100B785E4 /* libhb.a */,
				27D6C72714B102DA00B785E4 /* liba52.a */,
				27D6C72814B102DA00B785E4 /* libass.a */,
				27D6C72914B102DA00B785E4 /* libavcodec.a */,
				27D6C72A14B102DA00B785E4 /* libavformat.a */,
				226268DF1572CC7300477B4E /* libavresample.a */,
				27D6C72B14B102DA00B785E4 /* libavutil.a */,
				27D6C72C14B102DA00B785E4 /* libbluray.a */,
				27D6C72E14B102DA00B785E4 /* libdvdnav.a */,
				27D6C72F14B102DA00B785E4 /* libdvdread.a */,
				27D6C73114B102DA00B785E4 /* libfontconfig.a */,
				27D6C73214B102DA00B785E4 /* libfreetype.a */,
				27D6C73314B102DA00B785E4 /* libfribidi.a */,
				27D6C73414B102DA00B785E4 /* libmkv.a */,
				27D6C73614B102DA00B785E4 /* libmp3lame.a */,
				27D6C73714B102DA00B785E4 /* libmp4v2.a */,
				27D6C73814B102DA00B785E4 /* libmpeg2.a */,
				27D6C73914B102DA00B785E4 /* libogg.a */,
				27D6C73A14B102DA00B785E4 /* libsamplerate.a */,
				27D6C73B14B102DA00B785E4 /* libswscale.a */,
				27D6C73C14B102DA00B785E4 /* libtheora.a */,
				27D6C73D14B102DA00B785E4 /* libvorbis.a */,
				27D6C73E14B102DA00B785E4 /* libvorbisenc.a */,
				27D6C73F14B102DA00B785E4 /* libx264.a */,
				27D6C74014B102DA00B785E4 /* libxml2.a */,
			);
			name = "Static Libraries";
			sourceTree = "<group>";
		};
		271BA4C914B1238E00BC1D2C /* Support */ = {
			isa = PBXGroup;
			children = (
				271BA4C014B119F800BC1D2C /* Info.plist */,
			);
			name = Support;
			sourceTree = "<group>";
		};
		273F1FDE14AD9DA40021BE6D = {
			isa = PBXGroup;
			children = (
				273F204114ADBC210021BE6D /* HandBrake */,
				273F200214ADAE950021BE6D /* HandBrakeCLI */,
				273F200014ADAE950021BE6D /* Products */,
				27D6C72314B1013400B785E4 /* Products (external) */,
				273F20CD14ADC8E60021BE6D /* Resources */,
				273F219214ADDE440021BE6D /* Resources (unused) */,
				273F203414ADBAC30021BE6D /* Frameworks */,
				273F20CE14ADC9210021BE6D /* Frameworks (bundled) */,
				277A3FCF14AE848400A835E4 /* xcconfig */,
			);
			sourceTree = "<group>";
		};
		273F200014ADAE950021BE6D /* Products */ = {
			isa = PBXGroup;
			children = (
				273F1FFF14ADAE950021BE6D /* HandBrakeCLI */,
				273F203914ADBC210021BE6D /* HandBrake.app */,
			);
			name = Products;
			sourceTree = "<group>";
		};
		273F200214ADAE950021BE6D /* HandBrakeCLI */ = {
			isa = PBXGroup;
			children = (
				273F208514ADBE3B0021BE6D /* fakexcode.cpp */,
				273F208614ADBE3B0021BE6D /* parsecsv.c */,
				273F208714ADBE3B0021BE6D /* parsecsv.h */,
				273F208814ADBE3B0021BE6D /* test.c */,
			);
			name = HandBrakeCLI;
			path = ../test;
			sourceTree = "<group>";
		};
		273F203414ADBAC30021BE6D /* Frameworks */ = {
			isa = PBXGroup;
			children = (
				A9E1467A16BC2ABD00C307BC /* QuartzCore.framework */,
				273F20C714ADC4FF0021BE6D /* QTKit.framework */,
				273F202F14ADB9790021BE6D /* AudioToolbox.framework */,
				273F203B14ADBC210021BE6D /* Cocoa.framework */,
				273F203214ADB9F00021BE6D /* CoreServices.framework */,
				273F202214ADB8650021BE6D /* IOKit.framework */,
				273F203D14ADBC210021BE6D /* Other Frameworks */,
				273F202914ADB8D60021BE6D /* libiconv.dylib */,
				273F202714ADB8BE0021BE6D /* libbz2.dylib */,
				273F202514ADB8A40021BE6D /* libz.dylib */,
			);
			name = Frameworks;
			sourceTree = "<group>";
		};
		273F203D14ADBC210021BE6D /* Other Frameworks */ = {
			isa = PBXGroup;
			children = (
				273F203E14ADBC210021BE6D /* AppKit.framework */,
				273F203F14ADBC210021BE6D /* CoreData.framework */,
				273F204014ADBC210021BE6D /* Foundation.framework */,
			);
			name = "Other Frameworks";
			sourceTree = "<group>";
		};
		273F204114ADBC210021BE6D /* HandBrake */ = {
			isa = PBXGroup;
			children = (
				273F208C14ADBE670021BE6D /* ChapterTitles.h */,
				273F208D14ADBE670021BE6D /* ChapterTitles.m */,
				273F208E14ADBE670021BE6D /* Controller.h */,
				273F208F14ADBE670021BE6D /* Controller.m */,
				46AB433315F98A2B009C0961 /* DockTextField.h */,
				46AB433415F98A2B009C0961 /* DockTextField.m */,
				34FF2FC014EEC363004C2400 /* HBAdvancedController.h */,
				273F209014ADBE670021BE6D /* HBAdvancedController.m */,
				273F209114ADBE670021BE6D /* HBAudio.h */,
				273F209214ADBE670021BE6D /* HBAudio.m */,
				273F209314ADBE670021BE6D /* HBAudioController.h */,
				273F209414ADBE670021BE6D /* HBAudioController.m */,
				273F209714ADBE670021BE6D /* HBDVDDetector.h */,
				273F209814ADBE670021BE6D /* HBDVDDetector.m */,
				273F209914ADBE670021BE6D /* HBImageAndTextCell.h */,
				273F209A14ADBE670021BE6D /* HBImageAndTextCell.m */,
				273F209B14ADBE670021BE6D /* HBOutputPanelController.h */,
				273F209C14ADBE670021BE6D /* HBOutputPanelController.m */,
				273F209D14ADBE670021BE6D /* HBOutputRedirect.h */,
				273F209E14ADBE670021BE6D /* HBOutputRedirect.m */,
				273F209F14ADBE670021BE6D /* HBPreferencesController.h */,
				273F20A014ADBE670021BE6D /* HBPreferencesController.m */,
				273F20A114ADBE670021BE6D /* HBPresets.h */,
				273F20A214ADBE670021BE6D /* HBPresets.m */,
				273F20A314ADBE670021BE6D /* HBPreviewController.h */,
				273F20A414ADBE670021BE6D /* HBPreviewController.m */,
				273F20A514ADBE670021BE6D /* HBQueueController.h */,
				273F20A614ADBE670021BE6D /* HBQueueController.mm */,
				273F20A714ADBE670021BE6D /* HBSubtitles.h */,
				273F20A814ADBE670021BE6D /* HBSubtitles.m */,
				273F20A914ADBE670021BE6D /* PictureController.h */,
				273F20AA14ADBE670021BE6D /* PictureController.m */,
				273F20BD14ADC09F0021BE6D /* main.mm */,
			);
			name = HandBrake;
			sourceTree = "<group>";
		};
		273F20CD14ADC8E60021BE6D /* Resources */ = {
			isa = PBXGroup;
			children = (
				3490BCB31614CF8D002A5AD7 /* HandBrake.icns */,
				273F217914ADDDA10021BE6D /* English.lproj */,
				273F212014ADCBF70021BE6D /* icons */,
			);
			name = Resources;
			sourceTree = "<group>";
		};
		273F20CE14ADC9210021BE6D /* Frameworks (bundled) */ = {
			isa = PBXGroup;
			children = (
				273F20BF14ADC1250021BE6D /* Growl.framework */,
				273F20C014ADC1250021BE6D /* Sparkle.framework */,
			);
			name = "Frameworks (bundled)";
			sourceTree = "<group>";
		};
		273F212014ADCBF70021BE6D /* icons */ = {
			isa = PBXGroup;
			children = (
				D2BCB11C16F5154A0084604C /* settings.png */,
				D2BCB11D16F5154B0084604C /* showqueue.png */,
				D2BCB11E16F5154B0084604C /* showqueue@2x.png */,
				D2BCB11F16F5154C0084604C /* source.png */,
				D2BCB12016F5154C0084604C /* source@2x.png */,
				D2BCB12116F5154D0084604C /* stopencode.png */,
				D2BCB12216F5154D0084604C /* stopencode@2x.png */,
				D2BCB0F616F515230084604C /* activity.png */,
				D2BCB0F716F515230084604C /* activity@2x.png */,
				D2BCB0F816F515240084604C /* addqueue.png */,
				D2BCB0F916F515240084604C /* addqueue@2x.png */,
				D2BCB0FA16F515250084604C /* advanced.png */,
				D2BCB0FB16F515250084604C /* advanced@2x.png */,
				D2BCB0FC16F515260084604C /* audio.png */,
				D2BCB0FD16F515260084604C /* audio@2x.png */,
				D2BCB0FE16F515270084604C /* encode.png */,
				D2BCB0FF16F515270084604C /* encode@2x.png */,
				D2BCB10016F515280084604C /* pauseencode.png */,
				D2BCB10116F515280084604C /* pauseencode@2x.png */,
				D2BCB10216F515290084604C /* picturesettings.png */,
				D2BCB10316F515290084604C /* picturesettings@2x.png */,
				D2BCB10416F5152A0084604C /* presets.png */,
				D2BCB10516F5152A0084604C /* presets@2x.png */,
				D2BCB10616F5152B0084604C /* preview.png */,
				D2BCB10716F5152B0084604C /* preview@2x.png */,
				D2BCB10816F5152C0084604C /* settings@2x.png */,
				A9E1467C16BC2AD800C307BC /* next-p.pdf */,
				A9E1467D16BC2AD800C307BC /* pause-p.pdf */,
				A9E1467E16BC2AD800C307BC /* play-p.pdf */,
				A9E1467F16BC2AD800C307BC /* prev-p.pdf */,
				273F212514ADCBF70021BE6D /* Delete.png */,
				273F212614ADCBF70021BE6D /* DeleteHighlight.png */,
				273F212714ADCBF70021BE6D /* DeleteHighlightPressed.png */,
				273F212814ADCBF70021BE6D /* DeletePressed.png */,
				273F212A14ADCBF80021BE6D /* EncodeCanceled.png */,
				273F212B14ADCBF80021BE6D /* EncodeComplete.png */,
				273F212C14ADCBF80021BE6D /* EncodeWorking0.png */,
				273F212D14ADCBF80021BE6D /* EncodeWorking1.png */,
				273F212E14ADCBF80021BE6D /* EncodeWorking2.png */,
				273F212F14ADCBF80021BE6D /* EncodeWorking3.png */,
				273F213014ADCBF80021BE6D /* EncodeWorking4.png */,
				273F213114ADCBF80021BE6D /* EncodeWorking5.png */,
				273F213414ADCBF80021BE6D /* JobPassFirstSmall.png */,
				273F213614ADCBF80021BE6D /* JobPassSecondSmall.png */,
				273F213814ADCBF80021BE6D /* JobPassSubtitleSmall.png */,
				273F213914ADCBF80021BE6D /* JobPassUnknownSmall.png */,
				273F213A14ADCBF80021BE6D /* JobSmall.png */,
				273F214014ADCBF80021BE6D /* Reveal.png */,
				273F214114ADCBF80021BE6D /* RevealHighlight.png */,
				273F214214ADCBF80021BE6D /* RevealHighlightPressed.png */,
				273F214314ADCBF80021BE6D /* RevealPressed.png */,
			);
			path = icons;
			sourceTree = "<group>";
		};
		273F217914ADDDA10021BE6D /* English.lproj */ = {
			isa = PBXGroup;
			children = (
				273F217A14ADDDA10021BE6D /* AdvancedView.xib */,
				273F217C14ADDDA10021BE6D /* InfoPlist.strings */,
				273F217E14ADDDA10021BE6D /* MainMenu.xib */,
				273F218014ADDDA10021BE6D /* OutputPanel.xib */,
				273F218214ADDDA10021BE6D /* PicturePreview.xib */,
				273F218414ADDDA10021BE6D /* PictureSettings.xib */,
				273F218614ADDDA10021BE6D /* Preferences.xib */,
				273F218814ADDDA10021BE6D /* Queue.xib */,
			);
			path = English.lproj;
			sourceTree = "<group>";
		};
		273F219214ADDE440021BE6D /* Resources (unused) */ = {
			isa = PBXGroup;
			children = (
				273F219314ADDE9A0021BE6D /* icons */,
			);
			name = "Resources (unused)";
			sourceTree = "<group>";
		};
		273F219314ADDE9A0021BE6D /* icons */ = {
			isa = PBXGroup;
			children = (
			);
			path = icons;
			sourceTree = "<group>";
		};
		277A3FCF14AE848400A835E4 /* xcconfig */ = {
			isa = PBXGroup;
			children = (
				275916DA14B2AB27007211E9 /* native.xcconfig */,
				277A3FD014AE84C500A835E4 /* osx106.i386.xcconfig */,
				277A3FD114AE84C500A835E4 /* osx106.x86_64.xcconfig */,
				276941FA14B161B70027798C /* osx107.i386.xcconfig */,
				277A3FD214AE84C500A835E4 /* osx107.x86_64.xcconfig */,
			);
			path = xcconfig;
			sourceTree = "<group>";
		};
		27D6C72314B1013400B785E4 /* Products (external) */ = {
			isa = PBXGroup;
			children = (
				271BA4C914B1238E00BC1D2C /* Support */,
				271BA4C714B1236D00BC1D2C /* Static Libraries */,
			);
			name = "Products (external)";
			sourceTree = "<group>";
		};
/* End PBXGroup section */

/* Begin PBXLegacyTarget section */
		273F216E14ADD2170021BE6D /* external */ = {
			isa = PBXLegacyTarget;
			buildArgumentsString = "\"$EXTERNAL_SRC/make/xcodemake\"";
			buildConfigurationList = 273F217114ADD2170021BE6D /* Build configuration list for PBXLegacyTarget "external" */;
			buildPhases = (
			);
			buildToolPath = /bin/bash;
			buildWorkingDirectory = "";
			dependencies = (
			);
			name = external;
			passBuildSettingsInEnvironment = 1;
			productName = libhb;
		};
/* End PBXLegacyTarget section */

/* Begin PBXNativeTarget section */
		273F1FFE14ADAE950021BE6D /* HandBrakeCLI */ = {
			isa = PBXNativeTarget;
			buildConfigurationList = 273F200714ADAE950021BE6D /* Build configuration list for PBXNativeTarget "HandBrakeCLI" */;
			buildPhases = (
				273F1FFB14ADAE950021BE6D /* Sources */,
				273F1FFC14ADAE950021BE6D /* Frameworks */,
				273F1FFD14ADAE950021BE6D /* CopyFiles */,
			);
			buildRules = (
			);
			dependencies = (
				273F217714ADD2580021BE6D /* PBXTargetDependency */,
			);
			name = HandBrakeCLI;
			productName = HandBrakeCLI;
			productReference = 273F1FFF14ADAE950021BE6D /* HandBrakeCLI */;
			productType = "com.apple.product-type.tool";
		};
		273F203814ADBC200021BE6D /* HandBrake */ = {
			isa = PBXNativeTarget;
			buildConfigurationList = 273F205314ADBC210021BE6D /* Build configuration list for PBXNativeTarget "HandBrake" */;
			buildPhases = (
				273F203514ADBC200021BE6D /* Sources */,
				273F203614ADBC200021BE6D /* Frameworks */,
				273F203714ADBC200021BE6D /* Resources */,
				273F20CA14ADC86C0021BE6D /* CopyFiles */,
			);
			buildRules = (
			);
			dependencies = (
				2781697114B02B1B00A28B61 /* PBXTargetDependency */,
			);
			name = HandBrake;
			productName = HandBrake;
			productReference = 273F203914ADBC210021BE6D /* HandBrake.app */;
			productType = "com.apple.product-type.application";
		};
/* End PBXNativeTarget section */

/* Begin PBXProject section */
		273F1FE014AD9DA40021BE6D /* Project object */ = {
			isa = PBXProject;
			attributes = {
				LastUpgradeCheck = 0420;
			};
			buildConfigurationList = 273F1FE314AD9DA40021BE6D /* Build configuration list for PBXProject "HandBrake" */;
			compatibilityVersion = "Xcode 3.2";
			developmentRegion = English;
			hasScannedForEncodings = 0;
			knownRegions = (
				en,
				English,
			);
			mainGroup = 273F1FDE14AD9DA40021BE6D;
			productRefGroup = 273F200014ADAE950021BE6D /* Products */;
			projectDirPath = "";
			projectRoot = "";
			targets = (
				273F203814ADBC200021BE6D /* HandBrake */,
				273F1FFE14ADAE950021BE6D /* HandBrakeCLI */,
				273F216E14ADD2170021BE6D /* external */,
			);
		};
/* End PBXProject section */

/* Begin PBXResourcesBuildPhase section */
		273F203714ADBC200021BE6D /* Resources */ = {
			isa = PBXResourcesBuildPhase;
			buildActionMask = 2147483647;
			files = (
				273F214C14ADCBF80021BE6D /* Delete.png in Resources */,
				273F214D14ADCBF80021BE6D /* DeleteHighlight.png in Resources */,
				273F214E14ADCBF80021BE6D /* DeleteHighlightPressed.png in Resources */,
				273F214F14ADCBF80021BE6D /* DeletePressed.png in Resources */,
				273F215114ADCBF80021BE6D /* EncodeCanceled.png in Resources */,
				273F215214ADCBF80021BE6D /* EncodeComplete.png in Resources */,
				273F215314ADCBF80021BE6D /* EncodeWorking0.png in Resources */,
				273F215414ADCBF80021BE6D /* EncodeWorking1.png in Resources */,
				273F215514ADCBF80021BE6D /* EncodeWorking2.png in Resources */,
				273F215614ADCBF80021BE6D /* EncodeWorking3.png in Resources */,
				273F215714ADCBF80021BE6D /* EncodeWorking4.png in Resources */,
				273F215814ADCBF80021BE6D /* EncodeWorking5.png in Resources */,
				273F215B14ADCBF80021BE6D /* JobPassFirstSmall.png in Resources */,
				273F215D14ADCBF80021BE6D /* JobPassSecondSmall.png in Resources */,
				273F215F14ADCBF80021BE6D /* JobPassSubtitleSmall.png in Resources */,
				273F216014ADCBF80021BE6D /* JobPassUnknownSmall.png in Resources */,
				273F216114ADCBF80021BE6D /* JobSmall.png in Resources */,
				273F216714ADCBF80021BE6D /* Reveal.png in Resources */,
				273F216814ADCBF80021BE6D /* RevealHighlight.png in Resources */,
				273F216914ADCBF80021BE6D /* RevealHighlightPressed.png in Resources */,
				273F216A14ADCBF80021BE6D /* RevealPressed.png in Resources */,
				273F218A14ADDDA10021BE6D /* AdvancedView.xib in Resources */,
				273F218B14ADDDA10021BE6D /* InfoPlist.strings in Resources */,
				273F218C14ADDDA10021BE6D /* MainMenu.xib in Resources */,
				273F218D14ADDDA10021BE6D /* OutputPanel.xib in Resources */,
				273F218E14ADDDA10021BE6D /* PicturePreview.xib in Resources */,
				273F218F14ADDDA10021BE6D /* PictureSettings.xib in Resources */,
				273F219014ADDDA10021BE6D /* Preferences.xib in Resources */,
				273F219114ADDDA10021BE6D /* Queue.xib in Resources */,
				3490BCB41614CF8D002A5AD7 /* HandBrake.icns in Resources */,
				A9E1468016BC2AD800C307BC /* next-p.pdf in Resources */,
				A9E1468116BC2AD800C307BC /* pause-p.pdf in Resources */,
				A9E1468216BC2AD800C307BC /* play-p.pdf in Resources */,
				A9E1468316BC2AD800C307BC /* prev-p.pdf in Resources */,
				D2BCB10916F5152C0084604C /* activity.png in Resources */,
				D2BCB10A16F5152C0084604C /* activity@2x.png in Resources */,
				D2BCB10B16F5152C0084604C /* addqueue.png in Resources */,
				D2BCB10C16F5152C0084604C /* addqueue@2x.png in Resources */,
				D2BCB10D16F5152C0084604C /* advanced.png in Resources */,
				D2BCB10E16F5152C0084604C /* advanced@2x.png in Resources */,
				D2BCB10F16F5152C0084604C /* audio.png in Resources */,
				D2BCB11016F5152C0084604C /* audio@2x.png in Resources */,
				D2BCB11116F5152C0084604C /* encode.png in Resources */,
				D2BCB11216F5152C0084604C /* encode@2x.png in Resources */,
				D2BCB11316F5152C0084604C /* pauseencode.png in Resources */,
				D2BCB11416F5152C0084604C /* pauseencode@2x.png in Resources */,
				D2BCB11516F5152C0084604C /* picturesettings.png in Resources */,
				D2BCB11616F5152C0084604C /* picturesettings@2x.png in Resources */,
				D2BCB11716F5152C0084604C /* presets.png in Resources */,
				D2BCB11816F5152C0084604C /* presets@2x.png in Resources */,
				D2BCB11916F5152C0084604C /* preview.png in Resources */,
				D2BCB11A16F5152C0084604C /* preview@2x.png in Resources */,
				D2BCB11B16F5152C0084604C /* settings@2x.png in Resources */,
				D2BCB12316F5154E0084604C /* settings.png in Resources */,
				D2BCB12416F5154E0084604C /* showqueue.png in Resources */,
				D2BCB12516F5154E0084604C /* showqueue@2x.png in Resources */,
				D2BCB12616F5154E0084604C /* source.png in Resources */,
				D2BCB12716F5154E0084604C /* source@2x.png in Resources */,
				D2BCB12816F5154E0084604C /* stopencode.png in Resources */,
				D2BCB12916F5154E0084604C /* stopencode@2x.png in Resources */,
			);
			runOnlyForDeploymentPostprocessing = 0;
		};
/* End PBXResourcesBuildPhase section */

/* Begin PBXSourcesBuildPhase section */
		273F1FFB14ADAE950021BE6D /* Sources */ = {
			isa = PBXSourcesBuildPhase;
			buildActionMask = 2147483647;
			files = (
				273F208914ADBE3B0021BE6D /* fakexcode.cpp in Sources */,
				273F208A14ADBE3B0021BE6D /* parsecsv.c in Sources */,
				273F208B14ADBE3B0021BE6D /* test.c in Sources */,
			);
			runOnlyForDeploymentPostprocessing = 0;
		};
		273F203514ADBC200021BE6D /* Sources */ = {
			isa = PBXSourcesBuildPhase;
			buildActionMask = 2147483647;
			files = (
				273F20AB14ADBE670021BE6D /* ChapterTitles.m in Sources */,
				273F20AC14ADBE670021BE6D /* Controller.m in Sources */,
				273F20AD14ADBE670021BE6D /* HBAdvancedController.m in Sources */,
				273F20AE14ADBE670021BE6D /* HBAudio.m in Sources */,
				273F20AF14ADBE670021BE6D /* HBAudioController.m in Sources */,
				273F20B114ADBE670021BE6D /* HBDVDDetector.m in Sources */,
				273F20B214ADBE670021BE6D /* HBImageAndTextCell.m in Sources */,
				273F20B314ADBE670021BE6D /* HBOutputPanelController.m in Sources */,
				273F20B414ADBE670021BE6D /* HBOutputRedirect.m in Sources */,
				273F20B514ADBE670021BE6D /* HBPreferencesController.m in Sources */,
				273F20B614ADBE670021BE6D /* HBPresets.m in Sources */,
				273F20B714ADBE670021BE6D /* HBPreviewController.m in Sources */,
				273F20B814ADBE670021BE6D /* HBQueueController.mm in Sources */,
				273F20B914ADBE670021BE6D /* HBSubtitles.m in Sources */,
				273F20BA14ADBE670021BE6D /* PictureController.m in Sources */,
				273F20BE14ADC09F0021BE6D /* main.mm in Sources */,
				46AB433515F98A2B009C0961 /* DockTextField.m in Sources */,
			);
			runOnlyForDeploymentPostprocessing = 0;
		};
/* End PBXSourcesBuildPhase section */

/* Begin PBXTargetDependency section */
		273F217714ADD2580021BE6D /* PBXTargetDependency */ = {
			isa = PBXTargetDependency;
			target = 273F216E14ADD2170021BE6D /* external */;
			targetProxy = 273F217614ADD2580021BE6D /* PBXContainerItemProxy */;
		};
		2781697114B02B1B00A28B61 /* PBXTargetDependency */ = {
			isa = PBXTargetDependency;
			target = 273F216E14ADD2170021BE6D /* external */;
			targetProxy = 2781697014B02B1B00A28B61 /* PBXContainerItemProxy */;
		};
/* End PBXTargetDependency section */

/* Begin PBXVariantGroup section */
		273F217A14ADDDA10021BE6D /* AdvancedView.xib */ = {
			isa = PBXVariantGroup;
			children = (
				273F217B14ADDDA10021BE6D /* English */,
			);
			name = AdvancedView.xib;
			sourceTree = "<group>";
		};
		273F217C14ADDDA10021BE6D /* InfoPlist.strings */ = {
			isa = PBXVariantGroup;
			children = (
				273F217D14ADDDA10021BE6D /* English */,
			);
			name = InfoPlist.strings;
			sourceTree = "<group>";
		};
		273F217E14ADDDA10021BE6D /* MainMenu.xib */ = {
			isa = PBXVariantGroup;
			children = (
				273F217F14ADDDA10021BE6D /* English */,
			);
			name = MainMenu.xib;
			sourceTree = "<group>";
		};
		273F218014ADDDA10021BE6D /* OutputPanel.xib */ = {
			isa = PBXVariantGroup;
			children = (
				273F218114ADDDA10021BE6D /* English */,
			);
			name = OutputPanel.xib;
			sourceTree = "<group>";
		};
		273F218214ADDDA10021BE6D /* PicturePreview.xib */ = {
			isa = PBXVariantGroup;
			children = (
				273F218314ADDDA10021BE6D /* English */,
			);
			name = PicturePreview.xib;
			sourceTree = "<group>";
		};
		273F218414ADDDA10021BE6D /* PictureSettings.xib */ = {
			isa = PBXVariantGroup;
			children = (
				273F218514ADDDA10021BE6D /* English */,
			);
			name = PictureSettings.xib;
			sourceTree = "<group>";
		};
		273F218614ADDDA10021BE6D /* Preferences.xib */ = {
			isa = PBXVariantGroup;
			children = (
				273F218714ADDDA10021BE6D /* English */,
			);
			name = Preferences.xib;
			sourceTree = "<group>";
		};
		273F218814ADDDA10021BE6D /* Queue.xib */ = {
			isa = PBXVariantGroup;
			children = (
				273F218914ADDDA10021BE6D /* English */,
			);
			name = Queue.xib;
			sourceTree = "<group>";
		};
/* End PBXVariantGroup section */

/* Begin XCBuildConfiguration section */
		273F1FE614AD9DA40021BE6D /* debug */ = {
			isa = XCBuildConfiguration;
			baseConfigurationReference = 275916DA14B2AB27007211E9 /* native.xcconfig */;
			buildSettings = {
				ALWAYS_SEARCH_USER_PATHS = NO;
				COPY_PHASE_STRIP = NO;
				EXTERNAL_BUILD = "$(CONFIGURATION_BUILD_DIR)/external";
				EXTERNAL_DRIVER = xcode;
				EXTERNAL_JOBS = auto;
				EXTERNAL_SRC = ..;
				GCC_C_LANGUAGE_STANDARD = gnu99;
				GCC_ENABLE_OBJC_EXCEPTIONS = YES;
				GCC_OPTIMIZATION_LEVEL = 0;
				GCC_PREPROCESSOR_DEFINITIONS = (
					"DEBUG=1",
					"$(inherited)",
				);
				GCC_VERSION = com.apple.compilers.llvmgcc42;
				GCC_WARN_64_TO_32_BIT_CONVERSION = YES;
				GCC_WARN_ABOUT_MISSING_PROTOTYPES = YES;
				GCC_WARN_ABOUT_RETURN_TYPE = YES;
				GCC_WARN_UNUSED_VARIABLE = YES;
				SHARED_PRECOMPS_DIR = "$(CONFIGURATION_TEMP_DIR)/PrecompiledHeaders";
				STRIP_INSTALLED_PRODUCT = NO;
			};
			name = debug;
		};
		273F1FE714AD9DA40021BE6D /* release */ = {
			isa = XCBuildConfiguration;
			baseConfigurationReference = 275916DA14B2AB27007211E9 /* native.xcconfig */;
			buildSettings = {
				ALWAYS_SEARCH_USER_PATHS = NO;
				COPY_PHASE_STRIP = YES;
				DEBUG_INFORMATION_FORMAT = "dwarf-with-dsym";
				EXTERNAL_BUILD = "$(CONFIGURATION_BUILD_DIR)/external";
				EXTERNAL_DRIVER = xcode;
				EXTERNAL_JOBS = auto;
				EXTERNAL_SRC = ..;
				GCC_C_LANGUAGE_STANDARD = gnu99;
				GCC_ENABLE_OBJC_EXCEPTIONS = YES;
				GCC_VERSION = com.apple.compilers.llvmgcc42;
				GCC_WARN_64_TO_32_BIT_CONVERSION = YES;
				GCC_WARN_ABOUT_MISSING_PROTOTYPES = YES;
				GCC_WARN_ABOUT_RETURN_TYPE = YES;
				GCC_WARN_UNUSED_VARIABLE = YES;
				SHARED_PRECOMPS_DIR = "$(CONFIGURATION_TEMP_DIR)/PrecompiledHeaders";
				STRIP_INSTALLED_PRODUCT = YES;
			};
			name = release;
		};
		273F200814ADAE950021BE6D /* debug */ = {
			isa = XCBuildConfiguration;
			buildSettings = {
				HEADER_SEARCH_PATHS = (
					"\"$(EXTERNAL_BUILD)/libhb\"",
					"\"$(EXTERNAL_BUILD)/contrib/include\"",
				);
				LIBRARY_SEARCH_PATHS = (
					"$(inherited)",
					"\"$(EXTERNAL_BUILD)/libhb\"",
					"\"$(EXTERNAL_BUILD)/contrib/lib\"",
				);
				PRODUCT_NAME = "$(TARGET_NAME)";
			};
			name = debug;
		};
		273F200914ADAE950021BE6D /* release */ = {
			isa = XCBuildConfiguration;
			buildSettings = {
				HEADER_SEARCH_PATHS = (
					"\"$(EXTERNAL_BUILD)/libhb\"",
					"\"$(EXTERNAL_BUILD)/contrib/include\"",
				);
				LIBRARY_SEARCH_PATHS = (
					"$(inherited)",
					"\"$(EXTERNAL_BUILD)/libhb\"",
					"\"$(EXTERNAL_BUILD)/contrib/lib\"",
				);
				PRODUCT_NAME = "$(TARGET_NAME)";
			};
			name = release;
		};
		273F205414ADBC210021BE6D /* debug */ = {
			isa = XCBuildConfiguration;
			buildSettings = {
				FRAMEWORK_SEARCH_PATHS = (
					"$(inherited)",
					"\"$(SRCROOT)\"",
				);
				HEADER_SEARCH_PATHS = (
					"\"$(EXTERNAL_BUILD)/libhb\"",
					"\"$(EXTERNAL_BUILD)/contrib/include\"",
				);
				INFOPLIST_FILE = "$(EXTERNAL_BUILD)/macosx/Info.plist";
				LIBRARY_SEARCH_PATHS = (
					"$(inherited)",
					"\"$(EXTERNAL_BUILD)/libhb\"",
					"\"$(EXTERNAL_BUILD)/contrib/lib\"",
				);
				PRODUCT_NAME = "$(TARGET_NAME)";
				WRAPPER_EXTENSION = app;
			};
			name = debug;
		};
		273F205514ADBC210021BE6D /* release */ = {
			isa = XCBuildConfiguration;
			buildSettings = {
				FRAMEWORK_SEARCH_PATHS = (
					"$(inherited)",
					"\"$(SRCROOT)\"",
				);
				HEADER_SEARCH_PATHS = (
					"\"$(EXTERNAL_BUILD)/libhb\"",
					"\"$(EXTERNAL_BUILD)/contrib/include\"",
				);
				INFOPLIST_FILE = "$(EXTERNAL_BUILD)/macosx/Info.plist";
				LIBRARY_SEARCH_PATHS = (
					"$(inherited)",
					"\"$(EXTERNAL_BUILD)/libhb\"",
					"\"$(EXTERNAL_BUILD)/contrib/lib\"",
				);
				PRODUCT_NAME = "$(TARGET_NAME)";
				WRAPPER_EXTENSION = app;
			};
			name = release;
		};
		273F217214ADD2170021BE6D /* debug */ = {
			isa = XCBuildConfiguration;
			buildSettings = {
				PRODUCT_NAME = external;
			};
			name = debug;
		};
		273F217314ADD2170021BE6D /* release */ = {
			isa = XCBuildConfiguration;
			buildSettings = {
				PRODUCT_NAME = external;
			};
			name = release;
		};
/* End XCBuildConfiguration section */

/* Begin XCConfigurationList section */
		273F1FE314AD9DA40021BE6D /* Build configuration list for PBXProject "HandBrake" */ = {
			isa = XCConfigurationList;
			buildConfigurations = (
				273F1FE614AD9DA40021BE6D /* debug */,
				273F1FE714AD9DA40021BE6D /* release */,
			);
			defaultConfigurationIsVisible = 0;
			defaultConfigurationName = release;
		};
		273F200714ADAE950021BE6D /* Build configuration list for PBXNativeTarget "HandBrakeCLI" */ = {
			isa = XCConfigurationList;
			buildConfigurations = (
				273F200814ADAE950021BE6D /* debug */,
				273F200914ADAE950021BE6D /* release */,
			);
			defaultConfigurationIsVisible = 0;
			defaultConfigurationName = release;
		};
		273F205314ADBC210021BE6D /* Build configuration list for PBXNativeTarget "HandBrake" */ = {
			isa = XCConfigurationList;
			buildConfigurations = (
				273F205414ADBC210021BE6D /* debug */,
				273F205514ADBC210021BE6D /* release */,
			);
			defaultConfigurationIsVisible = 0;
			defaultConfigurationName = release;
		};
		273F217114ADD2170021BE6D /* Build configuration list for PBXLegacyTarget "external" */ = {
			isa = XCConfigurationList;
			buildConfigurations = (
				273F217214ADD2170021BE6D /* debug */,
				273F217314ADD2170021BE6D /* release */,
			);
			defaultConfigurationIsVisible = 0;
			defaultConfigurationName = release;
		};
/* End XCConfigurationList section */
	};
	rootObject = 273F1FE014AD9DA40021BE6D /* Project object */;
}
