
Microsoft Visual Studio Solution File, Format Version 12.00
# Visual Studio 15
VisualStudioVersion = 15.0.27130.2010
MinimumVisualStudioVersion = 10.0.40219.1
Project("{9A19103F-16F7-4668-BE54-9A1E7A4F7556}") = "HandBrake.CoreLibrary", "HandBrake.CoreLibrary\HandBrake.CoreLibrary.csproj", "{087A2BA8-BAC2-4577-A46F-07FF9D420016}"
EndProject
Global
	GlobalSection(SolutionConfigurationPlatforms) = preSolution
		Debug|Any CPU = Debug|Any CPU
		Release|Any CPU = Release|Any CPU
	EndGlobalSection
	GlobalSection(ProjectConfigurationPlatforms) = postSolution
		{087A2BA8-BAC2-4577-A46F-07FF9D420016}.Debug|Any CPU.ActiveCfg = Debug|Any CPU
		{087A2BA8-BAC2-4577-A46F-07FF9D420016}.Debug|Any CPU.Build.0 = Debug|Any CPU
		{087A2BA8-BAC2-4577-A46F-07FF9D420016}.Release|Any CPU.ActiveCfg = Release|Any CPU
		{087A2BA8-BAC2-4577-A46F-07FF9D420016}.Release|Any CPU.Build.0 = Release|Any CPU
	EndGlobalSection
	GlobalSection(SolutionProperties) = preSolution
		HideSolutionNode = FALSE
	EndGlobalSection
	GlobalSection(ExtensibilityGlobals) = postSolution
		SolutionGuid = {561E44C8-14B0-478C-BF65-1725F444E549}
	EndGlobalSection
EndGlobal
