
Microsoft Visual Studio Solution File, Format Version 10.00
# Visual Studio 2008
Project("{FAE04EC0-301F-11D3-BF4B-00C04F79EFBC}") = "HandBrakeInterop", "HandBrakeInterop.csproj", "{F0A61F62-2C3B-4A87-AFF4-0C4256253DA1}"
EndProject
Global
	GlobalSection(SolutionConfigurationPlatforms) = preSolution
		Debug|Any CPU = Debug|Any CPU
		Release|Any CPU = Release|Any CPU
	EndGlobalSection
	GlobalSection(ProjectConfigurationPlatforms) = postSolution
		{F0A61F62-2C3B-4A87-AFF4-0C4256253DA1}.Debug|Any CPU.ActiveCfg = Debug|Any CPU
		{F0A61F62-2C3B-4A87-AFF4-0C4256253DA1}.Debug|Any CPU.Build.0 = Debug|Any CPU
		{F0A61F62-2C3B-4A87-AFF4-0C4256253DA1}.Release|Any CPU.ActiveCfg = Release|Any CPU
		{F0A61F62-2C3B-4A87-AFF4-0C4256253DA1}.Release|Any CPU.Build.0 = Release|Any CPU
	EndGlobalSection
	GlobalSection(SolutionProperties) = preSolution
		HideSolutionNode = FALSE
	EndGlobalSection
EndGlobal
